// !$*UTF8*$!
{
	archiveVersion = 1;
	classes = {
	};
	objectVersion = 46;
	objects = {

/* Begin PBXBuildFile section */
		B8717EF26F962C72A6034CE9 /* Pods.framework in Frameworks */ = {isa = PBXBuildFile; fileRef = 12068C6D6B3CD72448DC90C7 /* Pods.framework */; settings = {ATTRIBUTES = (Weak, ); }; };
		E70C48B51BA122DC00F805C3 /* UploadFileServiceExtension.swift in Sources */ = {isa = PBXBuildFile; fileRef = E70C48B41BA122DC00F805C3 /* UploadFileServiceExtension.swift */; settings = {ASSET_TAGS = (); }; };
		E70C48B71BA122F000F805C3 /* FetchFileServiceExtension.swift in Sources */ = {isa = PBXBuildFile; fileRef = E70C48B61BA122F000F805C3 /* FetchFileServiceExtension.swift */; settings = {ASSET_TAGS = (); }; };
		E70C48B91BA12D5000F805C3 /* UtilFileServiceExtension.swift in Sources */ = {isa = PBXBuildFile; fileRef = E70C48B81BA12D5000F805C3 /* UtilFileServiceExtension.swift */; settings = {ASSET_TAGS = (); }; };
		E70C48BB1BA1331F00F805C3 /* AssetsConstants.swift in Sources */ = {isa = PBXBuildFile; fileRef = E70C48BA1BA1331F00F805C3 /* AssetsConstants.swift */; settings = {ASSET_TAGS = (); }; };
		E70E5B391B66906F00CEF3BA /* AVFoundation.framework in Frameworks */ = {isa = PBXBuildFile; fileRef = E70E5B381B66906F00CEF3BA /* AVFoundation.framework */; };
		E70E5B3B1B66907900CEF3BA /* AVKit.framework in Frameworks */ = {isa = PBXBuildFile; fileRef = E70E5B3A1B66907900CEF3BA /* AVKit.framework */; };
		E7108BE61B7D9D7A009B933C /* RegexUtil.swift in Sources */ = {isa = PBXBuildFile; fileRef = E7108BE51B7D9D7A009B933C /* RegexUtil.swift */; };
		E717CC391B725D5200B19D9D /* Model.xcdatamodeld in Sources */ = {isa = PBXBuildFile; fileRef = E717CC371B725D5200B19D9D /* Model.xcdatamodeld */; };
		E728163B1B7EF2EB00A1927E /* UIFileCollectionController.swift in Sources */ = {isa = PBXBuildFile; fileRef = E728163A1B7EF2EB00A1927E /* UIFileCollectionController.swift */; };
		E728163D1B7F1A0000A1927E /* UserProfileViewController.swift in Sources */ = {isa = PBXBuildFile; fileRef = E728163C1B7F1A0000A1927E /* UserProfileViewController.swift */; };
		E72B26C71B71EC0B008E81D6 /* StartSegue.swift in Sources */ = {isa = PBXBuildFile; fileRef = E72B26C61B71EC0B008E81D6 /* StartSegue.swift */; };
		E72F00771B6C94F8007E9E29 /* FileService.swift in Sources */ = {isa = PBXBuildFile; fileRef = E72F00761B6C94F8007E9E29 /* FileService.swift */; };
		E72F47221B7602C6002674AB /* DateHelper.swift in Sources */ = {isa = PBXBuildFile; fileRef = E72F47211B7602C6002674AB /* DateHelper.swift */; };
		E72F47261B7637AE002674AB /* LinkedUserListController.swift in Sources */ = {isa = PBXBuildFile; fileRef = E72F47251B7637AE002674AB /* LinkedUserListController.swift */; };
		E73681501B96A816004E8B56 /* UserTagService.swift in Sources */ = {isa = PBXBuildFile; fileRef = E736814F1B96A816004E8B56 /* UserTagService.swift */; settings = {ASSET_TAGS = (); }; };
		E73AD0091B82D3C400EE9EA0 /* HSL.swift in Sources */ = {isa = PBXBuildFile; fileRef = E73AD0071B82D3C400EE9EA0 /* HSL.swift */; };
		E73AD00A1B82D3C400EE9EA0 /* UIColor.swift in Sources */ = {isa = PBXBuildFile; fileRef = E73AD0081B82D3C400EE9EA0 /* UIColor.swift */; };
		E73AD00C1B83160900EE9EA0 /* MainViewTabBarController.swift in Sources */ = {isa = PBXBuildFile; fileRef = E73AD00B1B83160900EE9EA0 /* MainViewTabBarController.swift */; };
		E73AD00E1B83166B00EE9EA0 /* UIUserNavigationController.swift in Sources */ = {isa = PBXBuildFile; fileRef = E73AD00D1B83166B00EE9EA0 /* UIUserNavigationController.swift */; };
		E73AD0101B8378A600EE9EA0 /* UIUserListCell.swift in Sources */ = {isa = PBXBuildFile; fileRef = E73AD00F1B8378A600EE9EA0 /* UIUserListCell.swift */; };
		E73E44B01B80787600E0B6EB /* Component.storyboard in Resources */ = {isa = PBXBuildFile; fileRef = E73E44AF1B80787600E0B6EB /* Component.storyboard */; };
		E73E44B41B81725000E0B6EB /* UIUserTag.swift in Sources */ = {isa = PBXBuildFile; fileRef = E73E44B31B81725000E0B6EB /* UIUserTag.swift */; };
		E73E44B61B8174F200E0B6EB /* UserTag.swift in Sources */ = {isa = PBXBuildFile; fileRef = E73E44B51B8174F200E0B6EB /* UserTag.swift */; };
		E73E44B81B81CC9D00E0B6EB /* UIResourceExplorerController.swift in Sources */ = {isa = PBXBuildFile; fileRef = E73E44B71B81CC9D00E0B6EB /* UIResourceExplorerController.swift */; };
		E73E44BA1B82058300E0B6EB /* UIUserTagCollectionController.swift in Sources */ = {isa = PBXBuildFile; fileRef = E73E44B91B82058300E0B6EB /* UIUserTagCollectionController.swift */; };
		E73E44BC1B823E9600E0B6EB /* UIUserTagEditController.swift in Sources */ = {isa = PBXBuildFile; fileRef = E73E44BB1B823E9600E0B6EB /* UIUserTagEditController.swift */; };
		E754AE2A1B7C749B0077EECC /* UICameraViewController.swift in Sources */ = {isa = PBXBuildFile; fileRef = E754AE291B7C749B0077EECC /* UICameraViewController.swift */; };
		E7555E1A1BA2AE20004C2129 /* UIVideoExplorerController.swift in Sources */ = {isa = PBXBuildFile; fileRef = E7555E191BA2AE20004C2129 /* UIVideoExplorerController.swift */; settings = {ASSET_TAGS = (); }; };
		E75EE44E1B9A05B800783308 /* UserAccount.storyboard in Resources */ = {isa = PBXBuildFile; fileRef = E75EE44D1B9A05B800783308 /* UserAccount.storyboard */; settings = {ASSET_TAGS = (); }; };
		E75EE4511B9A0DAF00783308 /* InstanceFromStoryBoard.swift in Sources */ = {isa = PBXBuildFile; fileRef = E75EE4501B9A0DAF00783308 /* InstanceFromStoryBoard.swift */; settings = {ASSET_TAGS = (); }; };
		E7657C411B6918DE00FF97FD /* MainNavigationController.swift in Sources */ = {isa = PBXBuildFile; fileRef = E7657C401B6918DE00FF97FD /* MainNavigationController.swift */; };
		E76A45AB1B9E8B090059AA3D /* FileFetcher.swift in Sources */ = {isa = PBXBuildFile; fileRef = E76A45AA1B9E8B090059AA3D /* FileFetcher.swift */; settings = {ASSET_TAGS = (); }; };
		E78608501BA1DF3D00E2BECA /* MyQRViewController.swift in Sources */ = {isa = PBXBuildFile; fileRef = E786084F1BA1DF3D00E2BECA /* MyQRViewController.swift */; settings = {ASSET_TAGS = (); }; };
		E78608521BA1DF5800E2BECA /* ScanQRViewController.swift in Sources */ = {isa = PBXBuildFile; fileRef = E78608511BA1DF5800E2BECA /* ScanQRViewController.swift */; settings = {ASSET_TAGS = (); }; };
		E78608541BA1DF8000E2BECA /* LinkConfirmViewController.swift in Sources */ = {isa = PBXBuildFile; fileRef = E78608531BA1DF8000E2BECA /* LinkConfirmViewController.swift */; settings = {ASSET_TAGS = (); }; };
		E78608561BA1E28A00E2BECA /* QRCode.swift in Sources */ = {isa = PBXBuildFile; fileRef = E78608551BA1E28A00E2BECA /* QRCode.swift */; settings = {ASSET_TAGS = (); }; };
		E78D131E1B71123C00252E50 /* Account.swift in Sources */ = {isa = PBXBuildFile; fileRef = E78D130D1B71123C00252E50 /* Account.swift */; };
		E78D131F1B71123C00252E50 /* ShareLinkObject.swift in Sources */ = {isa = PBXBuildFile; fileRef = E78D130F1B71123C00252E50 /* ShareLinkObject.swift */; };
		E78D13201B71123C00252E50 /* ShareLinkSDKClient.swift in Sources */ = {isa = PBXBuildFile; fileRef = E78D13101B71123C00252E50 /* ShareLinkSDKClient.swift */; };
		E78D13211B71123C00252E50 /* ShareLinkSDKRequestBase.swift in Sources */ = {isa = PBXBuildFile; fileRef = E78D13111B71123C00252E50 /* ShareLinkSDKRequestBase.swift */; };
		E78D13221B71123C00252E50 /* File.swift in Sources */ = {isa = PBXBuildFile; fileRef = E78D13131B71123C00252E50 /* File.swift */; };
		E78D13231B71123C00252E50 /* ShareLinkSDK.swift in Sources */ = {isa = PBXBuildFile; fileRef = E78D13141B71123C00252E50 /* ShareLinkSDK.swift */; };
		E78D13241B71123C00252E50 /* ShareThing.swift in Sources */ = {isa = PBXBuildFile; fileRef = E78D13161B71123C00252E50 /* ShareThing.swift */; };
		E78D13251B71123C00252E50 /* ShareLinkUser.swift in Sources */ = {isa = PBXBuildFile; fileRef = E78D13181B71123C00252E50 /* ShareLinkUser.swift */; };
		E78D13261B71123C00252E50 /* UserLink.swift in Sources */ = {isa = PBXBuildFile; fileRef = E78D13191B71123C00252E50 /* UserLink.swift */; };
		E78D13271B71123C00252E50 /* Vote.swift in Sources */ = {isa = PBXBuildFile; fileRef = E78D131C1B71123C00252E50 /* Vote.swift */; };
		E790BCE91B6740C100D5426B /* ShareThingsListController.swift in Sources */ = {isa = PBXBuildFile; fileRef = E790BCE81B6740C100D5426B /* ShareThingsListController.swift */; };
		E790BCEB1B67414300D5426B /* UIShareThing.swift in Sources */ = {isa = PBXBuildFile; fileRef = E790BCEA1B67414300D5426B /* UIShareThing.swift */; };
		E790BCED1B6741B800D5426B /* UIReplyMessage.swift in Sources */ = {isa = PBXBuildFile; fileRef = E790BCEC1B6741B800D5426B /* UIReplyMessage.swift */; };
		E790BCF61B676EAB00D5426B /* UIShareContent.swift in Sources */ = {isa = PBXBuildFile; fileRef = E790BCF51B676EAB00D5426B /* UIShareContent.swift */; };
		E790BD001B6780C900D5426B /* RegisterViewController.swift in Sources */ = {isa = PBXBuildFile; fileRef = E790BCFF1B6780C900D5426B /* RegisterViewController.swift */; };
		E790BD031B67810200D5426B /* EditProfileViewController.swift in Sources */ = {isa = PBXBuildFile; fileRef = E790BD021B67810200D5426B /* EditProfileViewController.swift */; };
		E790BD051B67812E00D5426B /* AccountViewController.swift in Sources */ = {isa = PBXBuildFile; fileRef = E790BD041B67812E00D5426B /* AccountViewController.swift */; };
		E790BD071B67EA1B00D5426B /* SignInViewController.swift in Sources */ = {isa = PBXBuildFile; fileRef = E790BD061B67EA1B00D5426B /* SignInViewController.swift */; };
		E790BD0A1B67EFE600D5426B /* ServiceProtocol.swift in Sources */ = {isa = PBXBuildFile; fileRef = E790BD091B67EFE600D5426B /* ServiceProtocol.swift */; };
		E790BD0C1B67F12000D5426B /* ServiceContainer.swift in Sources */ = {isa = PBXBuildFile; fileRef = E790BD0B1B67F12000D5426B /* ServiceContainer.swift */; };
		E790BD0E1B67F44E00D5426B /* AccountService.swift in Sources */ = {isa = PBXBuildFile; fileRef = E790BD0D1B67F44E00D5426B /* AccountService.swift */; };
		E790BD101B67FB4600D5426B /* ServiceConfig.swift in Sources */ = {isa = PBXBuildFile; fileRef = E790BD0F1B67FB4600D5426B /* ServiceConfig.swift */; };
		E790BD121B67FDEF00D5426B /* ReplyService.swift in Sources */ = {isa = PBXBuildFile; fileRef = E790BD111B67FDEF00D5426B /* ReplyService.swift */; };
		E790BD141B68069A00D5426B /* ShareService.swift in Sources */ = {isa = PBXBuildFile; fileRef = E790BD131B68069A00D5426B /* ShareService.swift */; };
		E79E3E381B6B56A900B27085 /* UserService.swift in Sources */ = {isa = PBXBuildFile; fileRef = E79E3E371B6B56A900B27085 /* UserService.swift */; };
		E7A3AA981B9C0A650094B0D0 /* UIEditTextPropertyViewController.swift in Sources */ = {isa = PBXBuildFile; fileRef = E7A3AA971B9C0A650094B0D0 /* UIEditTextPropertyViewController.swift */; settings = {ASSET_TAGS = (); }; };
		E7A3AA9A1B9C2B050094B0D0 /* ControllerExtension.swift in Sources */ = {isa = PBXBuildFile; fileRef = E7A3AA991B9C2B050094B0D0 /* ControllerExtension.swift */; settings = {ASSET_TAGS = (); }; };
		E7A3AA9C1B9C332F0094B0D0 /* UIImagePlayerController.swift in Sources */ = {isa = PBXBuildFile; fileRef = E7A3AA9B1B9C332F0094B0D0 /* UIImagePlayerController.swift */; settings = {ASSET_TAGS = (); }; };
		E7A62FE61B6609A500F28D73 /* AppDelegate.swift in Sources */ = {isa = PBXBuildFile; fileRef = E7A62FE51B6609A500F28D73 /* AppDelegate.swift */; };
		E7A62FEE1B6609A500F28D73 /* Main.storyboard in Resources */ = {isa = PBXBuildFile; fileRef = E7A62FEC1B6609A500F28D73 /* Main.storyboard */; };
		E7A62FF01B6609A500F28D73 /* Images.xcassets in Resources */ = {isa = PBXBuildFile; fileRef = E7A62FEF1B6609A500F28D73 /* Images.xcassets */; };
		E7A62FF31B6609A500F28D73 /* LaunchScreen.xib in Resources */ = {isa = PBXBuildFile; fileRef = E7A62FF11B6609A500F28D73 /* LaunchScreen.xib */; };
		E7A62FFF1B6609A500F28D73 /* BahamutTests.swift in Sources */ = {isa = PBXBuildFile; fileRef = E7A62FFE1B6609A500F28D73 /* BahamutTests.swift */; };
		E7AF239B1B7B651700076202 /* NewShareViewController.swift in Sources */ = {isa = PBXBuildFile; fileRef = E7AF239A1B7B651700076202 /* NewShareViewController.swift */; };
		E7B5219C1B79AD08001C2AE4 /* ShareLinkFilmView.swift in Sources */ = {isa = PBXBuildFile; fileRef = E7B5219B1B79AD08001C2AE4 /* ShareLinkFilmView.swift */; };
		E7B665031B6B8EF600032495 /* defaultPersonalFilm.mp4 in Resources */ = {isa = PBXBuildFile; fileRef = E7B665021B6B8EF600032495 /* defaultPersonalFilm.mp4 */; };
		E7B714261B7F36880085E3B6 /* ImageUtil.swift in Sources */ = {isa = PBXBuildFile; fileRef = E7B714251B7F36880085E3B6 /* ImageUtil.swift */; };
		E7CC15161B6E0FBA001FDB0E /* StringHelper.swift in Sources */ = {isa = PBXBuildFile; fileRef = E7CC15151B6E0FBA001FDB0E /* StringHelper.swift */; };
		E7D5A2331B7CBE6E00F34CE0 /* HRToast+UIView.swift in Sources */ = {isa = PBXBuildFile; fileRef = E7D5A2321B7CBE6E00F34CE0 /* HRToast+UIView.swift */; };
		E7D5A2351B7CC0D800F34CE0 /* Player.swift in Sources */ = {isa = PBXBuildFile; fileRef = E7D5A2341B7CC0D800F34CE0 /* Player.swift */; };
		E7D5A2371B7CC1A400F34CE0 /* KDCircularProgress.swift in Sources */ = {isa = PBXBuildFile; fileRef = E7D5A2361B7CC1A400F34CE0 /* KDCircularProgress.swift */; };
		E7DD18711B765CE700552C0E /* EVReflection.framework in Frameworks */ = {isa = PBXBuildFile; fileRef = E7DD186F1B765CE700552C0E /* EVReflection.framework */; };
		E7EBE8671B732FEB00C02F1F /* PersistentManager.swift in Sources */ = {isa = PBXBuildFile; fileRef = E7EBE8661B732FEB00C02F1F /* PersistentManager.swift */; };
		E7EF7D151B7887B30033C2A8 /* AlamofireJsonToObjects.swift in Sources */ = {isa = PBXBuildFile; fileRef = E7EF7D141B7887B30033C2A8 /* AlamofireJsonToObjects.swift */; };
		E7F08F941B75F18B00B75C25 /* ModelEntity.swift in Sources */ = {isa = PBXBuildFile; fileRef = E7F08F931B75F18B00B75C25 /* ModelEntity.swift */; };
		E7F08F961B75F18C00B75C25 /* FileMgrEntities.swift in Sources */ = {isa = PBXBuildFile; fileRef = E7F08F951B75F18C00B75C25 /* FileMgrEntities.swift */; };
		E7F14E131B6CE9F400706907 /* CoreDataHelper.swift in Sources */ = {isa = PBXBuildFile; fileRef = E7F14E121B6CE9F400706907 /* CoreDataHelper.swift */; };
/* End PBXBuildFile section */

/* Begin PBXContainerItemProxy section */
		E7A62FF91B6609A500F28D73 /* PBXContainerItemProxy */ = {
			isa = PBXContainerItemProxy;
			containerPortal = E7A62FD81B6609A500F28D73 /* Project object */;
			proxyType = 1;
			remoteGlobalIDString = E7A62FDF1B6609A500F28D73;
			remoteInfo = Bahamut;
		};
/* End PBXContainerItemProxy section */

/* Begin PBXFileReference section */
		12068C6D6B3CD72448DC90C7 /* Pods.framework */ = {isa = PBXFileReference; explicitFileType = wrapper.framework; includeInIndex = 0; path = Pods.framework; sourceTree = BUILT_PRODUCTS_DIR; };
		56B0F0D44FA2545D49ED69C4 /* Pods.release.xcconfig */ = {isa = PBXFileReference; includeInIndex = 1; lastKnownFileType = text.xcconfig; name = Pods.release.xcconfig; path = "Pods/Target Support Files/Pods/Pods.release.xcconfig"; sourceTree = "<group>"; };
		E70C48B41BA122DC00F805C3 /* UploadFileServiceExtension.swift */ = {isa = PBXFileReference; fileEncoding = 4; lastKnownFileType = sourcecode.swift; path = UploadFileServiceExtension.swift; sourceTree = "<group>"; };
		E70C48B61BA122F000F805C3 /* FetchFileServiceExtension.swift */ = {isa = PBXFileReference; fileEncoding = 4; lastKnownFileType = sourcecode.swift; path = FetchFileServiceExtension.swift; sourceTree = "<group>"; };
		E70C48B81BA12D5000F805C3 /* UtilFileServiceExtension.swift */ = {isa = PBXFileReference; fileEncoding = 4; lastKnownFileType = sourcecode.swift; path = UtilFileServiceExtension.swift; sourceTree = "<group>"; };
		E70C48BA1BA1331F00F805C3 /* AssetsConstants.swift */ = {isa = PBXFileReference; fileEncoding = 4; lastKnownFileType = sourcecode.swift; path = AssetsConstants.swift; sourceTree = "<group>"; };
		E70E5B381B66906F00CEF3BA /* AVFoundation.framework */ = {isa = PBXFileReference; lastKnownFileType = wrapper.framework; name = AVFoundation.framework; path = System/Library/Frameworks/AVFoundation.framework; sourceTree = SDKROOT; };
		E70E5B3A1B66907900CEF3BA /* AVKit.framework */ = {isa = PBXFileReference; lastKnownFileType = wrapper.framework; name = AVKit.framework; path = System/Library/Frameworks/AVKit.framework; sourceTree = SDKROOT; };
		E7108BE51B7D9D7A009B933C /* RegexUtil.swift */ = {isa = PBXFileReference; fileEncoding = 4; lastKnownFileType = sourcecode.swift; path = RegexUtil.swift; sourceTree = "<group>"; };
		E717CC381B725D5200B19D9D /* Model.xcdatamodel */ = {isa = PBXFileReference; lastKnownFileType = wrapper.xcdatamodel; path = Model.xcdatamodel; sourceTree = "<group>"; };
		E728163A1B7EF2EB00A1927E /* UIFileCollectionController.swift */ = {isa = PBXFileReference; fileEncoding = 4; lastKnownFileType = sourcecode.swift; path = UIFileCollectionController.swift; sourceTree = "<group>"; };
		E728163C1B7F1A0000A1927E /* UserProfileViewController.swift */ = {isa = PBXFileReference; fileEncoding = 4; lastKnownFileType = sourcecode.swift; path = UserProfileViewController.swift; sourceTree = "<group>"; };
		E72B26C61B71EC0B008E81D6 /* StartSegue.swift */ = {isa = PBXFileReference; fileEncoding = 4; lastKnownFileType = sourcecode.swift; path = StartSegue.swift; sourceTree = "<group>"; };
		E72F00761B6C94F8007E9E29 /* FileService.swift */ = {isa = PBXFileReference; fileEncoding = 4; lastKnownFileType = sourcecode.swift; path = FileService.swift; sourceTree = "<group>"; };
		E72F47211B7602C6002674AB /* DateHelper.swift */ = {isa = PBXFileReference; fileEncoding = 4; lastKnownFileType = sourcecode.swift; path = DateHelper.swift; sourceTree = "<group>"; };
		E72F47251B7637AE002674AB /* LinkedUserListController.swift */ = {isa = PBXFileReference; fileEncoding = 4; lastKnownFileType = sourcecode.swift; path = LinkedUserListController.swift; sourceTree = "<group>"; };
		E736814F1B96A816004E8B56 /* UserTagService.swift */ = {isa = PBXFileReference; fileEncoding = 4; lastKnownFileType = sourcecode.swift; path = UserTagService.swift; sourceTree = "<group>"; };
		E73AD0071B82D3C400EE9EA0 /* HSL.swift */ = {isa = PBXFileReference; fileEncoding = 4; lastKnownFileType = sourcecode.swift; path = HSL.swift; sourceTree = "<group>"; };
		E73AD0081B82D3C400EE9EA0 /* UIColor.swift */ = {isa = PBXFileReference; fileEncoding = 4; lastKnownFileType = sourcecode.swift; path = UIColor.swift; sourceTree = "<group>"; };
		E73AD00B1B83160900EE9EA0 /* MainViewTabBarController.swift */ = {isa = PBXFileReference; fileEncoding = 4; lastKnownFileType = sourcecode.swift; path = MainViewTabBarController.swift; sourceTree = "<group>"; };
		E73AD00D1B83166B00EE9EA0 /* UIUserNavigationController.swift */ = {isa = PBXFileReference; fileEncoding = 4; lastKnownFileType = sourcecode.swift; path = UIUserNavigationController.swift; sourceTree = "<group>"; };
		E73AD00F1B8378A600EE9EA0 /* UIUserListCell.swift */ = {isa = PBXFileReference; fileEncoding = 4; lastKnownFileType = sourcecode.swift; path = UIUserListCell.swift; sourceTree = "<group>"; };
		E73E44AF1B80787600E0B6EB /* Component.storyboard */ = {isa = PBXFileReference; fileEncoding = 4; lastKnownFileType = file.storyboard; path = Component.storyboard; sourceTree = "<group>"; };
		E73E44B31B81725000E0B6EB /* UIUserTag.swift */ = {isa = PBXFileReference; fileEncoding = 4; lastKnownFileType = sourcecode.swift; path = UIUserTag.swift; sourceTree = "<group>"; };
		E73E44B51B8174F200E0B6EB /* UserTag.swift */ = {isa = PBXFileReference; fileEncoding = 4; lastKnownFileType = sourcecode.swift; path = UserTag.swift; sourceTree = "<group>"; };
		E73E44B71B81CC9D00E0B6EB /* UIResourceExplorerController.swift */ = {isa = PBXFileReference; fileEncoding = 4; lastKnownFileType = sourcecode.swift; path = UIResourceExplorerController.swift; sourceTree = "<group>"; };
		E73E44B91B82058300E0B6EB /* UIUserTagCollectionController.swift */ = {isa = PBXFileReference; fileEncoding = 4; lastKnownFileType = sourcecode.swift; path = UIUserTagCollectionController.swift; sourceTree = "<group>"; };
		E73E44BB1B823E9600E0B6EB /* UIUserTagEditController.swift */ = {isa = PBXFileReference; fileEncoding = 4; lastKnownFileType = sourcecode.swift; path = UIUserTagEditController.swift; sourceTree = "<group>"; };
		E754AE291B7C749B0077EECC /* UICameraViewController.swift */ = {isa = PBXFileReference; fileEncoding = 4; lastKnownFileType = sourcecode.swift; path = UICameraViewController.swift; sourceTree = "<group>"; };
		E7555E191BA2AE20004C2129 /* UIVideoExplorerController.swift */ = {isa = PBXFileReference; fileEncoding = 4; lastKnownFileType = sourcecode.swift; path = UIVideoExplorerController.swift; sourceTree = "<group>"; };
		E75EE44D1B9A05B800783308 /* UserAccount.storyboard */ = {isa = PBXFileReference; fileEncoding = 4; lastKnownFileType = file.storyboard; path = UserAccount.storyboard; sourceTree = "<group>"; };
		E75EE4501B9A0DAF00783308 /* InstanceFromStoryBoard.swift */ = {isa = PBXFileReference; fileEncoding = 4; lastKnownFileType = sourcecode.swift; path = InstanceFromStoryBoard.swift; sourceTree = "<group>"; };
		E7657C401B6918DE00FF97FD /* MainNavigationController.swift */ = {isa = PBXFileReference; fileEncoding = 4; lastKnownFileType = sourcecode.swift; path = MainNavigationController.swift; sourceTree = "<group>"; };
		E76A45AA1B9E8B090059AA3D /* FileFetcher.swift */ = {isa = PBXFileReference; fileEncoding = 4; lastKnownFileType = sourcecode.swift; path = FileFetcher.swift; sourceTree = "<group>"; };
		E786084F1BA1DF3D00E2BECA /* MyQRViewController.swift */ = {isa = PBXFileReference; fileEncoding = 4; lastKnownFileType = sourcecode.swift; path = MyQRViewController.swift; sourceTree = "<group>"; };
		E78608511BA1DF5800E2BECA /* ScanQRViewController.swift */ = {isa = PBXFileReference; fileEncoding = 4; lastKnownFileType = sourcecode.swift; path = ScanQRViewController.swift; sourceTree = "<group>"; };
		E78608531BA1DF8000E2BECA /* LinkConfirmViewController.swift */ = {isa = PBXFileReference; fileEncoding = 4; lastKnownFileType = sourcecode.swift; path = LinkConfirmViewController.swift; sourceTree = "<group>"; };
		E78608551BA1E28A00E2BECA /* QRCode.swift */ = {isa = PBXFileReference; fileEncoding = 4; lastKnownFileType = sourcecode.swift; path = QRCode.swift; sourceTree = "<group>"; };
		E78D130D1B71123C00252E50 /* Account.swift */ = {isa = PBXFileReference; fileEncoding = 4; lastKnownFileType = sourcecode.swift; path = Account.swift; sourceTree = "<group>"; };
		E78D130F1B71123C00252E50 /* ShareLinkObject.swift */ = {isa = PBXFileReference; fileEncoding = 4; lastKnownFileType = sourcecode.swift; path = ShareLinkObject.swift; sourceTree = "<group>"; };
		E78D13101B71123C00252E50 /* ShareLinkSDKClient.swift */ = {isa = PBXFileReference; fileEncoding = 4; lastKnownFileType = sourcecode.swift; path = ShareLinkSDKClient.swift; sourceTree = "<group>"; };
		E78D13111B71123C00252E50 /* ShareLinkSDKRequestBase.swift */ = {isa = PBXFileReference; fileEncoding = 4; lastKnownFileType = sourcecode.swift; path = ShareLinkSDKRequestBase.swift; sourceTree = "<group>"; };
		E78D13131B71123C00252E50 /* File.swift */ = {isa = PBXFileReference; fileEncoding = 4; lastKnownFileType = sourcecode.swift; path = File.swift; sourceTree = "<group>"; };
		E78D13141B71123C00252E50 /* ShareLinkSDK.swift */ = {isa = PBXFileReference; fileEncoding = 4; lastKnownFileType = sourcecode.swift; path = ShareLinkSDK.swift; sourceTree = "<group>"; };
		E78D13161B71123C00252E50 /* ShareThing.swift */ = {isa = PBXFileReference; fileEncoding = 4; lastKnownFileType = sourcecode.swift; path = ShareThing.swift; sourceTree = "<group>"; };
		E78D13181B71123C00252E50 /* ShareLinkUser.swift */ = {isa = PBXFileReference; fileEncoding = 4; lastKnownFileType = sourcecode.swift; path = ShareLinkUser.swift; sourceTree = "<group>"; };
		E78D13191B71123C00252E50 /* UserLink.swift */ = {isa = PBXFileReference; fileEncoding = 4; lastKnownFileType = sourcecode.swift; path = UserLink.swift; sourceTree = "<group>"; };
		E78D131C1B71123C00252E50 /* Vote.swift */ = {isa = PBXFileReference; fileEncoding = 4; lastKnownFileType = sourcecode.swift; path = Vote.swift; sourceTree = "<group>"; };
		E790BCE81B6740C100D5426B /* ShareThingsListController.swift */ = {isa = PBXFileReference; fileEncoding = 4; lastKnownFileType = sourcecode.swift; path = ShareThingsListController.swift; sourceTree = "<group>"; };
		E790BCEA1B67414300D5426B /* UIShareThing.swift */ = {isa = PBXFileReference; fileEncoding = 4; lastKnownFileType = sourcecode.swift; path = UIShareThing.swift; sourceTree = "<group>"; };
		E790BCEC1B6741B800D5426B /* UIReplyMessage.swift */ = {isa = PBXFileReference; fileEncoding = 4; lastKnownFileType = sourcecode.swift; path = UIReplyMessage.swift; sourceTree = "<group>"; };
		E790BCF51B676EAB00D5426B /* UIShareContent.swift */ = {isa = PBXFileReference; fileEncoding = 4; lastKnownFileType = sourcecode.swift; path = UIShareContent.swift; sourceTree = "<group>"; };
		E790BCFF1B6780C900D5426B /* RegisterViewController.swift */ = {isa = PBXFileReference; fileEncoding = 4; lastKnownFileType = sourcecode.swift; path = RegisterViewController.swift; sourceTree = "<group>"; };
		E790BD021B67810200D5426B /* EditProfileViewController.swift */ = {isa = PBXFileReference; fileEncoding = 4; lastKnownFileType = sourcecode.swift; path = EditProfileViewController.swift; sourceTree = "<group>"; };
		E790BD041B67812E00D5426B /* AccountViewController.swift */ = {isa = PBXFileReference; fileEncoding = 4; lastKnownFileType = sourcecode.swift; path = AccountViewController.swift; sourceTree = "<group>"; };
		E790BD061B67EA1B00D5426B /* SignInViewController.swift */ = {isa = PBXFileReference; fileEncoding = 4; lastKnownFileType = sourcecode.swift; path = SignInViewController.swift; sourceTree = "<group>"; };
		E790BD091B67EFE600D5426B /* ServiceProtocol.swift */ = {isa = PBXFileReference; fileEncoding = 4; lastKnownFileType = sourcecode.swift; path = ServiceProtocol.swift; sourceTree = "<group>"; };
		E790BD0B1B67F12000D5426B /* ServiceContainer.swift */ = {isa = PBXFileReference; fileEncoding = 4; lastKnownFileType = sourcecode.swift; path = ServiceContainer.swift; sourceTree = "<group>"; };
		E790BD0D1B67F44E00D5426B /* AccountService.swift */ = {isa = PBXFileReference; fileEncoding = 4; lastKnownFileType = sourcecode.swift; path = AccountService.swift; sourceTree = "<group>"; };
		E790BD0F1B67FB4600D5426B /* ServiceConfig.swift */ = {isa = PBXFileReference; fileEncoding = 4; lastKnownFileType = sourcecode.swift; path = ServiceConfig.swift; sourceTree = "<group>"; };
		E790BD111B67FDEF00D5426B /* ReplyService.swift */ = {isa = PBXFileReference; fileEncoding = 4; lastKnownFileType = sourcecode.swift; path = ReplyService.swift; sourceTree = "<group>"; };
		E790BD131B68069A00D5426B /* ShareService.swift */ = {isa = PBXFileReference; fileEncoding = 4; lastKnownFileType = sourcecode.swift; path = ShareService.swift; sourceTree = "<group>"; };
		E79E3E371B6B56A900B27085 /* UserService.swift */ = {isa = PBXFileReference; fileEncoding = 4; lastKnownFileType = sourcecode.swift; path = UserService.swift; sourceTree = "<group>"; };
		E7A3AA971B9C0A650094B0D0 /* UIEditTextPropertyViewController.swift */ = {isa = PBXFileReference; fileEncoding = 4; lastKnownFileType = sourcecode.swift; path = UIEditTextPropertyViewController.swift; sourceTree = "<group>"; };
		E7A3AA991B9C2B050094B0D0 /* ControllerExtension.swift */ = {isa = PBXFileReference; fileEncoding = 4; lastKnownFileType = sourcecode.swift; path = ControllerExtension.swift; sourceTree = "<group>"; };
		E7A3AA9B1B9C332F0094B0D0 /* UIImagePlayerController.swift */ = {isa = PBXFileReference; fileEncoding = 4; lastKnownFileType = sourcecode.swift; path = UIImagePlayerController.swift; sourceTree = "<group>"; };
		E7A62FE01B6609A500F28D73 /* Bahamut.app */ = {isa = PBXFileReference; explicitFileType = wrapper.application; includeInIndex = 0; path = Bahamut.app; sourceTree = BUILT_PRODUCTS_DIR; };
		E7A62FE41B6609A500F28D73 /* Info.plist */ = {isa = PBXFileReference; lastKnownFileType = text.plist.xml; path = Info.plist; sourceTree = "<group>"; };
		E7A62FE51B6609A500F28D73 /* AppDelegate.swift */ = {isa = PBXFileReference; lastKnownFileType = sourcecode.swift; path = AppDelegate.swift; sourceTree = "<group>"; };
		E7A62FED1B6609A500F28D73 /* Base */ = {isa = PBXFileReference; lastKnownFileType = file.storyboard; name = Base; path = Base.lproj/Main.storyboard; sourceTree = "<group>"; };
		E7A62FEF1B6609A500F28D73 /* Images.xcassets */ = {isa = PBXFileReference; lastKnownFileType = folder.assetcatalog; path = Images.xcassets; sourceTree = "<group>"; };
		E7A62FF21B6609A500F28D73 /* Base */ = {isa = PBXFileReference; lastKnownFileType = file.xib; name = Base; path = Base.lproj/LaunchScreen.xib; sourceTree = "<group>"; };
		E7A62FF81B6609A500F28D73 /* BahamutTests.xctest */ = {isa = PBXFileReference; explicitFileType = wrapper.cfbundle; includeInIndex = 0; path = BahamutTests.xctest; sourceTree = BUILT_PRODUCTS_DIR; };
		E7A62FFD1B6609A500F28D73 /* Info.plist */ = {isa = PBXFileReference; lastKnownFileType = text.plist.xml; path = Info.plist; sourceTree = "<group>"; };
		E7A62FFE1B6609A500F28D73 /* BahamutTests.swift */ = {isa = PBXFileReference; lastKnownFileType = sourcecode.swift; path = BahamutTests.swift; sourceTree = "<group>"; };
		E7AF239A1B7B651700076202 /* NewShareViewController.swift */ = {isa = PBXFileReference; fileEncoding = 4; lastKnownFileType = sourcecode.swift; path = NewShareViewController.swift; sourceTree = "<group>"; };
		E7B5219B1B79AD08001C2AE4 /* ShareLinkFilmView.swift */ = {isa = PBXFileReference; fileEncoding = 4; lastKnownFileType = sourcecode.swift; path = ShareLinkFilmView.swift; sourceTree = "<group>"; };
		E7B665021B6B8EF600032495 /* defaultPersonalFilm.mp4 */ = {isa = PBXFileReference; lastKnownFileType = file; path = defaultPersonalFilm.mp4; sourceTree = "<group>"; };
		E7B714251B7F36880085E3B6 /* ImageUtil.swift */ = {isa = PBXFileReference; fileEncoding = 4; lastKnownFileType = sourcecode.swift; path = ImageUtil.swift; sourceTree = "<group>"; };
		E7CC15151B6E0FBA001FDB0E /* StringHelper.swift */ = {isa = PBXFileReference; fileEncoding = 4; lastKnownFileType = sourcecode.swift; path = StringHelper.swift; sourceTree = "<group>"; };
		E7D5A2321B7CBE6E00F34CE0 /* HRToast+UIView.swift */ = {isa = PBXFileReference; fileEncoding = 4; lastKnownFileType = sourcecode.swift; path = "HRToast+UIView.swift"; sourceTree = "<group>"; };
		E7D5A2341B7CC0D800F34CE0 /* Player.swift */ = {isa = PBXFileReference; fileEncoding = 4; lastKnownFileType = sourcecode.swift; path = Player.swift; sourceTree = "<group>"; };
		E7D5A2361B7CC1A400F34CE0 /* KDCircularProgress.swift */ = {isa = PBXFileReference; fileEncoding = 4; lastKnownFileType = sourcecode.swift; path = KDCircularProgress.swift; sourceTree = "<group>"; };
		E7DD186F1B765CE700552C0E /* EVReflection.framework */ = {isa = PBXFileReference; lastKnownFileType = wrapper.framework; name = EVReflection.framework; path = "Pods/../build/Debug-iphoneos/EVReflection.framework"; sourceTree = "<group>"; };
		E7EBE8661B732FEB00C02F1F /* PersistentManager.swift */ = {isa = PBXFileReference; fileEncoding = 4; lastKnownFileType = sourcecode.swift; path = PersistentManager.swift; sourceTree = "<group>"; };
		E7EF7D141B7887B30033C2A8 /* AlamofireJsonToObjects.swift */ = {isa = PBXFileReference; fileEncoding = 4; lastKnownFileType = sourcecode.swift; path = AlamofireJsonToObjects.swift; sourceTree = "<group>"; };
		E7F08F931B75F18B00B75C25 /* ModelEntity.swift */ = {isa = PBXFileReference; fileEncoding = 4; lastKnownFileType = sourcecode.swift; path = ModelEntity.swift; sourceTree = "<group>"; };
		E7F08F951B75F18C00B75C25 /* FileMgrEntities.swift */ = {isa = PBXFileReference; fileEncoding = 4; lastKnownFileType = sourcecode.swift; path = FileMgrEntities.swift; sourceTree = "<group>"; };
		E7F14E121B6CE9F400706907 /* CoreDataHelper.swift */ = {isa = PBXFileReference; fileEncoding = 4; lastKnownFileType = sourcecode.swift; path = CoreDataHelper.swift; sourceTree = "<group>"; };
		EAA9324D62B459B4C6CC6210 /* Pods.debug.xcconfig */ = {isa = PBXFileReference; includeInIndex = 1; lastKnownFileType = text.xcconfig; name = Pods.debug.xcconfig; path = "Pods/Target Support Files/Pods/Pods.debug.xcconfig"; sourceTree = "<group>"; };
/* End PBXFileReference section */

/* Begin PBXFrameworksBuildPhase section */
		E7A62FDD1B6609A500F28D73 /* Frameworks */ = {
			isa = PBXFrameworksBuildPhase;
			buildActionMask = 2147483647;
			files = (
				E7DD18711B765CE700552C0E /* EVReflection.framework in Frameworks */,
				E70E5B3B1B66907900CEF3BA /* AVKit.framework in Frameworks */,
				E70E5B391B66906F00CEF3BA /* AVFoundation.framework in Frameworks */,
				B8717EF26F962C72A6034CE9 /* Pods.framework in Frameworks */,
			);
			runOnlyForDeploymentPostprocessing = 0;
		};
		E7A62FF51B6609A500F28D73 /* Frameworks */ = {
			isa = PBXFrameworksBuildPhase;
			buildActionMask = 2147483647;
			files = (
			);
			runOnlyForDeploymentPostprocessing = 0;
		};
/* End PBXFrameworksBuildPhase section */

/* Begin PBXGroup section */
		7A86D96ED0EE82317F95B25D /* Pods */ = {
			isa = PBXGroup;
			children = (
				EAA9324D62B459B4C6CC6210 /* Pods.debug.xcconfig */,
				56B0F0D44FA2545D49ED69C4 /* Pods.release.xcconfig */,
			);
			name = Pods;
			sourceTree = "<group>";
		};
		D1311D6FD64F106598012550 /* Frameworks */ = {
			isa = PBXGroup;
			children = (
				E7DD186F1B765CE700552C0E /* EVReflection.framework */,
				12068C6D6B3CD72448DC90C7 /* Pods.framework */,
			);
			name = Frameworks;
			sourceTree = "<group>";
		};
		E70C48B31BA122B600F805C3 /* FileService */ = {
			isa = PBXGroup;
			children = (
				E72F00761B6C94F8007E9E29 /* FileService.swift */,
				E70C48B41BA122DC00F805C3 /* UploadFileServiceExtension.swift */,
				E70C48B61BA122F000F805C3 /* FetchFileServiceExtension.swift */,
				E70C48B81BA12D5000F805C3 /* UtilFileServiceExtension.swift */,
			);
			name = FileService;
			sourceTree = "<group>";
		};
		E72B26C41B71E159008E81D6 /* Models */ = {
			isa = PBXGroup;
			children = (
				E70C48B31BA122B600F805C3 /* FileService */,
				E79E3E371B6B56A900B27085 /* UserService.swift */,
				E790BD111B67FDEF00D5426B /* ReplyService.swift */,
				E790BD0D1B67F44E00D5426B /* AccountService.swift */,
				E790BD131B68069A00D5426B /* ShareService.swift */,
				E736814F1B96A816004E8B56 /* UserTagService.swift */,
			);
			name = Models;
			sourceTree = "<group>";
		};
		E72B26C51B71EB8B008E81D6 /* UICustomSegue */ = {
			isa = PBXGroup;
			children = (
				E72B26C61B71EC0B008E81D6 /* StartSegue.swift */,
			);
			name = UICustomSegue;
			sourceTree = "<group>";
		};
		E73AD0061B82D3C400EE9EA0 /* DynamicColor */ = {
			isa = PBXGroup;
			children = (
				E73AD0071B82D3C400EE9EA0 /* HSL.swift */,
				E73AD0081B82D3C400EE9EA0 /* UIColor.swift */,
			);
			name = DynamicColor;
			path = ../../../DynamicColor/DynamicColor;
			sourceTree = "<group>";
		};
		E75EE44F1B9A05E200783308 /* StoryBoard */ = {
			isa = PBXGroup;
			children = (
				E7A62FEC1B6609A500F28D73 /* Main.storyboard */,
				E73E44AF1B80787600E0B6EB /* Component.storyboard */,
				E75EE44D1B9A05B800783308 /* UserAccount.storyboard */,
			);
			name = StoryBoard;
			sourceTree = "<group>";
		};
		E7657C3D1B68C30A00FF97FD /* Util */ = {
			isa = PBXGroup;
			children = (
				E73AD0061B82D3C400EE9EA0 /* DynamicColor */,
				E78608551BA1E28A00E2BECA /* QRCode.swift */,
				E7CC15151B6E0FBA001FDB0E /* StringHelper.swift */,
				E7B714251B7F36880085E3B6 /* ImageUtil.swift */,
				E75EE4501B9A0DAF00783308 /* InstanceFromStoryBoard.swift */,
				E7A3AA991B9C2B050094B0D0 /* ControllerExtension.swift */,
			);
			name = Util;
			sourceTree = "<group>";
		};
		E76A45A91B9E8AE20059AA3D /* Protocol */ = {
			isa = PBXGroup;
			children = (
				E76A45AA1B9E8B090059AA3D /* FileFetcher.swift */,
			);
			name = Protocol;
			sourceTree = "<group>";
		};
		E786084D1BA1DEB600E2BECA /* Sharelinker */ = {
			isa = PBXGroup;
			children = (
				E790BD021B67810200D5426B /* EditProfileViewController.swift */,
				E728163C1B7F1A0000A1927E /* UserProfileViewController.swift */,
				E786084F1BA1DF3D00E2BECA /* MyQRViewController.swift */,
				E78608511BA1DF5800E2BECA /* ScanQRViewController.swift */,
				E78608531BA1DF8000E2BECA /* LinkConfirmViewController.swift */,
			);
			name = Sharelinker;
			sourceTree = "<group>";
		};
		E786084E1BA1DEDE00E2BECA /* SharelinkTag */ = {
			isa = PBXGroup;
			children = (
				E73E44B31B81725000E0B6EB /* UIUserTag.swift */,
				E73E44B91B82058300E0B6EB /* UIUserTagCollectionController.swift */,
				E73E44BB1B823E9600E0B6EB /* UIUserTagEditController.swift */,
			);
			name = SharelinkTag;
			sourceTree = "<group>";
		};
		E78D13081B71123C00252E50 /* ShareLinkSDK */ = {
			isa = PBXGroup;
			children = (
				E78D130B1B71123C00252E50 /* Source */,
			);
			name = ShareLinkSDK;
			path = ../ShareLinkSDK/ShareLinkSDK;
			sourceTree = "<group>";
		};
		E78D130B1B71123C00252E50 /* Source */ = {
			isa = PBXGroup;
			children = (
				E78D130C1B71123C00252E50 /* Account */,
				E78D130E1B71123C00252E50 /* Base */,
				E78D13121B71123C00252E50 /* File */,
				E78D13151B71123C00252E50 /* ShareThing */,
				E78D13171B71123C00252E50 /* User */,
				E78D131A1B71123C00252E50 /* Util */,
				E78D131B1B71123C00252E50 /* Vote */,
				E78D13141B71123C00252E50 /* ShareLinkSDK.swift */,
			);
			path = Source;
			sourceTree = "<group>";
		};
		E78D130C1B71123C00252E50 /* Account */ = {
			isa = PBXGroup;
			children = (
				E78D130D1B71123C00252E50 /* Account.swift */,
			);
			path = Account;
			sourceTree = "<group>";
		};
		E78D130E1B71123C00252E50 /* Base */ = {
			isa = PBXGroup;
			children = (
				E78D130F1B71123C00252E50 /* ShareLinkObject.swift */,
				E78D13101B71123C00252E50 /* ShareLinkSDKClient.swift */,
				E78D13111B71123C00252E50 /* ShareLinkSDKRequestBase.swift */,
			);
			path = Base;
			sourceTree = "<group>";
		};
		E78D13121B71123C00252E50 /* File */ = {
			isa = PBXGroup;
			children = (
				E78D13131B71123C00252E50 /* File.swift */,
			);
			path = File;
			sourceTree = "<group>";
		};
		E78D13151B71123C00252E50 /* ShareThing */ = {
			isa = PBXGroup;
			children = (
				E78D13161B71123C00252E50 /* ShareThing.swift */,
			);
			path = ShareThing;
			sourceTree = "<group>";
		};
		E78D13171B71123C00252E50 /* User */ = {
			isa = PBXGroup;
			children = (
				E78D13181B71123C00252E50 /* ShareLinkUser.swift */,
				E78D13191B71123C00252E50 /* UserLink.swift */,
				E73E44B51B8174F200E0B6EB /* UserTag.swift */,
			);
			path = User;
			sourceTree = "<group>";
		};
		E78D131A1B71123C00252E50 /* Util */ = {
			isa = PBXGroup;
			children = (
				E7EF7D141B7887B30033C2A8 /* AlamofireJsonToObjects.swift */,
				E72F47211B7602C6002674AB /* DateHelper.swift */,
				E7108BE51B7D9D7A009B933C /* RegexUtil.swift */,
			);
			path = Util;
			sourceTree = "<group>";
		};
		E78D131B1B71123C00252E50 /* Vote */ = {
			isa = PBXGroup;
			children = (
				E78D131C1B71123C00252E50 /* Vote.swift */,
			);
			path = Vote;
			sourceTree = "<group>";
		};
		E790BCEE1B6748FB00D5426B /* UIAccount */ = {
			isa = PBXGroup;
			children = (
				E790BD041B67812E00D5426B /* AccountViewController.swift */,
				E790BCFF1B6780C900D5426B /* RegisterViewController.swift */,
				E790BD061B67EA1B00D5426B /* SignInViewController.swift */,
			);
			name = UIAccount;
			sourceTree = "<group>";
		};
		E790BCEF1B674BEF00D5426B /* UIShare */ = {
			isa = PBXGroup;
			children = (
				E790BCE81B6740C100D5426B /* ShareThingsListController.swift */,
				E790BCEA1B67414300D5426B /* UIShareThing.swift */,
				E790BCF51B676EAB00D5426B /* UIShareContent.swift */,
				E7AF239A1B7B651700076202 /* NewShareViewController.swift */,
			);
			name = UIShare;
			sourceTree = "<group>";
		};
		E790BCFB1B677D8000D5426B /* UIReply */ = {
			isa = PBXGroup;
			children = (
				E790BCEC1B6741B800D5426B /* UIReplyMessage.swift */,
			);
			name = UIReply;
			sourceTree = "<group>";
		};
		E790BD081B67EFA000D5426B /* Service */ = {
			isa = PBXGroup;
			children = (
				E72B26C41B71E159008E81D6 /* Models */,
				E790BD091B67EFE600D5426B /* ServiceProtocol.swift */,
				E790BD0B1B67F12000D5426B /* ServiceContainer.swift */,
				E790BD0F1B67FB4600D5426B /* ServiceConfig.swift */,
			);
			name = Service;
			sourceTree = "<group>";
		};
		E7949A231B7F2D55003F7C37 /* UIFile */ = {
			isa = PBXGroup;
			children = (
				E728163A1B7EF2EB00A1927E /* UIFileCollectionController.swift */,
			);
			name = UIFile;
			sourceTree = "<group>";
		};
		E79E3E341B6B567F00B27085 /* UIUser */ = {
			isa = PBXGroup;
			children = (
				E786084E1BA1DEDE00E2BECA /* SharelinkTag */,
				E786084D1BA1DEB600E2BECA /* Sharelinker */,
				E73AD00F1B8378A600EE9EA0 /* UIUserListCell.swift */,
				E72F47251B7637AE002674AB /* LinkedUserListController.swift */,
				E73AD00D1B83166B00EE9EA0 /* UIUserNavigationController.swift */,
			);
			name = UIUser;
			sourceTree = "<group>";
		};
		E79E3E391B6B572700B27085 /* Persistents */ = {
			isa = PBXGroup;
			children = (
				E717CC371B725D5200B19D9D /* Model.xcdatamodeld */,
				E7F08F951B75F18C00B75C25 /* FileMgrEntities.swift */,
				E7F08F931B75F18B00B75C25 /* ModelEntity.swift */,
				E7F14E121B6CE9F400706907 /* CoreDataHelper.swift */,
				E7EBE8661B732FEB00C02F1F /* PersistentManager.swift */,
			);
			name = Persistents;
			sourceTree = "<group>";
		};
		E79E3E3A1B6B591800B27085 /* Source */ = {
			isa = PBXGroup;
			children = (
				E76A45A91B9E8AE20059AA3D /* Protocol */,
				E75EE44F1B9A05E200783308 /* StoryBoard */,
				E7949A231B7F2D55003F7C37 /* UIFile */,
				E72B26C51B71EB8B008E81D6 /* UICustomSegue */,
				E7B664FD1B6B78EA00032495 /* UIComponent */,
				E790BCEF1B674BEF00D5426B /* UIShare */,
				E790BCEE1B6748FB00D5426B /* UIAccount */,
				E790BCFB1B677D8000D5426B /* UIReply */,
				E79E3E341B6B567F00B27085 /* UIUser */,
				E790BD081B67EFA000D5426B /* Service */,
				E7657C3D1B68C30A00FF97FD /* Util */,
				E79E3E391B6B572700B27085 /* Persistents */,
				E7A62FE51B6609A500F28D73 /* AppDelegate.swift */,
				E7657C401B6918DE00FF97FD /* MainNavigationController.swift */,
				E73AD00B1B83160900EE9EA0 /* MainViewTabBarController.swift */,
			);
			name = Source;
			sourceTree = "<group>";
		};
		E7A62FD71B6609A500F28D73 = {
			isa = PBXGroup;
			children = (
				E70E5B3A1B66907900CEF3BA /* AVKit.framework */,
				E70E5B381B66906F00CEF3BA /* AVFoundation.framework */,
				E7A62FFB1B6609A500F28D73 /* BahamutTests */,
				E7A62FE11B6609A500F28D73 /* Products */,
				E78D13081B71123C00252E50 /* ShareLinkSDK */,
				E7A62FE21B6609A500F28D73 /* Bahamut */,
				7A86D96ED0EE82317F95B25D /* Pods */,
				D1311D6FD64F106598012550 /* Frameworks */,
			);
			sourceTree = "<group>";
		};
		E7A62FE11B6609A500F28D73 /* Products */ = {
			isa = PBXGroup;
			children = (
				E7A62FE01B6609A500F28D73 /* Bahamut.app */,
				E7A62FF81B6609A500F28D73 /* BahamutTests.xctest */,
			);
			name = Products;
			sourceTree = "<group>";
		};
		E7A62FE21B6609A500F28D73 /* Bahamut */ = {
			isa = PBXGroup;
			children = (
				E7B665011B6B8EA200032495 /* Assets */,
				E79E3E3A1B6B591800B27085 /* Source */,
				E7A62FEF1B6609A500F28D73 /* Images.xcassets */,
				E7A62FE31B6609A500F28D73 /* Supporting Files */,
			);
			path = Bahamut;
			sourceTree = "<group>";
		};
		E7A62FE31B6609A500F28D73 /* Supporting Files */ = {
			isa = PBXGroup;
			children = (
				E7A62FF11B6609A500F28D73 /* LaunchScreen.xib */,
				E7A62FE41B6609A500F28D73 /* Info.plist */,
			);
			name = "Supporting Files";
			sourceTree = "<group>";
		};
		E7A62FFB1B6609A500F28D73 /* BahamutTests */ = {
			isa = PBXGroup;
			children = (
				E7A62FFE1B6609A500F28D73 /* BahamutTests.swift */,
				E7A62FFC1B6609A500F28D73 /* Supporting Files */,
			);
			path = BahamutTests;
			sourceTree = "<group>";
		};
		E7A62FFC1B6609A500F28D73 /* Supporting Files */ = {
			isa = PBXGroup;
			children = (
				E7A62FFD1B6609A500F28D73 /* Info.plist */,
			);
			name = "Supporting Files";
			sourceTree = "<group>";
		};
		E7B664FD1B6B78EA00032495 /* UIComponent */ = {
			isa = PBXGroup;
			children = (
				E754AE291B7C749B0077EECC /* UICameraViewController.swift */,
				E7D5A2321B7CBE6E00F34CE0 /* HRToast+UIView.swift */,
				E7D5A2361B7CC1A400F34CE0 /* KDCircularProgress.swift */,
				E7D5A2341B7CC0D800F34CE0 /* Player.swift */,
				E7B5219B1B79AD08001C2AE4 /* ShareLinkFilmView.swift */,
				E73E44B71B81CC9D00E0B6EB /* UIResourceExplorerController.swift */,
				E7A3AA971B9C0A650094B0D0 /* UIEditTextPropertyViewController.swift */,
				E7A3AA9B1B9C332F0094B0D0 /* UIImagePlayerController.swift */,
				E7555E191BA2AE20004C2129 /* UIVideoExplorerController.swift */,
			);
			name = UIComponent;
			sourceTree = "<group>";
		};
		E7B665011B6B8EA200032495 /* Assets */ = {
			isa = PBXGroup;
			children = (
				E7B665021B6B8EF600032495 /* defaultPersonalFilm.mp4 */,
				E70C48BA1BA1331F00F805C3 /* AssetsConstants.swift */,
			);
			name = Assets;
			sourceTree = "<group>";
		};
/* End PBXGroup section */

/* Begin PBXNativeTarget section */
		E7A62FDF1B6609A500F28D73 /* Bahamut */ = {
			isa = PBXNativeTarget;
			buildConfigurationList = E7A630021B6609A500F28D73 /* Build configuration list for PBXNativeTarget "Bahamut" */;
			buildPhases = (
				94168F7710FC70B9633834AA /* Check Pods Manifest.lock */,
				E7A62FDC1B6609A500F28D73 /* Sources */,
				E7A62FDD1B6609A500F28D73 /* Frameworks */,
				E7A62FDE1B6609A500F28D73 /* Resources */,
				D28A50F4C8BC5250128327F8 /* Embed Pods Frameworks */,
				5E5B533462BB1C9FCE028608 /* Copy Pods Resources */,
			);
			buildRules = (
			);
			dependencies = (
			);
			name = Bahamut;
			productName = Bahamut;
			productReference = E7A62FE01B6609A500F28D73 /* Bahamut.app */;
			productType = "com.apple.product-type.application";
		};
		E7A62FF71B6609A500F28D73 /* BahamutTests */ = {
			isa = PBXNativeTarget;
			buildConfigurationList = E7A630051B6609A500F28D73 /* Build configuration list for PBXNativeTarget "BahamutTests" */;
			buildPhases = (
				E7A62FF41B6609A500F28D73 /* Sources */,
				E7A62FF51B6609A500F28D73 /* Frameworks */,
				E7A62FF61B6609A500F28D73 /* Resources */,
			);
			buildRules = (
			);
			dependencies = (
				E7A62FFA1B6609A500F28D73 /* PBXTargetDependency */,
			);
			name = BahamutTests;
			productName = BahamutTests;
			productReference = E7A62FF81B6609A500F28D73 /* BahamutTests.xctest */;
			productType = "com.apple.product-type.bundle.unit-test";
		};
/* End PBXNativeTarget section */

/* Begin PBXProject section */
		E7A62FD81B6609A500F28D73 /* Project object */ = {
			isa = PBXProject;
			attributes = {
				LastSwiftUpdateCheck = 0700;
				LastUpgradeCheck = 0700;
				ORGANIZATIONNAME = GStudio;
				TargetAttributes = {
					E7A62FDF1B6609A500F28D73 = {
						CreatedOnToolsVersion = 6.4;
						DevelopmentTeam = 9UH472QS6S;
					};
					E7A62FF71B6609A500F28D73 = {
						CreatedOnToolsVersion = 6.4;
						TestTargetID = E7A62FDF1B6609A500F28D73;
					};
				};
			};
			buildConfigurationList = E7A62FDB1B6609A500F28D73 /* Build configuration list for PBXProject "Bahamut" */;
			compatibilityVersion = "Xcode 3.2";
			developmentRegion = English;
			hasScannedForEncodings = 0;
			knownRegions = (
				en,
				Base,
			);
			mainGroup = E7A62FD71B6609A500F28D73;
			productRefGroup = E7A62FE11B6609A500F28D73 /* Products */;
			projectDirPath = "";
			projectRoot = "";
			targets = (
				E7A62FDF1B6609A500F28D73 /* Bahamut */,
				E7A62FF71B6609A500F28D73 /* BahamutTests */,
			);
		};
/* End PBXProject section */

/* Begin PBXResourcesBuildPhase section */
		E7A62FDE1B6609A500F28D73 /* Resources */ = {
			isa = PBXResourcesBuildPhase;
			buildActionMask = 2147483647;
			files = (
				E73E44B01B80787600E0B6EB /* Component.storyboard in Resources */,
				E7B665031B6B8EF600032495 /* defaultPersonalFilm.mp4 in Resources */,
				E7A62FEE1B6609A500F28D73 /* Main.storyboard in Resources */,
				E75EE44E1B9A05B800783308 /* UserAccount.storyboard in Resources */,
				E7A62FF31B6609A500F28D73 /* LaunchScreen.xib in Resources */,
				E7A62FF01B6609A500F28D73 /* Images.xcassets in Resources */,
			);
			runOnlyForDeploymentPostprocessing = 0;
		};
		E7A62FF61B6609A500F28D73 /* Resources */ = {
			isa = PBXResourcesBuildPhase;
			buildActionMask = 2147483647;
			files = (
			);
			runOnlyForDeploymentPostprocessing = 0;
		};
/* End PBXResourcesBuildPhase section */

/* Begin PBXShellScriptBuildPhase section */
		5E5B533462BB1C9FCE028608 /* Copy Pods Resources */ = {
			isa = PBXShellScriptBuildPhase;
			buildActionMask = 2147483647;
			files = (
			);
			inputPaths = (
			);
			name = "Copy Pods Resources";
			outputPaths = (
			);
			runOnlyForDeploymentPostprocessing = 0;
			shellPath = /bin/sh;
			shellScript = "\"${SRCROOT}/Pods/Target Support Files/Pods/Pods-resources.sh\"\n";
			showEnvVarsInLog = 0;
		};
		94168F7710FC70B9633834AA /* Check Pods Manifest.lock */ = {
			isa = PBXShellScriptBuildPhase;
			buildActionMask = 2147483647;
			files = (
			);
			inputPaths = (
			);
			name = "Check Pods Manifest.lock";
			outputPaths = (
			);
			runOnlyForDeploymentPostprocessing = 0;
			shellPath = /bin/sh;
			shellScript = "diff \"${PODS_ROOT}/../Podfile.lock\" \"${PODS_ROOT}/Manifest.lock\" > /dev/null\nif [[ $? != 0 ]] ; then\n    cat << EOM\nerror: The sandbox is not in sync with the Podfile.lock. Run 'pod install' or update your CocoaPods installation.\nEOM\n    exit 1\nfi\n";
			showEnvVarsInLog = 0;
		};
		D28A50F4C8BC5250128327F8 /* Embed Pods Frameworks */ = {
			isa = PBXShellScriptBuildPhase;
			buildActionMask = 2147483647;
			files = (
			);
			inputPaths = (
			);
			name = "Embed Pods Frameworks";
			outputPaths = (
			);
			runOnlyForDeploymentPostprocessing = 0;
			shellPath = /bin/sh;
			shellScript = "\"${SRCROOT}/Pods/Target Support Files/Pods/Pods-frameworks.sh\"\n";
			showEnvVarsInLog = 0;
		};
/* End PBXShellScriptBuildPhase section */

/* Begin PBXSourcesBuildPhase section */
		E7A62FDC1B6609A500F28D73 /* Sources */ = {
			isa = PBXSourcesBuildPhase;
			buildActionMask = 2147483647;
			files = (
				E7CC15161B6E0FBA001FDB0E /* StringHelper.swift in Sources */,
				E73E44B61B8174F200E0B6EB /* UserTag.swift in Sources */,
				E73AD0101B8378A600EE9EA0 /* UIUserListCell.swift in Sources */,
				E728163D1B7F1A0000A1927E /* UserProfileViewController.swift in Sources */,
				E790BD0C1B67F12000D5426B /* ServiceContainer.swift in Sources */,
				E78D131F1B71123C00252E50 /* ShareLinkObject.swift in Sources */,
				E7D5A2351B7CC0D800F34CE0 /* Player.swift in Sources */,
				E73681501B96A816004E8B56 /* UserTagService.swift in Sources */,
				E790BD051B67812E00D5426B /* AccountViewController.swift in Sources */,
				E78608561BA1E28A00E2BECA /* QRCode.swift in Sources */,
				E72F47261B7637AE002674AB /* LinkedUserListController.swift in Sources */,
				E78D13221B71123C00252E50 /* File.swift in Sources */,
				E72B26C71B71EC0B008E81D6 /* StartSegue.swift in Sources */,
				E73E44BC1B823E9600E0B6EB /* UIUserTagEditController.swift in Sources */,
				E7B5219C1B79AD08001C2AE4 /* ShareLinkFilmView.swift in Sources */,
				E7657C411B6918DE00FF97FD /* MainNavigationController.swift in Sources */,
				E78D13241B71123C00252E50 /* ShareThing.swift in Sources */,
				E7B714261B7F36880085E3B6 /* ImageUtil.swift in Sources */,
				E75EE4511B9A0DAF00783308 /* InstanceFromStoryBoard.swift in Sources */,
				E790BD0A1B67EFE600D5426B /* ServiceProtocol.swift in Sources */,
				E78D13231B71123C00252E50 /* ShareLinkSDK.swift in Sources */,
				E78608521BA1DF5800E2BECA /* ScanQRViewController.swift in Sources */,
				E78D13211B71123C00252E50 /* ShareLinkSDKRequestBase.swift in Sources */,
				E78D13271B71123C00252E50 /* Vote.swift in Sources */,
				E7AF239B1B7B651700076202 /* NewShareViewController.swift in Sources */,
				E7EF7D151B7887B30033C2A8 /* AlamofireJsonToObjects.swift in Sources */,
				E790BD141B68069A00D5426B /* ShareService.swift in Sources */,
				E73E44B41B81725000E0B6EB /* UIUserTag.swift in Sources */,
				E72F00771B6C94F8007E9E29 /* FileService.swift in Sources */,
				E790BD121B67FDEF00D5426B /* ReplyService.swift in Sources */,
				E7EBE8671B732FEB00C02F1F /* PersistentManager.swift in Sources */,
				E7108BE61B7D9D7A009B933C /* RegexUtil.swift in Sources */,
				E78D13251B71123C00252E50 /* ShareLinkUser.swift in Sources */,
				E7D5A2331B7CBE6E00F34CE0 /* HRToast+UIView.swift in Sources */,
				E7F08F941B75F18B00B75C25 /* ModelEntity.swift in Sources */,
				E73AD00E1B83166B00EE9EA0 /* UIUserNavigationController.swift in Sources */,
				E790BD001B6780C900D5426B /* RegisterViewController.swift in Sources */,
				E790BCEB1B67414300D5426B /* UIShareThing.swift in Sources */,
				E7A3AA9A1B9C2B050094B0D0 /* ControllerExtension.swift in Sources */,
				E717CC391B725D5200B19D9D /* Model.xcdatamodeld in Sources */,
				E7D5A2371B7CC1A400F34CE0 /* KDCircularProgress.swift in Sources */,
				E73AD00C1B83160900EE9EA0 /* MainViewTabBarController.swift in Sources */,
				E78608541BA1DF8000E2BECA /* LinkConfirmViewController.swift in Sources */,
				E7F08F961B75F18C00B75C25 /* FileMgrEntities.swift in Sources */,
				E70C48B71BA122F000F805C3 /* FetchFileServiceExtension.swift in Sources */,
				E790BD0E1B67F44E00D5426B /* AccountService.swift in Sources */,
				E728163B1B7EF2EB00A1927E /* UIFileCollectionController.swift in Sources */,
				E78D13261B71123C00252E50 /* UserLink.swift in Sources */,
				E790BCF61B676EAB00D5426B /* UIShareContent.swift in Sources */,
				E7A3AA981B9C0A650094B0D0 /* UIEditTextPropertyViewController.swift in Sources */,
				E73E44B81B81CC9D00E0B6EB /* UIResourceExplorerController.swift in Sources */,
				E73AD00A1B82D3C400EE9EA0 /* UIColor.swift in Sources */,
				E790BD101B67FB4600D5426B /* ServiceConfig.swift in Sources */,
				E70C48BB1BA1331F00F805C3 /* AssetsConstants.swift in Sources */,
				E790BD071B67EA1B00D5426B /* SignInViewController.swift in Sources */,
				E7A3AA9C1B9C332F0094B0D0 /* UIImagePlayerController.swift in Sources */,
				E79E3E381B6B56A900B27085 /* UserService.swift in Sources */,
				E7F14E131B6CE9F400706907 /* CoreDataHelper.swift in Sources */,
				E790BCED1B6741B800D5426B /* UIReplyMessage.swift in Sources */,
				E70C48B91BA12D5000F805C3 /* UtilFileServiceExtension.swift in Sources */,
				E790BD031B67810200D5426B /* EditProfileViewController.swift in Sources */,
				E78D13201B71123C00252E50 /* ShareLinkSDKClient.swift in Sources */,
				E78608501BA1DF3D00E2BECA /* MyQRViewController.swift in Sources */,
				E78D131E1B71123C00252E50 /* Account.swift in Sources */,
				E72F47221B7602C6002674AB /* DateHelper.swift in Sources */,
				E754AE2A1B7C749B0077EECC /* UICameraViewController.swift in Sources */,
				E790BCE91B6740C100D5426B /* ShareThingsListController.swift in Sources */,
				E73AD0091B82D3C400EE9EA0 /* HSL.swift in Sources */,
				E70C48B51BA122DC00F805C3 /* UploadFileServiceExtension.swift in Sources */,
				E7555E1A1BA2AE20004C2129 /* UIVideoExplorerController.swift in Sources */,
				E7A62FE61B6609A500F28D73 /* AppDelegate.swift in Sources */,
				E76A45AB1B9E8B090059AA3D /* FileFetcher.swift in Sources */,
				E73E44BA1B82058300E0B6EB /* UIUserTagCollectionController.swift in Sources */,
			);
			runOnlyForDeploymentPostprocessing = 0;
		};
		E7A62FF41B6609A500F28D73 /* Sources */ = {
			isa = PBXSourcesBuildPhase;
			buildActionMask = 2147483647;
			files = (
				E7A62FFF1B6609A500F28D73 /* BahamutTests.swift in Sources */,
			);
			runOnlyForDeploymentPostprocessing = 0;
		};
/* End PBXSourcesBuildPhase section */

/* Begin PBXTargetDependency section */
		E7A62FFA1B6609A500F28D73 /* PBXTargetDependency */ = {
			isa = PBXTargetDependency;
			target = E7A62FDF1B6609A500F28D73 /* Bahamut */;
			targetProxy = E7A62FF91B6609A500F28D73 /* PBXContainerItemProxy */;
		};
/* End PBXTargetDependency section */

/* Begin PBXVariantGroup section */
		E7A62FEC1B6609A500F28D73 /* Main.storyboard */ = {
			isa = PBXVariantGroup;
			children = (
				E7A62FED1B6609A500F28D73 /* Base */,
			);
			name = Main.storyboard;
			sourceTree = "<group>";
		};
		E7A62FF11B6609A500F28D73 /* LaunchScreen.xib */ = {
			isa = PBXVariantGroup;
			children = (
				E7A62FF21B6609A500F28D73 /* Base */,
			);
			name = LaunchScreen.xib;
			sourceTree = "<group>";
		};
/* End PBXVariantGroup section */

/* Begin XCBuildConfiguration section */
		E7A630001B6609A500F28D73 /* Debug */ = {
			isa = XCBuildConfiguration;
			buildSettings = {
				ALWAYS_SEARCH_USER_PATHS = NO;
				CLANG_CXX_LANGUAGE_STANDARD = "gnu++0x";
				CLANG_CXX_LIBRARY = "libc++";
				CLANG_ENABLE_MODULES = YES;
				CLANG_ENABLE_OBJC_ARC = YES;
				CLANG_WARN_BOOL_CONVERSION = YES;
				CLANG_WARN_CONSTANT_CONVERSION = YES;
				CLANG_WARN_DIRECT_OBJC_ISA_USAGE = YES_ERROR;
				CLANG_WARN_EMPTY_BODY = YES;
				CLANG_WARN_ENUM_CONVERSION = YES;
				CLANG_WARN_INT_CONVERSION = YES;
				CLANG_WARN_OBJC_ROOT_CLASS = YES_ERROR;
				CLANG_WARN_UNREACHABLE_CODE = YES;
				CLANG_WARN__DUPLICATE_METHOD_MATCH = YES;
				"CODE_SIGN_IDENTITY[sdk=iphoneos*]" = "iPhone Developer";
				COPY_PHASE_STRIP = NO;
				DEBUG_INFORMATION_FORMAT = "dwarf-with-dsym";
				ENABLE_STRICT_OBJC_MSGSEND = YES;
				ENABLE_TESTABILITY = YES;
				GCC_C_LANGUAGE_STANDARD = gnu99;
				GCC_DYNAMIC_NO_PIC = NO;
				GCC_NO_COMMON_BLOCKS = YES;
				GCC_OPTIMIZATION_LEVEL = 0;
				GCC_PREPROCESSOR_DEFINITIONS = (
					"DEBUG=1",
					"$(inherited)",
				);
				GCC_SYMBOLS_PRIVATE_EXTERN = NO;
				GCC_WARN_64_TO_32_BIT_CONVERSION = YES;
				GCC_WARN_ABOUT_RETURN_TYPE = YES_ERROR;
				GCC_WARN_UNDECLARED_SELECTOR = YES;
				GCC_WARN_UNINITIALIZED_AUTOS = YES_AGGRESSIVE;
				GCC_WARN_UNUSED_FUNCTION = YES;
				GCC_WARN_UNUSED_VARIABLE = YES;
				IPHONEOS_DEPLOYMENT_TARGET = 8.4;
				MTL_ENABLE_DEBUG_INFO = YES;
				ONLY_ACTIVE_ARCH = YES;
				SDKROOT = iphoneos;
				SWIFT_OPTIMIZATION_LEVEL = "-Onone";
				TARGETED_DEVICE_FAMILY = "1,2";
			};
			name = Debug;
		};
		E7A630011B6609A500F28D73 /* Release */ = {
			isa = XCBuildConfiguration;
			buildSettings = {
				ALWAYS_SEARCH_USER_PATHS = NO;
				CLANG_CXX_LANGUAGE_STANDARD = "gnu++0x";
				CLANG_CXX_LIBRARY = "libc++";
				CLANG_ENABLE_MODULES = YES;
				CLANG_ENABLE_OBJC_ARC = YES;
				CLANG_WARN_BOOL_CONVERSION = YES;
				CLANG_WARN_CONSTANT_CONVERSION = YES;
				CLANG_WARN_DIRECT_OBJC_ISA_USAGE = YES_ERROR;
				CLANG_WARN_EMPTY_BODY = YES;
				CLANG_WARN_ENUM_CONVERSION = YES;
				CLANG_WARN_INT_CONVERSION = YES;
				CLANG_WARN_OBJC_ROOT_CLASS = YES_ERROR;
				CLANG_WARN_UNREACHABLE_CODE = YES;
				CLANG_WARN__DUPLICATE_METHOD_MATCH = YES;
				"CODE_SIGN_IDENTITY[sdk=iphoneos*]" = "iPhone Developer";
				COPY_PHASE_STRIP = NO;
				DEBUG_INFORMATION_FORMAT = "dwarf-with-dsym";
				ENABLE_NS_ASSERTIONS = NO;
				ENABLE_STRICT_OBJC_MSGSEND = YES;
				GCC_C_LANGUAGE_STANDARD = gnu99;
				GCC_NO_COMMON_BLOCKS = YES;
				GCC_WARN_64_TO_32_BIT_CONVERSION = YES;
				GCC_WARN_ABOUT_RETURN_TYPE = YES_ERROR;
				GCC_WARN_UNDECLARED_SELECTOR = YES;
				GCC_WARN_UNINITIALIZED_AUTOS = YES_AGGRESSIVE;
				GCC_WARN_UNUSED_FUNCTION = YES;
				GCC_WARN_UNUSED_VARIABLE = YES;
				IPHONEOS_DEPLOYMENT_TARGET = 8.4;
				MTL_ENABLE_DEBUG_INFO = NO;
				SDKROOT = iphoneos;
				TARGETED_DEVICE_FAMILY = "1,2";
				VALIDATE_PRODUCT = YES;
			};
			name = Release;
		};
		E7A630031B6609A500F28D73 /* Debug */ = {
			isa = XCBuildConfiguration;
			baseConfigurationReference = EAA9324D62B459B4C6CC6210 /* Pods.debug.xcconfig */;
			buildSettings = {
				ARCHS = "$(ARCHS_STANDARD)";
				ASSETCATALOG_COMPILER_APPICON_NAME = AppIcon;
				CODE_SIGN_IDENTITY = "iPhone Developer";
				"CODE_SIGN_IDENTITY[sdk=iphoneos*]" = "iPhone Developer";
				INFOPLIST_FILE = Bahamut/Info.plist;
				LD_RUNPATH_SEARCH_PATHS = "$(inherited) @executable_path/Frameworks";
				LIBRARY_SEARCH_PATHS = (
					"$(inherited)",
					"$(SDKROOT)/usr/lib/system",
				);
				PRODUCT_BUNDLE_IDENTIFIER = "com.gstudio.$(PRODUCT_NAME:rfc1034identifier)";
				PRODUCT_NAME = "$(TARGET_NAME)";
				PROVISIONING_PROFILE = "";
				VALID_ARCHS = "arm64 armv7 armv7s";
			};
			name = Debug;
		};
		E7A630041B6609A500F28D73 /* Release */ = {
			isa = XCBuildConfiguration;
			baseConfigurationReference = 56B0F0D44FA2545D49ED69C4 /* Pods.release.xcconfig */;
			buildSettings = {
				ARCHS = "$(ARCHS_STANDARD)";
				ASSETCATALOG_COMPILER_APPICON_NAME = AppIcon;
				CODE_SIGN_IDENTITY = "iPhone Developer";
				"CODE_SIGN_IDENTITY[sdk=iphoneos*]" = "iPhone Developer";
				INFOPLIST_FILE = Bahamut/Info.plist;
				LD_RUNPATH_SEARCH_PATHS = "$(inherited) @executable_path/Frameworks";
				LIBRARY_SEARCH_PATHS = (
					"$(inherited)",
					"$(SDKROOT)/usr/lib/system",
				);
				PRODUCT_BUNDLE_IDENTIFIER = "com.gstudio.$(PRODUCT_NAME:rfc1034identifier)";
				PRODUCT_NAME = "$(TARGET_NAME)";
				PROVISIONING_PROFILE = "";
				VALID_ARCHS = "arm64 armv7 armv7s";
			};
			name = Release;
		};
		E7A630061B6609A500F28D73 /* Debug */ = {
			isa = XCBuildConfiguration;
			buildSettings = {
				BUNDLE_LOADER = "$(TEST_HOST)";
				GCC_PREPROCESSOR_DEFINITIONS = (
					"DEBUG=1",
					"$(inherited)",
				);
				INFOPLIST_FILE = BahamutTests/Info.plist;
				LD_RUNPATH_SEARCH_PATHS = "$(inherited) @executable_path/Frameworks @loader_path/Frameworks";
				PRODUCT_BUNDLE_IDENTIFIER = "com.gstudio.$(PRODUCT_NAME:rfc1034identifier)";
				PRODUCT_NAME = "$(TARGET_NAME)";
				TEST_HOST = "$(BUILT_PRODUCTS_DIR)/Bahamut.app/Bahamut";
			};
			name = Debug;
		};
		E7A630071B6609A500F28D73 /* Release */ = {
			isa = XCBuildConfiguration;
			buildSettings = {
				BUNDLE_LOADER = "$(TEST_HOST)";
				INFOPLIST_FILE = BahamutTests/Info.plist;
				LD_RUNPATH_SEARCH_PATHS = "$(inherited) @executable_path/Frameworks @loader_path/Frameworks";
				PRODUCT_BUNDLE_IDENTIFIER = "com.gstudio.$(PRODUCT_NAME:rfc1034identifier)";
				PRODUCT_NAME = "$(TARGET_NAME)";
				TEST_HOST = "$(BUILT_PRODUCTS_DIR)/Bahamut.app/Bahamut";
			};
			name = Release;
		};
/* End XCBuildConfiguration section */

/* Begin XCConfigurationList section */
		E7A62FDB1B6609A500F28D73 /* Build configuration list for PBXProject "Bahamut" */ = {
			isa = XCConfigurationList;
			buildConfigurations = (
				E7A630001B6609A500F28D73 /* Debug */,
				E7A630011B6609A500F28D73 /* Release */,
			);
			defaultConfigurationIsVisible = 0;
			defaultConfigurationName = Release;
		};
		E7A630021B6609A500F28D73 /* Build configuration list for PBXNativeTarget "Bahamut" */ = {
			isa = XCConfigurationList;
			buildConfigurations = (
				E7A630031B6609A500F28D73 /* Debug */,
				E7A630041B6609A500F28D73 /* Release */,
			);
			defaultConfigurationIsVisible = 0;
			defaultConfigurationName = Release;
		};
		E7A630051B6609A500F28D73 /* Build configuration list for PBXNativeTarget "BahamutTests" */ = {
			isa = XCConfigurationList;
			buildConfigurations = (
				E7A630061B6609A500F28D73 /* Debug */,
				E7A630071B6609A500F28D73 /* Release */,
			);
			defaultConfigurationIsVisible = 0;
			defaultConfigurationName = Release;
		};
/* End XCConfigurationList section */

/* Begin XCVersionGroup section */
		E717CC371B725D5200B19D9D /* Model.xcdatamodeld */ = {
			isa = XCVersionGroup;
			children = (
				E717CC381B725D5200B19D9D /* Model.xcdatamodel */,
			);
			currentVersion = E717CC381B725D5200B19D9D /* Model.xcdatamodel */;
			path = Model.xcdatamodeld;
			sourceTree = "<group>";
			versionGroupType = wrapper.xcdatamodel;
		};
/* End XCVersionGroup section */
	};
	rootObject = E7A62FD81B6609A500F28D73 /* Project object */;
}
