// !$*UTF8*$!
{
	archiveVersion = 1;
	classes = {
	};
	objectVersion = 46;
	objects = {

/* Begin PBXBuildFile section */
		E708CD1C1BC8C09F000ADD1B /* CoreGraphics.framework in Frameworks */ = {isa = PBXBuildFile; fileRef = E708CD1B1BC8C09F000ADD1B /* CoreGraphics.framework */; };
		E708CD201BC8F9F0000ADD1B /* ChatRoomListViewController.swift in Sources */ = {isa = PBXBuildFile; fileRef = E708CD1F1BC8F9F0000ADD1B /* ChatRoomListViewController.swift */; };
		E708CD221BC90494000ADD1B /* ChatModel.swift in Sources */ = {isa = PBXBuildFile; fileRef = E708CD211BC90494000ADD1B /* ChatModel.swift */; };
		E70C48B51BA122DC00F805C3 /* UploadFileServiceExtension.swift in Sources */ = {isa = PBXBuildFile; fileRef = E70C48B41BA122DC00F805C3 /* UploadFileServiceExtension.swift */; };
		E70C48B71BA122F000F805C3 /* FetchFileServiceExtension.swift in Sources */ = {isa = PBXBuildFile; fileRef = E70C48B61BA122F000F805C3 /* FetchFileServiceExtension.swift */; };
		E70C48B91BA12D5000F805C3 /* UtilFileServiceExtension.swift in Sources */ = {isa = PBXBuildFile; fileRef = E70C48B81BA12D5000F805C3 /* UtilFileServiceExtension.swift */; };
		E70C48BB1BA1331F00F805C3 /* AssetsConstants.swift in Sources */ = {isa = PBXBuildFile; fileRef = E70C48BA1BA1331F00F805C3 /* AssetsConstants.swift */; };
		E70E5B391B66906F00CEF3BA /* AVFoundation.framework in Frameworks */ = {isa = PBXBuildFile; fileRef = E70E5B381B66906F00CEF3BA /* AVFoundation.framework */; };
		E70E5B3B1B66907900CEF3BA /* AVKit.framework in Frameworks */ = {isa = PBXBuildFile; fileRef = E70E5B3A1B66907900CEF3BA /* AVKit.framework */; };
		E712765D1BE2099F00CCCB3F /* NotificationService.swift in Sources */ = {isa = PBXBuildFile; fileRef = E712765C1BE2099F00CCCB3F /* NotificationService.swift */; };
		E712765F1BE209AD00CCCB3F /* LocationService.swift in Sources */ = {isa = PBXBuildFile; fileRef = E712765E1BE209AD00CCCB3F /* LocationService.swift */; };
		E71276611BE20BC600CCCB3F /* CoreLocation.framework in Frameworks */ = {isa = PBXBuildFile; fileRef = E71276601BE20BC600CCCB3F /* CoreLocation.framework */; };
		E717CC391B725D5200B19D9D /* Bahamut.xcdatamodeld in Sources */ = {isa = PBXBuildFile; fileRef = E717CC371B725D5200B19D9D /* Bahamut.xcdatamodeld */; };
		E71AF30A1BE4ECCD000BBBF8 /* UIMessage.storyboard in Resources */ = {isa = PBXBuildFile; fileRef = E71AF30C1BE4ECCD000BBBF8 /* UIMessage.storyboard */; };
		E71AF3151BE4EEF9000BBBF8 /* Component.storyboard in Resources */ = {isa = PBXBuildFile; fileRef = E71AF3171BE4EEF9000BBBF8 /* Component.storyboard */; };
		E71AF31C1BE4EFD9000BBBF8 /* UserAccount.storyboard in Resources */ = {isa = PBXBuildFile; fileRef = E71AF31E1BE4EFD9000BBBF8 /* UserAccount.storyboard */; };
		E71AF3251BE4FE11000BBBF8 /* Localizable.strings in Resources */ = {isa = PBXBuildFile; fileRef = E71AF3271BE4FE11000BBBF8 /* Localizable.strings */; };
		E71B00CF1BAB1EEC00BF913B /* MyDetailViewController.swift in Sources */ = {isa = PBXBuildFile; fileRef = E71B00CE1BAB1EEC00BF913B /* MyDetailViewController.swift */; };
		E71C67031BDFD46B00F36BE4 /* WhatsAppConnection.framework in Frameworks */ = {isa = PBXBuildFile; fileRef = E71C67021BDFD46B00F36BE4 /* WhatsAppConnection.framework */; };
		E71E07811BE38DE000B1F69D /* SharelinkCmd.swift in Sources */ = {isa = PBXBuildFile; fileRef = E71E07801BE38DE000B1F69D /* SharelinkCmd.swift */; };
		E71E07831BE38DE000B1F69D /* SimpleBrowser.swift in Sources */ = {isa = PBXBuildFile; fileRef = E71E07821BE38DE000B1F69D /* SimpleBrowser.swift */; };
		E71E07861BE38DE000B1F69D /* SharelinkCmdManager.swift in Sources */ = {isa = PBXBuildFile; fileRef = E71E07851BE38DE000B1F69D /* SharelinkCmdManager.swift */; };
		E728163B1B7EF2EB00A1927E /* UIFileCollectionController.swift in Sources */ = {isa = PBXBuildFile; fileRef = E728163A1B7EF2EB00A1927E /* UIFileCollectionController.swift */; };
		E728163D1B7F1A0000A1927E /* UserProfileViewController.swift in Sources */ = {isa = PBXBuildFile; fileRef = E728163C1B7F1A0000A1927E /* UserProfileViewController.swift */; };
		E72ACE691BE36E700010B244 /* AudioToolbox.framework in Frameworks */ = {isa = PBXBuildFile; fileRef = E72ACE681BE36E700010B244 /* AudioToolbox.framework */; };
		E72ACE6C1BE36E700010B244 /* MapKit.framework in Frameworks */ = {isa = PBXBuildFile; fileRef = E72ACE6B1BE36E700010B244 /* MapKit.framework */; };
		E72B26C71B71EC0B008E81D6 /* StartSegue.swift in Sources */ = {isa = PBXBuildFile; fileRef = E72B26C61B71EC0B008E81D6 /* StartSegue.swift */; };
		E72F00771B6C94F8007E9E29 /* FileService.swift in Sources */ = {isa = PBXBuildFile; fileRef = E72F00761B6C94F8007E9E29 /* FileService.swift */; };
		E72F47261B7637AE002674AB /* LinkedUserListController.swift in Sources */ = {isa = PBXBuildFile; fileRef = E72F47251B7637AE002674AB /* LinkedUserListController.swift */; };
		E73681501B96A816004E8B56 /* SharelinkTagService.swift in Sources */ = {isa = PBXBuildFile; fileRef = E736814F1B96A816004E8B56 /* SharelinkTagService.swift */; };
		E73AD00C1B83160900EE9EA0 /* MainViewTabBarController.swift in Sources */ = {isa = PBXBuildFile; fileRef = E73AD00B1B83160900EE9EA0 /* MainViewTabBarController.swift */; };
		E73AD00E1B83166B00EE9EA0 /* UIUserNavigationController.swift in Sources */ = {isa = PBXBuildFile; fileRef = E73AD00D1B83166B00EE9EA0 /* UIUserNavigationController.swift */; };
		E73AD0101B8378A600EE9EA0 /* UIUserListCell.swift in Sources */ = {isa = PBXBuildFile; fileRef = E73AD00F1B8378A600EE9EA0 /* UIUserListCell.swift */; };
		E73CB0921BCAA7EC001BEEAC /* ChatFramework.framework in Frameworks */ = {isa = PBXBuildFile; fileRef = E79DED6A1BC7DD5C0051CE3C /* ChatFramework.framework */; };
		E73CB0931BCAA7EC001BEEAC /* ChatFramework.framework in Embed Frameworks */ = {isa = PBXBuildFile; fileRef = E79DED6A1BC7DD5C0051CE3C /* ChatFramework.framework */; settings = {ATTRIBUTES = (CodeSignOnCopy, RemoveHeadersOnCopy, ); }; };
		E73CB09F1BCABC1C001BEEAC /* UIBarButtonItem+Badge.m in Sources */ = {isa = PBXBuildFile; fileRef = E73CB09C1BCABC1C001BEEAC /* UIBarButtonItem+Badge.m */; };
		E73CB0A01BCABC1C001BEEAC /* UIButton+Badge.m in Sources */ = {isa = PBXBuildFile; fileRef = E73CB09E1BCABC1C001BEEAC /* UIButton+Badge.m */; };
		E73E44B81B81CC9D00E0B6EB /* UIResourceExplorerController.swift in Sources */ = {isa = PBXBuildFile; fileRef = E73E44B71B81CC9D00E0B6EB /* UIResourceExplorerController.swift */; };
		E73E44BA1B82058300E0B6EB /* UIUserTagExplorerController.swift in Sources */ = {isa = PBXBuildFile; fileRef = E73E44B91B82058300E0B6EB /* UIUserTagExplorerController.swift */; };
		E73E44BC1B823E9600E0B6EB /* UIUserTagEditController.swift in Sources */ = {isa = PBXBuildFile; fileRef = E73E44BB1B823E9600E0B6EB /* UIUserTagEditController.swift */; };
		E74334421BE8DDF5009C359A /* chat_animation1.png in Resources */ = {isa = PBXBuildFile; fileRef = E74334311BE8DDF5009C359A /* chat_animation1.png */; };
		E74334431BE8DDF5009C359A /* chat_animation2.png in Resources */ = {isa = PBXBuildFile; fileRef = E74334321BE8DDF5009C359A /* chat_animation2.png */; };
		E74334441BE8DDF5009C359A /* chat_animation3.png in Resources */ = {isa = PBXBuildFile; fileRef = E74334331BE8DDF5009C359A /* chat_animation3.png */; };
		E74334451BE8DDF5009C359A /* chat_animation_white1.png in Resources */ = {isa = PBXBuildFile; fileRef = E74334341BE8DDF5009C359A /* chat_animation_white1.png */; };
		E74334461BE8DDF5009C359A /* chat_animation_white2.png in Resources */ = {isa = PBXBuildFile; fileRef = E74334351BE8DDF5009C359A /* chat_animation_white2.png */; };
		E74334471BE8DDF5009C359A /* chat_animation_white3.png in Resources */ = {isa = PBXBuildFile; fileRef = E74334361BE8DDF5009C359A /* chat_animation_white3.png */; };
		E74334481BE8DDF5009C359A /* chat_ipunt_message.png in Resources */ = {isa = PBXBuildFile; fileRef = E74334371BE8DDF5009C359A /* chat_ipunt_message.png */; };
		E74334491BE8DDF5009C359A /* chat_message_back.png in Resources */ = {isa = PBXBuildFile; fileRef = E74334381BE8DDF5009C359A /* chat_message_back.png */; };
		E743344A1BE8DDF5009C359A /* Chat_record_circle.png in Resources */ = {isa = PBXBuildFile; fileRef = E74334391BE8DDF5009C359A /* Chat_record_circle.png */; };
		E743344B1BE8DDF5009C359A /* chat_send_message.png in Resources */ = {isa = PBXBuildFile; fileRef = E743343A1BE8DDF5009C359A /* chat_send_message.png */; };
		E743344C1BE8DDF5009C359A /* Chat_take_picture.png in Resources */ = {isa = PBXBuildFile; fileRef = E743343B1BE8DDF5009C359A /* Chat_take_picture.png */; };
		E743344D1BE8DDF5009C359A /* chat_voice_record.png in Resources */ = {isa = PBXBuildFile; fileRef = E743343C1BE8DDF5009C359A /* chat_voice_record.png */; };
		E743344E1BE8DDF5009C359A /* chatfrom_bg_normal.png in Resources */ = {isa = PBXBuildFile; fileRef = E743343D1BE8DDF5009C359A /* chatfrom_bg_normal.png */; };
		E743344F1BE8DDF5009C359A /* chatfrom_doctor_icon.png in Resources */ = {isa = PBXBuildFile; fileRef = E743343E1BE8DDF5009C359A /* chatfrom_doctor_icon.png */; };
		E74334501BE8DDF5009C359A /* chatto_bg_normal.png in Resources */ = {isa = PBXBuildFile; fileRef = E743343F1BE8DDF5009C359A /* chatto_bg_normal.png */; };
		E74334511BE8DDF5009C359A /* headImage.png in Resources */ = {isa = PBXBuildFile; fileRef = E74334411BE8DDF5009C359A /* headImage.png */; };
		E754AE2A1B7C749B0077EECC /* UICameraViewController.swift in Sources */ = {isa = PBXBuildFile; fileRef = E754AE291B7C749B0077EECC /* UICameraViewController.swift */; };
		E7555E1A1BA2AE20004C2129 /* UIVideoExplorerController.swift in Sources */ = {isa = PBXBuildFile; fileRef = E7555E191BA2AE20004C2129 /* UIVideoExplorerController.swift */; };
		E75EE4511B9A0DAF00783308 /* InstanceFromStoryBoard.swift in Sources */ = {isa = PBXBuildFile; fileRef = E75EE4501B9A0DAF00783308 /* InstanceFromStoryBoard.swift */; };
		E7657C411B6918DE00FF97FD /* MainNavigationController.swift in Sources */ = {isa = PBXBuildFile; fileRef = E7657C401B6918DE00FF97FD /* MainNavigationController.swift */; };
		E76A45AB1B9E8B090059AA3D /* FileFetcher.swift in Sources */ = {isa = PBXBuildFile; fileRef = E76A45AA1B9E8B090059AA3D /* FileFetcher.swift */; };
		E76C3CB61BE62CCE003869B5 /* SharelinkSDK.framework in Frameworks */ = {isa = PBXBuildFile; fileRef = E76C3CB51BE62CCE003869B5 /* SharelinkSDK.framework */; };
		E76C3CB71BE62CCE003869B5 /* SharelinkSDK.framework in Embed Frameworks */ = {isa = PBXBuildFile; fileRef = E76C3CB51BE62CCE003869B5 /* SharelinkSDK.framework */; settings = {ATTRIBUTES = (CodeSignOnCopy, RemoveHeadersOnCopy, ); }; };
		E78608501BA1DF3D00E2BECA /* MyQRViewController.swift in Sources */ = {isa = PBXBuildFile; fileRef = E786084F1BA1DF3D00E2BECA /* MyQRViewController.swift */; };
		E78608521BA1DF5800E2BECA /* ScanQRViewController.swift in Sources */ = {isa = PBXBuildFile; fileRef = E78608511BA1DF5800E2BECA /* ScanQRViewController.swift */; };
		E78608541BA1DF8000E2BECA /* LinkConfirmViewController.swift in Sources */ = {isa = PBXBuildFile; fileRef = E78608531BA1DF8000E2BECA /* LinkConfirmViewController.swift */; };
		E78608561BA1E28A00E2BECA /* QRCode.swift in Sources */ = {isa = PBXBuildFile; fileRef = E78608551BA1E28A00E2BECA /* QRCode.swift */; };
		E790BCE91B6740C100D5426B /* ShareThingsListController.swift in Sources */ = {isa = PBXBuildFile; fileRef = E790BCE81B6740C100D5426B /* ShareThingsListController.swift */; };
		E790BCEB1B67414300D5426B /* UIShareThing.swift in Sources */ = {isa = PBXBuildFile; fileRef = E790BCEA1B67414300D5426B /* UIShareThing.swift */; };
		E790BCED1B6741B800D5426B /* UIReplyMessage.swift in Sources */ = {isa = PBXBuildFile; fileRef = E790BCEC1B6741B800D5426B /* UIReplyMessage.swift */; };
		E790BCF61B676EAB00D5426B /* UIShareContent.swift in Sources */ = {isa = PBXBuildFile; fileRef = E790BCF51B676EAB00D5426B /* UIShareContent.swift */; };
		E790BD031B67810200D5426B /* NewUserProfileViewController.swift in Sources */ = {isa = PBXBuildFile; fileRef = E790BD021B67810200D5426B /* NewUserProfileViewController.swift */; };
		E790BD071B67EA1B00D5426B /* SignInViewController.swift in Sources */ = {isa = PBXBuildFile; fileRef = E790BD061B67EA1B00D5426B /* SignInViewController.swift */; };
		E790BD0A1B67EFE600D5426B /* ServiceProtocol.swift in Sources */ = {isa = PBXBuildFile; fileRef = E790BD091B67EFE600D5426B /* ServiceProtocol.swift */; };
		E790BD0C1B67F12000D5426B /* ServiceContainer.swift in Sources */ = {isa = PBXBuildFile; fileRef = E790BD0B1B67F12000D5426B /* ServiceContainer.swift */; };
		E790BD0E1B67F44E00D5426B /* AccountService.swift in Sources */ = {isa = PBXBuildFile; fileRef = E790BD0D1B67F44E00D5426B /* AccountService.swift */; };
		E790BD101B67FB4600D5426B /* ServiceConfig.swift in Sources */ = {isa = PBXBuildFile; fileRef = E790BD0F1B67FB4600D5426B /* ServiceConfig.swift */; };
		E790BD121B67FDEF00D5426B /* MessageService.swift in Sources */ = {isa = PBXBuildFile; fileRef = E790BD111B67FDEF00D5426B /* MessageService.swift */; };
		E790BD141B68069A00D5426B /* ShareService.swift in Sources */ = {isa = PBXBuildFile; fileRef = E790BD131B68069A00D5426B /* ShareService.swift */; };
		E795C6E01BC94DA9003B9EDC /* UUMsgItem.swift in Sources */ = {isa = PBXBuildFile; fileRef = E795C6DF1BC94DA9003B9EDC /* UUMsgItem.swift */; };
		E798102E1BC6C38B002F35A5 /* ChatViewController.swift in Sources */ = {isa = PBXBuildFile; fileRef = E798102D1BC6C38B002F35A5 /* ChatViewController.swift */; };
		E79E3E381B6B56A900B27085 /* UserService.swift in Sources */ = {isa = PBXBuildFile; fileRef = E79E3E371B6B56A900B27085 /* UserService.swift */; };
		E7A3AA981B9C0A650094B0D0 /* UIEditTextPropertyViewController.swift in Sources */ = {isa = PBXBuildFile; fileRef = E7A3AA971B9C0A650094B0D0 /* UIEditTextPropertyViewController.swift */; };
		E7A3AA9A1B9C2B050094B0D0 /* ControllerExtension.swift in Sources */ = {isa = PBXBuildFile; fileRef = E7A3AA991B9C2B050094B0D0 /* ControllerExtension.swift */; };
		E7A3AA9C1B9C332F0094B0D0 /* UIImagePlayerController.swift in Sources */ = {isa = PBXBuildFile; fileRef = E7A3AA9B1B9C332F0094B0D0 /* UIImagePlayerController.swift */; };
		E7A62FE61B6609A500F28D73 /* AppDelegate.swift in Sources */ = {isa = PBXBuildFile; fileRef = E7A62FE51B6609A500F28D73 /* AppDelegate.swift */; };
		E7A62FEE1B6609A500F28D73 /* Main.storyboard in Resources */ = {isa = PBXBuildFile; fileRef = E7A62FEC1B6609A500F28D73 /* Main.storyboard */; };
		E7A62FF01B6609A500F28D73 /* Images.xcassets in Resources */ = {isa = PBXBuildFile; fileRef = E7A62FEF1B6609A500F28D73 /* Images.xcassets */; };
		E7A62FF31B6609A500F28D73 /* LaunchScreen.xib in Resources */ = {isa = PBXBuildFile; fileRef = E7A62FF11B6609A500F28D73 /* LaunchScreen.xib */; };
		E7A645351BE9E39E00204D1A /* SharelinkFilm.mp4 in Resources */ = {isa = PBXBuildFile; fileRef = E7A645341BE9E39E00204D1A /* SharelinkFilm.mp4 */; };
		E7AF239B1B7B651700076202 /* NewShareViewController.swift in Sources */ = {isa = PBXBuildFile; fileRef = E7AF239A1B7B651700076202 /* NewShareViewController.swift */; };
		E7B5219C1B79AD08001C2AE4 /* ShareLinkFilmView.swift in Sources */ = {isa = PBXBuildFile; fileRef = E7B5219B1B79AD08001C2AE4 /* ShareLinkFilmView.swift */; };
		E7B615F31BCFCAFD00D0831C /* MessageUI.framework in Frameworks */ = {isa = PBXBuildFile; fileRef = E7B615F21BCFCAFD00D0831C /* MessageUI.framework */; };
		E7B6161F1BCFCB6E00D0831C /* FacebookConnection.framework in Frameworks */ = {isa = PBXBuildFile; fileRef = E7B615F61BCFCB6E00D0831C /* FacebookConnection.framework */; };
		E7B616201BCFCB6E00D0831C /* MailConnection.framework in Frameworks */ = {isa = PBXBuildFile; fileRef = E7B615F71BCFCB6E00D0831C /* MailConnection.framework */; };
		E7B616211BCFCB6E00D0831C /* QQConnection.framework in Frameworks */ = {isa = PBXBuildFile; fileRef = E7B615F81BCFCB6E00D0831C /* QQConnection.framework */; };
		E7B616231BCFCB6E00D0831C /* SMSConnection.framework in Frameworks */ = {isa = PBXBuildFile; fileRef = E7B615FA1BCFCB6E00D0831C /* SMSConnection.framework */; };
		E7B616251BCFCB6E00D0831C /* WeChatConnection.framework in Frameworks */ = {isa = PBXBuildFile; fileRef = E7B615FC1BCFCB6E00D0831C /* WeChatConnection.framework */; };
		E7B616261BCFCB6E00D0831C /* AGCommon.framework in Frameworks */ = {isa = PBXBuildFile; fileRef = E7B615FE1BCFCB6E00D0831C /* AGCommon.framework */; };
		E7B616271BCFCB6E00D0831C /* ShareSDKLocalizable.strings in Resources */ = {isa = PBXBuildFile; fileRef = E7B615FF1BCFCB6E00D0831C /* ShareSDKLocalizable.strings */; };
		E7B616281BCFCB6E00D0831C /* MOBFoundation.framework in Frameworks */ = {isa = PBXBuildFile; fileRef = E7B616011BCFCB6E00D0831C /* MOBFoundation.framework */; };
		E7B616291BCFCB6E00D0831C /* Resource.bundle in Resources */ = {isa = PBXBuildFile; fileRef = E7B616021BCFCB6E00D0831C /* Resource.bundle */; };
		E7B6162A1BCFCB6E00D0831C /* ShareSDKCoreService.framework in Frameworks */ = {isa = PBXBuildFile; fileRef = E7B616031BCFCB6E00D0831C /* ShareSDKCoreService.framework */; };
		E7B6162B1BCFCB6E00D0831C /* TencentOpenAPI.framework in Frameworks */ = {isa = PBXBuildFile; fileRef = E7B616071BCFCB6E00D0831C /* TencentOpenAPI.framework */; };
		E7B6162C1BCFCB6E00D0831C /* TencentOpenApi_IOS_Bundle.bundle in Resources */ = {isa = PBXBuildFile; fileRef = E7B616081BCFCB6E00D0831C /* TencentOpenApi_IOS_Bundle.bundle */; };
		E7B6162F1BCFCB6E00D0831C /* libWeChatSDK.a in Frameworks */ = {isa = PBXBuildFile; fileRef = E7B616171BCFCB6E00D0831C /* libWeChatSDK.a */; };
		E7B616301BCFCB6E00D0831C /* ShareSDK.framework in Frameworks */ = {isa = PBXBuildFile; fileRef = E7B6161A1BCFCB6E00D0831C /* ShareSDK.framework */; };
		E7B616311BCFCB6E00D0831C /* ShareSDKFlatShareViewUI.bundle in Resources */ = {isa = PBXBuildFile; fileRef = E7B6161C1BCFCB6E00D0831C /* ShareSDKFlatShareViewUI.bundle */; };
		E7B616321BCFCB6E00D0831C /* ShareSDKFlatShareViewUI.framework in Frameworks */ = {isa = PBXBuildFile; fileRef = E7B6161D1BCFCB6E00D0831C /* ShareSDKFlatShareViewUI.framework */; };
		E7B616331BCFCB6E00D0831C /* ShareSDKShareActionSheet.framework in Frameworks */ = {isa = PBXBuildFile; fileRef = E7B6161E1BCFCB6E00D0831C /* ShareSDKShareActionSheet.framework */; };
		E7B714261B7F36880085E3B6 /* ImageUtil.swift in Sources */ = {isa = PBXBuildFile; fileRef = E7B714251B7F36880085E3B6 /* ImageUtil.swift */; };
		E7C4F2721BCFA4EF0050997B /* Pods.framework in Frameworks */ = {isa = PBXBuildFile; fileRef = 12068C6D6B3CD72448DC90C7 /* Pods.framework */; };
		E7C4F2A31BCFB0470050997B /* libicucore.tbd in Frameworks */ = {isa = PBXBuildFile; fileRef = E7C4F2A21BCFB0470050997B /* libicucore.tbd */; };
		E7C4F2A51BCFB0570050997B /* libz.tbd in Frameworks */ = {isa = PBXBuildFile; fileRef = E7C4F2A41BCFB0570050997B /* libz.tbd */; };
		E7C4F2A71BCFB0660050997B /* libstdc++.tbd in Frameworks */ = {isa = PBXBuildFile; fileRef = E7C4F2A61BCFB0660050997B /* libstdc++.tbd */; };
		E7C4F2A91BCFB0850050997B /* ImageIO.framework in Frameworks */ = {isa = PBXBuildFile; fileRef = E7C4F2A81BCFB0850050997B /* ImageIO.framework */; };
		E7C4F2AB1BCFB08A0050997B /* AdSupport.framework in Frameworks */ = {isa = PBXBuildFile; fileRef = E7C4F2AA1BCFB08A0050997B /* AdSupport.framework */; };
		E7C4F2AD1BCFB0950050997B /* libsqlite3.tbd in Frameworks */ = {isa = PBXBuildFile; fileRef = E7C4F2AC1BCFB0950050997B /* libsqlite3.tbd */; };
		E7D5A2331B7CBE6E00F34CE0 /* HRToast+UIView.swift in Sources */ = {isa = PBXBuildFile; fileRef = E7D5A2321B7CBE6E00F34CE0 /* HRToast+UIView.swift */; };
		E7D5A2351B7CC0D800F34CE0 /* Player.swift in Sources */ = {isa = PBXBuildFile; fileRef = E7D5A2341B7CC0D800F34CE0 /* Player.swift */; };
		E7D5A2371B7CC1A400F34CE0 /* KDCircularProgress.swift in Sources */ = {isa = PBXBuildFile; fileRef = E7D5A2361B7CC1A400F34CE0 /* KDCircularProgress.swift */; };
		E7D8DCDA1BA5C8CA00DB6C11 /* UITagCollectionViewController.swift in Sources */ = {isa = PBXBuildFile; fileRef = E7D8DCD91BA5C8CA00DB6C11 /* UITagCollectionViewController.swift */; };
		E7E6ABA41BA73ED800BC597D /* HSL.swift in Sources */ = {isa = PBXBuildFile; fileRef = E7E6ABA21BA73ED800BC597D /* HSL.swift */; };
		E7E6ABA51BA73ED800BC597D /* UIColor.swift in Sources */ = {isa = PBXBuildFile; fileRef = E7E6ABA31BA73ED800BC597D /* UIColor.swift */; };
		E7EBE8671B732FEB00C02F1F /* PersistentManager.swift in Sources */ = {isa = PBXBuildFile; fileRef = E7EBE8661B732FEB00C02F1F /* PersistentManager.swift */; };
		E7F08F941B75F18B00B75C25 /* ModelEntity.swift in Sources */ = {isa = PBXBuildFile; fileRef = E7F08F931B75F18B00B75C25 /* ModelEntity.swift */; };
		E7F08F961B75F18C00B75C25 /* FileMgrEntities.swift in Sources */ = {isa = PBXBuildFile; fileRef = E7F08F951B75F18C00B75C25 /* FileMgrEntities.swift */; };
		E7F11CAF1BA9947C00CA7DB2 /* Common.swift in Sources */ = {isa = PBXBuildFile; fileRef = E7F11CAE1BA9947C00CA7DB2 /* Common.swift */; };
		E7F14E131B6CE9F400706907 /* CoreDataHelper.swift in Sources */ = {isa = PBXBuildFile; fileRef = E7F14E121B6CE9F400706907 /* CoreDataHelper.swift */; };
		E7F5D6C51BD5EAB1001DEEAA /* SortSharelinkObject.swift in Sources */ = {isa = PBXBuildFile; fileRef = E7F5D6C41BD5EAB1001DEEAA /* SortSharelinkObject.swift */; };
		E7FD584D1BCB82B700E42C95 /* ChicagoClient.swift in Sources */ = {isa = PBXBuildFile; fileRef = E7FD584C1BCB82B700E42C95 /* ChicagoClient.swift */; };
		E7FD584F1BCBB58400E42C95 /* BahamutConfig.swift in Sources */ = {isa = PBXBuildFile; fileRef = E7FD584E1BCBB58400E42C95 /* BahamutConfig.swift */; };
		E7FD58511BCBDB4D00E42C95 /* UIViews.xib in Resources */ = {isa = PBXBuildFile; fileRef = E7FD58501BCBDB4D00E42C95 /* UIViews.xib */; };
		E7FD58531BCBDDDC00E42C95 /* UIClientStateHeader.swift in Sources */ = {isa = PBXBuildFile; fileRef = E7FD58521BCBDDDC00E42C95 /* UIClientStateHeader.swift */; };
		E7FDBAB41BC4C1A90017BCEF /* WebAssets in Resources */ = {isa = PBXBuildFile; fileRef = E7FDBAB31BC4C1A90017BCEF /* WebAssets */; };
		E7FDBAB61BC4EC560017BCEF /* JavaScriptCore.framework in Frameworks */ = {isa = PBXBuildFile; fileRef = E7FDBAB51BC4EC560017BCEF /* JavaScriptCore.framework */; };
		E7FFC0381BCA064C00D651CA /* MessageEntity+CoreDataProperties.swift in Sources */ = {isa = PBXBuildFile; fileRef = E7FFC0341BCA064C00D651CA /* MessageEntity+CoreDataProperties.swift */; };
		E7FFC0391BCA064C00D651CA /* MessageEntity.swift in Sources */ = {isa = PBXBuildFile; fileRef = E7FFC0351BCA064C00D651CA /* MessageEntity.swift */; };
		E7FFC03A1BCA064C00D651CA /* ShareChatEntity+CoreDataProperties.swift in Sources */ = {isa = PBXBuildFile; fileRef = E7FFC0361BCA064C00D651CA /* ShareChatEntity+CoreDataProperties.swift */; };
		E7FFC03B1BCA064C00D651CA /* ShareChatEntity.swift in Sources */ = {isa = PBXBuildFile; fileRef = E7FFC0371BCA064C00D651CA /* ShareChatEntity.swift */; };
/* End PBXBuildFile section */

/* Begin PBXCopyFilesBuildPhase section */
		E7C823A01BC7F9B40089F9EF /* Embed Frameworks */ = {
			isa = PBXCopyFilesBuildPhase;
			buildActionMask = 2147483647;
			dstPath = "";
			dstSubfolderSpec = 10;
			files = (
				E73CB0931BCAA7EC001BEEAC /* ChatFramework.framework in Embed Frameworks */,
				E76C3CB71BE62CCE003869B5 /* SharelinkSDK.framework in Embed Frameworks */,
			);
			name = "Embed Frameworks";
			runOnlyForDeploymentPostprocessing = 0;
		};
/* End PBXCopyFilesBuildPhase section */

/* Begin PBXFileReference section */
		12068C6D6B3CD72448DC90C7 /* Pods.framework */ = {isa = PBXFileReference; explicitFileType = wrapper.framework; includeInIndex = 0; path = Pods.framework; sourceTree = BUILT_PRODUCTS_DIR; };
		56B0F0D44FA2545D49ED69C4 /* Pods.release.xcconfig */ = {isa = PBXFileReference; includeInIndex = 1; lastKnownFileType = text.xcconfig; name = Pods.release.xcconfig; path = "Pods/Target Support Files/Pods/Pods.release.xcconfig"; sourceTree = "<group>"; };
		E708CD1B1BC8C09F000ADD1B /* CoreGraphics.framework */ = {isa = PBXFileReference; lastKnownFileType = wrapper.framework; name = CoreGraphics.framework; path = System/Library/Frameworks/CoreGraphics.framework; sourceTree = SDKROOT; };
		E708CD1F1BC8F9F0000ADD1B /* ChatRoomListViewController.swift */ = {isa = PBXFileReference; fileEncoding = 4; lastKnownFileType = sourcecode.swift; path = ChatRoomListViewController.swift; sourceTree = "<group>"; };
		E708CD211BC90494000ADD1B /* ChatModel.swift */ = {isa = PBXFileReference; fileEncoding = 4; lastKnownFileType = sourcecode.swift; path = ChatModel.swift; sourceTree = "<group>"; };
		E70C48B41BA122DC00F805C3 /* UploadFileServiceExtension.swift */ = {isa = PBXFileReference; fileEncoding = 4; lastKnownFileType = sourcecode.swift; path = UploadFileServiceExtension.swift; sourceTree = "<group>"; };
		E70C48B61BA122F000F805C3 /* FetchFileServiceExtension.swift */ = {isa = PBXFileReference; fileEncoding = 4; lastKnownFileType = sourcecode.swift; path = FetchFileServiceExtension.swift; sourceTree = "<group>"; };
		E70C48B81BA12D5000F805C3 /* UtilFileServiceExtension.swift */ = {isa = PBXFileReference; fileEncoding = 4; lastKnownFileType = sourcecode.swift; path = UtilFileServiceExtension.swift; sourceTree = "<group>"; };
		E70C48BA1BA1331F00F805C3 /* AssetsConstants.swift */ = {isa = PBXFileReference; fileEncoding = 4; lastKnownFileType = sourcecode.swift; path = AssetsConstants.swift; sourceTree = "<group>"; };
		E70E5B381B66906F00CEF3BA /* AVFoundation.framework */ = {isa = PBXFileReference; lastKnownFileType = wrapper.framework; name = AVFoundation.framework; path = System/Library/Frameworks/AVFoundation.framework; sourceTree = SDKROOT; };
		E70E5B3A1B66907900CEF3BA /* AVKit.framework */ = {isa = PBXFileReference; lastKnownFileType = wrapper.framework; name = AVKit.framework; path = System/Library/Frameworks/AVKit.framework; sourceTree = SDKROOT; };
		E712765C1BE2099F00CCCB3F /* NotificationService.swift */ = {isa = PBXFileReference; fileEncoding = 4; lastKnownFileType = sourcecode.swift; path = NotificationService.swift; sourceTree = "<group>"; };
		E712765E1BE209AD00CCCB3F /* LocationService.swift */ = {isa = PBXFileReference; fileEncoding = 4; lastKnownFileType = sourcecode.swift; path = LocationService.swift; sourceTree = "<group>"; };
		E71276601BE20BC600CCCB3F /* CoreLocation.framework */ = {isa = PBXFileReference; lastKnownFileType = wrapper.framework; name = CoreLocation.framework; path = System/Library/Frameworks/CoreLocation.framework; sourceTree = SDKROOT; };
		E717CC381B725D5200B19D9D /* Bahamut.xcdatamodel */ = {isa = PBXFileReference; lastKnownFileType = wrapper.xcdatamodel; path = Bahamut.xcdatamodel; sourceTree = "<group>"; };
		E71AF3281BE4FE12000BBBF8 /* en */ = {isa = PBXFileReference; lastKnownFileType = text.plist.strings; name = en; path = en.lproj/Localizable.strings; sourceTree = "<group>"; };
		E71AF3291BE4FE14000BBBF8 /* zh-Hans */ = {isa = PBXFileReference; lastKnownFileType = text.plist.strings; name = "zh-Hans"; path = "zh-Hans.lproj/Localizable.strings"; sourceTree = "<group>"; };
		E71AF32A1BE50082000BBBF8 /* en */ = {isa = PBXFileReference; lastKnownFileType = file.xib; name = en; path = en.lproj/LaunchScreen.xib; sourceTree = "<group>"; };
		E71AF32B1BE50082000BBBF8 /* zh-Hans */ = {isa = PBXFileReference; lastKnownFileType = file.xib; name = "zh-Hans"; path = "zh-Hans.lproj/LaunchScreen.xib"; sourceTree = "<group>"; };
		E71AF32C1BE500A4000BBBF8 /* en */ = {isa = PBXFileReference; lastKnownFileType = file.storyboard; name = en; path = en.lproj/UIMessage.storyboard; sourceTree = "<group>"; };
		E71AF32D1BE500A5000BBBF8 /* zh-Hans */ = {isa = PBXFileReference; lastKnownFileType = file.storyboard; name = "zh-Hans"; path = "zh-Hans.lproj/UIMessage.storyboard"; sourceTree = "<group>"; };
		E71AF32E1BE500B9000BBBF8 /* en */ = {isa = PBXFileReference; lastKnownFileType = file.storyboard; name = en; path = en.lproj/Main.storyboard; sourceTree = "<group>"; };
		E71AF32F1BE500BA000BBBF8 /* zh-Hans */ = {isa = PBXFileReference; lastKnownFileType = file.storyboard; name = "zh-Hans"; path = "zh-Hans.lproj/Main.storyboard"; sourceTree = "<group>"; };
		E71AF3301BE500D0000BBBF8 /* en */ = {isa = PBXFileReference; lastKnownFileType = file.storyboard; name = en; path = en.lproj/Component.storyboard; sourceTree = "<group>"; };
		E71AF3311BE500D1000BBBF8 /* zh-Hans */ = {isa = PBXFileReference; lastKnownFileType = file.storyboard; name = "zh-Hans"; path = "zh-Hans.lproj/Component.storyboard"; sourceTree = "<group>"; };
		E71AF3321BE500E0000BBBF8 /* en */ = {isa = PBXFileReference; lastKnownFileType = file.storyboard; name = en; path = en.lproj/UserAccount.storyboard; sourceTree = "<group>"; };
		E71AF3331BE500E0000BBBF8 /* zh-Hans */ = {isa = PBXFileReference; lastKnownFileType = file.storyboard; name = "zh-Hans"; path = "zh-Hans.lproj/UserAccount.storyboard"; sourceTree = "<group>"; };
		E71B00CE1BAB1EEC00BF913B /* MyDetailViewController.swift */ = {isa = PBXFileReference; fileEncoding = 4; lastKnownFileType = sourcecode.swift; path = MyDetailViewController.swift; sourceTree = "<group>"; };
		E71C67021BDFD46B00F36BE4 /* WhatsAppConnection.framework */ = {isa = PBXFileReference; lastKnownFileType = wrapper.framework; path = WhatsAppConnection.framework; sourceTree = "<group>"; };
		E71E07801BE38DE000B1F69D /* SharelinkCmd.swift */ = {isa = PBXFileReference; fileEncoding = 4; lastKnownFileType = sourcecode.swift; path = SharelinkCmd.swift; sourceTree = "<group>"; };
		E71E07821BE38DE000B1F69D /* SimpleBrowser.swift */ = {isa = PBXFileReference; fileEncoding = 4; lastKnownFileType = sourcecode.swift; path = SimpleBrowser.swift; sourceTree = "<group>"; };
		E71E07851BE38DE000B1F69D /* SharelinkCmdManager.swift */ = {isa = PBXFileReference; fileEncoding = 4; lastKnownFileType = sourcecode.swift; path = SharelinkCmdManager.swift; sourceTree = "<group>"; };
		E728163A1B7EF2EB00A1927E /* UIFileCollectionController.swift */ = {isa = PBXFileReference; fileEncoding = 4; lastKnownFileType = sourcecode.swift; path = UIFileCollectionController.swift; sourceTree = "<group>"; };
		E728163C1B7F1A0000A1927E /* UserProfileViewController.swift */ = {isa = PBXFileReference; fileEncoding = 4; lastKnownFileType = sourcecode.swift; path = UserProfileViewController.swift; sourceTree = "<group>"; };
		E72ACE681BE36E700010B244 /* AudioToolbox.framework */ = {isa = PBXFileReference; lastKnownFileType = wrapper.framework; name = AudioToolbox.framework; path = System/Library/Frameworks/AudioToolbox.framework; sourceTree = SDKROOT; };
		E72ACE6A1BE36E700010B244 /* Bahamut.entitlements */ = {isa = PBXFileReference; lastKnownFileType = text.xml; path = Bahamut.entitlements; sourceTree = "<group>"; };
		E72ACE6B1BE36E700010B244 /* MapKit.framework */ = {isa = PBXFileReference; lastKnownFileType = wrapper.framework; name = MapKit.framework; path = System/Library/Frameworks/MapKit.framework; sourceTree = SDKROOT; };
		E72B26C61B71EC0B008E81D6 /* StartSegue.swift */ = {isa = PBXFileReference; fileEncoding = 4; lastKnownFileType = sourcecode.swift; path = StartSegue.swift; sourceTree = "<group>"; };
		E72F00761B6C94F8007E9E29 /* FileService.swift */ = {isa = PBXFileReference; fileEncoding = 4; lastKnownFileType = sourcecode.swift; path = FileService.swift; sourceTree = "<group>"; };
		E72F47251B7637AE002674AB /* LinkedUserListController.swift */ = {isa = PBXFileReference; fileEncoding = 4; lastKnownFileType = sourcecode.swift; path = LinkedUserListController.swift; sourceTree = "<group>"; };
		E736814F1B96A816004E8B56 /* SharelinkTagService.swift */ = {isa = PBXFileReference; fileEncoding = 4; lastKnownFileType = sourcecode.swift; path = SharelinkTagService.swift; sourceTree = "<group>"; };
		E73AD00B1B83160900EE9EA0 /* MainViewTabBarController.swift */ = {isa = PBXFileReference; fileEncoding = 4; lastKnownFileType = sourcecode.swift; path = MainViewTabBarController.swift; sourceTree = "<group>"; };
		E73AD00D1B83166B00EE9EA0 /* UIUserNavigationController.swift */ = {isa = PBXFileReference; fileEncoding = 4; lastKnownFileType = sourcecode.swift; path = UIUserNavigationController.swift; sourceTree = "<group>"; };
		E73AD00F1B8378A600EE9EA0 /* UIUserListCell.swift */ = {isa = PBXFileReference; fileEncoding = 4; lastKnownFileType = sourcecode.swift; path = UIUserListCell.swift; sourceTree = "<group>"; };
		E73CB09B1BCABC1C001BEEAC /* UIBarButtonItem+Badge.h */ = {isa = PBXFileReference; fileEncoding = 4; lastKnownFileType = sourcecode.c.h; path = "UIBarButtonItem+Badge.h"; sourceTree = "<group>"; };
		E73CB09C1BCABC1C001BEEAC /* UIBarButtonItem+Badge.m */ = {isa = PBXFileReference; fileEncoding = 4; lastKnownFileType = sourcecode.c.objc; path = "UIBarButtonItem+Badge.m"; sourceTree = "<group>"; };
		E73CB09D1BCABC1C001BEEAC /* UIButton+Badge.h */ = {isa = PBXFileReference; fileEncoding = 4; lastKnownFileType = sourcecode.c.h; path = "UIButton+Badge.h"; sourceTree = "<group>"; };
		E73CB09E1BCABC1C001BEEAC /* UIButton+Badge.m */ = {isa = PBXFileReference; fileEncoding = 4; lastKnownFileType = sourcecode.c.objc; path = "UIButton+Badge.m"; sourceTree = "<group>"; };
		E73E44B71B81CC9D00E0B6EB /* UIResourceExplorerController.swift */ = {isa = PBXFileReference; fileEncoding = 4; lastKnownFileType = sourcecode.swift; path = UIResourceExplorerController.swift; sourceTree = "<group>"; };
		E73E44B91B82058300E0B6EB /* UIUserTagExplorerController.swift */ = {isa = PBXFileReference; fileEncoding = 4; lastKnownFileType = sourcecode.swift; path = UIUserTagExplorerController.swift; sourceTree = "<group>"; };
		E73E44BB1B823E9600E0B6EB /* UIUserTagEditController.swift */ = {isa = PBXFileReference; fileEncoding = 4; lastKnownFileType = sourcecode.swift; path = UIUserTagEditController.swift; sourceTree = "<group>"; };
		E74334311BE8DDF5009C359A /* chat_animation1.png */ = {isa = PBXFileReference; lastKnownFileType = image.png; path = chat_animation1.png; sourceTree = "<group>"; };
		E74334321BE8DDF5009C359A /* chat_animation2.png */ = {isa = PBXFileReference; lastKnownFileType = image.png; path = chat_animation2.png; sourceTree = "<group>"; };
		E74334331BE8DDF5009C359A /* chat_animation3.png */ = {isa = PBXFileReference; lastKnownFileType = image.png; path = chat_animation3.png; sourceTree = "<group>"; };
		E74334341BE8DDF5009C359A /* chat_animation_white1.png */ = {isa = PBXFileReference; lastKnownFileType = image.png; path = chat_animation_white1.png; sourceTree = "<group>"; };
		E74334351BE8DDF5009C359A /* chat_animation_white2.png */ = {isa = PBXFileReference; lastKnownFileType = image.png; path = chat_animation_white2.png; sourceTree = "<group>"; };
		E74334361BE8DDF5009C359A /* chat_animation_white3.png */ = {isa = PBXFileReference; lastKnownFileType = image.png; path = chat_animation_white3.png; sourceTree = "<group>"; };
		E74334371BE8DDF5009C359A /* chat_ipunt_message.png */ = {isa = PBXFileReference; lastKnownFileType = image.png; path = chat_ipunt_message.png; sourceTree = "<group>"; };
		E74334381BE8DDF5009C359A /* chat_message_back.png */ = {isa = PBXFileReference; lastKnownFileType = image.png; path = chat_message_back.png; sourceTree = "<group>"; };
		E74334391BE8DDF5009C359A /* Chat_record_circle.png */ = {isa = PBXFileReference; lastKnownFileType = image.png; path = Chat_record_circle.png; sourceTree = "<group>"; };
		E743343A1BE8DDF5009C359A /* chat_send_message.png */ = {isa = PBXFileReference; lastKnownFileType = image.png; path = chat_send_message.png; sourceTree = "<group>"; };
		E743343B1BE8DDF5009C359A /* Chat_take_picture.png */ = {isa = PBXFileReference; lastKnownFileType = image.png; path = Chat_take_picture.png; sourceTree = "<group>"; };
		E743343C1BE8DDF5009C359A /* chat_voice_record.png */ = {isa = PBXFileReference; lastKnownFileType = image.png; path = chat_voice_record.png; sourceTree = "<group>"; };
		E743343D1BE8DDF5009C359A /* chatfrom_bg_normal.png */ = {isa = PBXFileReference; lastKnownFileType = image.png; path = chatfrom_bg_normal.png; sourceTree = "<group>"; };
		E743343E1BE8DDF5009C359A /* chatfrom_doctor_icon.png */ = {isa = PBXFileReference; lastKnownFileType = image.png; path = chatfrom_doctor_icon.png; sourceTree = "<group>"; };
		E743343F1BE8DDF5009C359A /* chatto_bg_normal.png */ = {isa = PBXFileReference; lastKnownFileType = image.png; path = chatto_bg_normal.png; sourceTree = "<group>"; };
		E74334411BE8DDF5009C359A /* headImage.png */ = {isa = PBXFileReference; lastKnownFileType = image.png; path = headImage.png; sourceTree = "<group>"; };
		E754AE291B7C749B0077EECC /* UICameraViewController.swift */ = {isa = PBXFileReference; fileEncoding = 4; lastKnownFileType = sourcecode.swift; path = UICameraViewController.swift; sourceTree = "<group>"; };
		E7555E191BA2AE20004C2129 /* UIVideoExplorerController.swift */ = {isa = PBXFileReference; fileEncoding = 4; lastKnownFileType = sourcecode.swift; path = UIVideoExplorerController.swift; sourceTree = "<group>"; };
		E75EE4501B9A0DAF00783308 /* InstanceFromStoryBoard.swift */ = {isa = PBXFileReference; fileEncoding = 4; lastKnownFileType = sourcecode.swift; path = InstanceFromStoryBoard.swift; sourceTree = "<group>"; };
		E7657C401B6918DE00FF97FD /* MainNavigationController.swift */ = {isa = PBXFileReference; fileEncoding = 4; lastKnownFileType = sourcecode.swift; path = MainNavigationController.swift; sourceTree = "<group>"; };
		E76A45AA1B9E8B090059AA3D /* FileFetcher.swift */ = {isa = PBXFileReference; fileEncoding = 4; lastKnownFileType = sourcecode.swift; path = FileFetcher.swift; sourceTree = "<group>"; };
		E76C3CB51BE62CCE003869B5 /* SharelinkSDK.framework */ = {isa = PBXFileReference; explicitFileType = wrapper.framework; name = SharelinkSDK.framework; path = "/Users/alexchow/Library/Developer/Xcode/DerivedData/Bahamut-grokfcvkizorsqflyzrlgbjjrbwf/Build/Products/Debug-iphoneos/SharelinkSDK.framework"; sourceTree = "<absolute>"; };
		E786084F1BA1DF3D00E2BECA /* MyQRViewController.swift */ = {isa = PBXFileReference; fileEncoding = 4; lastKnownFileType = sourcecode.swift; path = MyQRViewController.swift; sourceTree = "<group>"; };
		E78608511BA1DF5800E2BECA /* ScanQRViewController.swift */ = {isa = PBXFileReference; fileEncoding = 4; lastKnownFileType = sourcecode.swift; path = ScanQRViewController.swift; sourceTree = "<group>"; };
		E78608531BA1DF8000E2BECA /* LinkConfirmViewController.swift */ = {isa = PBXFileReference; fileEncoding = 4; lastKnownFileType = sourcecode.swift; path = LinkConfirmViewController.swift; sourceTree = "<group>"; };
		E78608551BA1E28A00E2BECA /* QRCode.swift */ = {isa = PBXFileReference; fileEncoding = 4; lastKnownFileType = sourcecode.swift; path = QRCode.swift; sourceTree = "<group>"; };
		E790BCE81B6740C100D5426B /* ShareThingsListController.swift */ = {isa = PBXFileReference; fileEncoding = 4; lastKnownFileType = sourcecode.swift; path = ShareThingsListController.swift; sourceTree = "<group>"; };
		E790BCEA1B67414300D5426B /* UIShareThing.swift */ = {isa = PBXFileReference; fileEncoding = 4; lastKnownFileType = sourcecode.swift; path = UIShareThing.swift; sourceTree = "<group>"; };
		E790BCEC1B6741B800D5426B /* UIReplyMessage.swift */ = {isa = PBXFileReference; fileEncoding = 4; lastKnownFileType = sourcecode.swift; path = UIReplyMessage.swift; sourceTree = "<group>"; };
		E790BCF51B676EAB00D5426B /* UIShareContent.swift */ = {isa = PBXFileReference; fileEncoding = 4; lastKnownFileType = sourcecode.swift; path = UIShareContent.swift; sourceTree = "<group>"; };
		E790BD021B67810200D5426B /* NewUserProfileViewController.swift */ = {isa = PBXFileReference; fileEncoding = 4; lastKnownFileType = sourcecode.swift; path = NewUserProfileViewController.swift; sourceTree = "<group>"; };
		E790BD061B67EA1B00D5426B /* SignInViewController.swift */ = {isa = PBXFileReference; fileEncoding = 4; lastKnownFileType = sourcecode.swift; path = SignInViewController.swift; sourceTree = "<group>"; };
		E790BD091B67EFE600D5426B /* ServiceProtocol.swift */ = {isa = PBXFileReference; fileEncoding = 4; lastKnownFileType = sourcecode.swift; path = ServiceProtocol.swift; sourceTree = "<group>"; };
		E790BD0B1B67F12000D5426B /* ServiceContainer.swift */ = {isa = PBXFileReference; fileEncoding = 4; lastKnownFileType = sourcecode.swift; path = ServiceContainer.swift; sourceTree = "<group>"; };
		E790BD0D1B67F44E00D5426B /* AccountService.swift */ = {isa = PBXFileReference; fileEncoding = 4; lastKnownFileType = sourcecode.swift; path = AccountService.swift; sourceTree = "<group>"; };
		E790BD0F1B67FB4600D5426B /* ServiceConfig.swift */ = {isa = PBXFileReference; fileEncoding = 4; lastKnownFileType = sourcecode.swift; path = ServiceConfig.swift; sourceTree = "<group>"; };
		E790BD111B67FDEF00D5426B /* MessageService.swift */ = {isa = PBXFileReference; fileEncoding = 4; lastKnownFileType = sourcecode.swift; path = MessageService.swift; sourceTree = "<group>"; };
		E790BD131B68069A00D5426B /* ShareService.swift */ = {isa = PBXFileReference; fileEncoding = 4; lastKnownFileType = sourcecode.swift; path = ShareService.swift; sourceTree = "<group>"; };
		E795C6DF1BC94DA9003B9EDC /* UUMsgItem.swift */ = {isa = PBXFileReference; fileEncoding = 4; lastKnownFileType = sourcecode.swift; path = UUMsgItem.swift; sourceTree = "<group>"; };
		E798102D1BC6C38B002F35A5 /* ChatViewController.swift */ = {isa = PBXFileReference; fileEncoding = 4; lastKnownFileType = sourcecode.swift; path = ChatViewController.swift; sourceTree = "<group>"; };
		E79DED6A1BC7DD5C0051CE3C /* ChatFramework.framework */ = {isa = PBXFileReference; lastKnownFileType = wrapper.framework; name = ChatFramework.framework; path = "../../../Library/Developer/Xcode/DerivedData/Bahamut-grokfcvkizorsqflyzrlgbjjrbwf/Build/Products/Debug-iphoneos/ChatFramework.framework"; sourceTree = "<group>"; };
		E79E3E371B6B56A900B27085 /* UserService.swift */ = {isa = PBXFileReference; fileEncoding = 4; lastKnownFileType = sourcecode.swift; path = UserService.swift; sourceTree = "<group>"; };
		E7A3AA971B9C0A650094B0D0 /* UIEditTextPropertyViewController.swift */ = {isa = PBXFileReference; fileEncoding = 4; lastKnownFileType = sourcecode.swift; path = UIEditTextPropertyViewController.swift; sourceTree = "<group>"; };
		E7A3AA991B9C2B050094B0D0 /* ControllerExtension.swift */ = {isa = PBXFileReference; fileEncoding = 4; lastKnownFileType = sourcecode.swift; path = ControllerExtension.swift; sourceTree = "<group>"; };
		E7A3AA9B1B9C332F0094B0D0 /* UIImagePlayerController.swift */ = {isa = PBXFileReference; fileEncoding = 4; lastKnownFileType = sourcecode.swift; path = UIImagePlayerController.swift; sourceTree = "<group>"; };
		E7A62FE01B6609A500F28D73 /* Bahamut.app */ = {isa = PBXFileReference; explicitFileType = wrapper.application; includeInIndex = 0; path = Bahamut.app; sourceTree = BUILT_PRODUCTS_DIR; };
		E7A62FE41B6609A500F28D73 /* Info.plist */ = {isa = PBXFileReference; lastKnownFileType = text.plist.xml; path = Info.plist; sourceTree = "<group>"; };
		E7A62FE51B6609A500F28D73 /* AppDelegate.swift */ = {isa = PBXFileReference; lastKnownFileType = sourcecode.swift; path = AppDelegate.swift; sourceTree = "<group>"; };
		E7A62FEF1B6609A500F28D73 /* Images.xcassets */ = {isa = PBXFileReference; lastKnownFileType = folder.assetcatalog; path = Images.xcassets; sourceTree = "<group>"; };
		E7A645341BE9E39E00204D1A /* SharelinkFilm.mp4 */ = {isa = PBXFileReference; lastKnownFileType = file; name = SharelinkFilm.mp4; path = SharelinkAssets/SharelinkFilm.mp4; sourceTree = "<group>"; };
		E7AF239A1B7B651700076202 /* NewShareViewController.swift */ = {isa = PBXFileReference; fileEncoding = 4; lastKnownFileType = sourcecode.swift; path = NewShareViewController.swift; sourceTree = "<group>"; };
		E7B5219B1B79AD08001C2AE4 /* ShareLinkFilmView.swift */ = {isa = PBXFileReference; fileEncoding = 4; lastKnownFileType = sourcecode.swift; path = ShareLinkFilmView.swift; sourceTree = "<group>"; };
		E7B615F21BCFCAFD00D0831C /* MessageUI.framework */ = {isa = PBXFileReference; lastKnownFileType = wrapper.framework; name = MessageUI.framework; path = System/Library/Frameworks/MessageUI.framework; sourceTree = SDKROOT; };
		E7B615F61BCFCB6E00D0831C /* FacebookConnection.framework */ = {isa = PBXFileReference; lastKnownFileType = wrapper.framework; path = FacebookConnection.framework; sourceTree = "<group>"; };
		E7B615F71BCFCB6E00D0831C /* MailConnection.framework */ = {isa = PBXFileReference; lastKnownFileType = wrapper.framework; path = MailConnection.framework; sourceTree = "<group>"; };
		E7B615F81BCFCB6E00D0831C /* QQConnection.framework */ = {isa = PBXFileReference; lastKnownFileType = wrapper.framework; path = QQConnection.framework; sourceTree = "<group>"; };
		E7B615F91BCFCB6E00D0831C /* SinaWeiboConnection.framework */ = {isa = PBXFileReference; lastKnownFileType = wrapper.framework; path = SinaWeiboConnection.framework; sourceTree = "<group>"; };
		E7B615FA1BCFCB6E00D0831C /* SMSConnection.framework */ = {isa = PBXFileReference; lastKnownFileType = wrapper.framework; path = SMSConnection.framework; sourceTree = "<group>"; };
		E7B615FB1BCFCB6E00D0831C /* TwitterConnection.framework */ = {isa = PBXFileReference; lastKnownFileType = wrapper.framework; path = TwitterConnection.framework; sourceTree = "<group>"; };
		E7B615FC1BCFCB6E00D0831C /* WeChatConnection.framework */ = {isa = PBXFileReference; lastKnownFileType = wrapper.framework; path = WeChatConnection.framework; sourceTree = "<group>"; };
		E7B615FE1BCFCB6E00D0831C /* AGCommon.framework */ = {isa = PBXFileReference; lastKnownFileType = wrapper.framework; path = AGCommon.framework; sourceTree = "<group>"; };
		E7B616001BCFCB6E00D0831C /* en */ = {isa = PBXFileReference; lastKnownFileType = text.plist.strings; name = en; path = en.lproj/ShareSDKLocalizable.strings; sourceTree = "<group>"; };
		E7B616011BCFCB6E00D0831C /* MOBFoundation.framework */ = {isa = PBXFileReference; lastKnownFileType = wrapper.framework; path = MOBFoundation.framework; sourceTree = "<group>"; };
		E7B616021BCFCB6E00D0831C /* Resource.bundle */ = {isa = PBXFileReference; lastKnownFileType = "wrapper.plug-in"; path = Resource.bundle; sourceTree = "<group>"; };
		E7B616031BCFCB6E00D0831C /* ShareSDKCoreService.framework */ = {isa = PBXFileReference; lastKnownFileType = wrapper.framework; path = ShareSDKCoreService.framework; sourceTree = "<group>"; };
		E7B616041BCFCB6E00D0831C /* zh-Hans */ = {isa = PBXFileReference; lastKnownFileType = text.plist.strings; name = "zh-Hans"; path = "zh-Hans.lproj/ShareSDKLocalizable.strings"; sourceTree = "<group>"; };
		E7B616071BCFCB6E00D0831C /* TencentOpenAPI.framework */ = {isa = PBXFileReference; lastKnownFileType = wrapper.framework; path = TencentOpenAPI.framework; sourceTree = "<group>"; };
		E7B616081BCFCB6E00D0831C /* TencentOpenApi_IOS_Bundle.bundle */ = {isa = PBXFileReference; lastKnownFileType = "wrapper.plug-in"; path = TencentOpenApi_IOS_Bundle.bundle; sourceTree = "<group>"; };
		E7B616171BCFCB6E00D0831C /* libWeChatSDK.a */ = {isa = PBXFileReference; lastKnownFileType = archive.ar; path = libWeChatSDK.a; sourceTree = "<group>"; };
		E7B616181BCFCB6E00D0831C /* WXApi.h */ = {isa = PBXFileReference; fileEncoding = 4; lastKnownFileType = sourcecode.c.h; path = WXApi.h; sourceTree = "<group>"; };
		E7B616191BCFCB6E00D0831C /* WXApiObject.h */ = {isa = PBXFileReference; fileEncoding = 4; lastKnownFileType = sourcecode.c.h; path = WXApiObject.h; sourceTree = "<group>"; };
		E7B6161A1BCFCB6E00D0831C /* ShareSDK.framework */ = {isa = PBXFileReference; lastKnownFileType = wrapper.framework; path = ShareSDK.framework; sourceTree = "<group>"; };
		E7B6161C1BCFCB6E00D0831C /* ShareSDKFlatShareViewUI.bundle */ = {isa = PBXFileReference; lastKnownFileType = "wrapper.plug-in"; path = ShareSDKFlatShareViewUI.bundle; sourceTree = "<group>"; };
		E7B6161D1BCFCB6E00D0831C /* ShareSDKFlatShareViewUI.framework */ = {isa = PBXFileReference; lastKnownFileType = wrapper.framework; path = ShareSDKFlatShareViewUI.framework; sourceTree = "<group>"; };
		E7B6161E1BCFCB6E00D0831C /* ShareSDKShareActionSheet.framework */ = {isa = PBXFileReference; lastKnownFileType = wrapper.framework; path = ShareSDKShareActionSheet.framework; sourceTree = "<group>"; };
		E7B714251B7F36880085E3B6 /* ImageUtil.swift */ = {isa = PBXFileReference; fileEncoding = 4; lastKnownFileType = sourcecode.swift; path = ImageUtil.swift; sourceTree = "<group>"; };
		E7C4F2A21BCFB0470050997B /* libicucore.tbd */ = {isa = PBXFileReference; lastKnownFileType = "sourcecode.text-based-dylib-definition"; name = libicucore.tbd; path = usr/lib/libicucore.tbd; sourceTree = SDKROOT; };
		E7C4F2A41BCFB0570050997B /* libz.tbd */ = {isa = PBXFileReference; lastKnownFileType = "sourcecode.text-based-dylib-definition"; name = libz.tbd; path = usr/lib/libz.tbd; sourceTree = SDKROOT; };
		E7C4F2A61BCFB0660050997B /* libstdc++.tbd */ = {isa = PBXFileReference; lastKnownFileType = "sourcecode.text-based-dylib-definition"; name = "libstdc++.tbd"; path = "usr/lib/libstdc++.tbd"; sourceTree = SDKROOT; };
		E7C4F2A81BCFB0850050997B /* ImageIO.framework */ = {isa = PBXFileReference; lastKnownFileType = wrapper.framework; name = ImageIO.framework; path = System/Library/Frameworks/ImageIO.framework; sourceTree = SDKROOT; };
		E7C4F2AA1BCFB08A0050997B /* AdSupport.framework */ = {isa = PBXFileReference; lastKnownFileType = wrapper.framework; name = AdSupport.framework; path = System/Library/Frameworks/AdSupport.framework; sourceTree = SDKROOT; };
		E7C4F2AC1BCFB0950050997B /* libsqlite3.tbd */ = {isa = PBXFileReference; lastKnownFileType = "sourcecode.text-based-dylib-definition"; name = libsqlite3.tbd; path = usr/lib/libsqlite3.tbd; sourceTree = SDKROOT; };
		E7D5A2321B7CBE6E00F34CE0 /* HRToast+UIView.swift */ = {isa = PBXFileReference; fileEncoding = 4; lastKnownFileType = sourcecode.swift; path = "HRToast+UIView.swift"; sourceTree = "<group>"; };
		E7D5A2341B7CC0D800F34CE0 /* Player.swift */ = {isa = PBXFileReference; fileEncoding = 4; lastKnownFileType = sourcecode.swift; path = Player.swift; sourceTree = "<group>"; };
		E7D5A2361B7CC1A400F34CE0 /* KDCircularProgress.swift */ = {isa = PBXFileReference; fileEncoding = 4; lastKnownFileType = sourcecode.swift; path = KDCircularProgress.swift; sourceTree = "<group>"; };
		E7D8DCD91BA5C8CA00DB6C11 /* UITagCollectionViewController.swift */ = {isa = PBXFileReference; fileEncoding = 4; lastKnownFileType = sourcecode.swift; path = UITagCollectionViewController.swift; sourceTree = "<group>"; };
		E7E6ABA21BA73ED800BC597D /* HSL.swift */ = {isa = PBXFileReference; fileEncoding = 4; lastKnownFileType = sourcecode.swift; path = HSL.swift; sourceTree = "<group>"; };
		E7E6ABA31BA73ED800BC597D /* UIColor.swift */ = {isa = PBXFileReference; fileEncoding = 4; lastKnownFileType = sourcecode.swift; path = UIColor.swift; sourceTree = "<group>"; };
		E7EBE8661B732FEB00C02F1F /* PersistentManager.swift */ = {isa = PBXFileReference; fileEncoding = 4; lastKnownFileType = sourcecode.swift; path = PersistentManager.swift; sourceTree = "<group>"; };
		E7F08F931B75F18B00B75C25 /* ModelEntity.swift */ = {isa = PBXFileReference; fileEncoding = 4; lastKnownFileType = sourcecode.swift; path = ModelEntity.swift; sourceTree = "<group>"; };
		E7F08F951B75F18C00B75C25 /* FileMgrEntities.swift */ = {isa = PBXFileReference; fileEncoding = 4; lastKnownFileType = sourcecode.swift; path = FileMgrEntities.swift; sourceTree = "<group>"; };
		E7F11CAE1BA9947C00CA7DB2 /* Common.swift */ = {isa = PBXFileReference; fileEncoding = 4; lastKnownFileType = sourcecode.swift; path = Common.swift; sourceTree = "<group>"; };
		E7F14E121B6CE9F400706907 /* CoreDataHelper.swift */ = {isa = PBXFileReference; fileEncoding = 4; lastKnownFileType = sourcecode.swift; path = CoreDataHelper.swift; sourceTree = "<group>"; };
		E7F227551BC662AC0034B745 /* Bahamut-Bridging-Header.h */ = {isa = PBXFileReference; lastKnownFileType = sourcecode.c.h; path = "Bahamut-Bridging-Header.h"; sourceTree = "<group>"; };
		E7F5D6C41BD5EAB1001DEEAA /* SortSharelinkObject.swift */ = {isa = PBXFileReference; fileEncoding = 4; lastKnownFileType = sourcecode.swift; path = SortSharelinkObject.swift; sourceTree = "<group>"; };
		E7FD584C1BCB82B700E42C95 /* ChicagoClient.swift */ = {isa = PBXFileReference; fileEncoding = 4; lastKnownFileType = sourcecode.swift; path = ChicagoClient.swift; sourceTree = "<group>"; };
		E7FD584E1BCBB58400E42C95 /* BahamutConfig.swift */ = {isa = PBXFileReference; fileEncoding = 4; lastKnownFileType = sourcecode.swift; path = BahamutConfig.swift; sourceTree = "<group>"; };
		E7FD58501BCBDB4D00E42C95 /* UIViews.xib */ = {isa = PBXFileReference; fileEncoding = 4; lastKnownFileType = file.xib; path = UIViews.xib; sourceTree = "<group>"; };
		E7FD58521BCBDDDC00E42C95 /* UIClientStateHeader.swift */ = {isa = PBXFileReference; fileEncoding = 4; lastKnownFileType = sourcecode.swift; path = UIClientStateHeader.swift; sourceTree = "<group>"; };
		E7FDBAB31BC4C1A90017BCEF /* WebAssets */ = {isa = PBXFileReference; lastKnownFileType = folder; path = WebAssets; sourceTree = "<group>"; };
		E7FDBAB51BC4EC560017BCEF /* JavaScriptCore.framework */ = {isa = PBXFileReference; lastKnownFileType = wrapper.framework; name = JavaScriptCore.framework; path = System/Library/Frameworks/JavaScriptCore.framework; sourceTree = SDKROOT; };
		E7FFC0341BCA064C00D651CA /* MessageEntity+CoreDataProperties.swift */ = {isa = PBXFileReference; fileEncoding = 4; lastKnownFileType = sourcecode.swift; path = "MessageEntity+CoreDataProperties.swift"; sourceTree = "<group>"; };
		E7FFC0351BCA064C00D651CA /* MessageEntity.swift */ = {isa = PBXFileReference; fileEncoding = 4; lastKnownFileType = sourcecode.swift; path = MessageEntity.swift; sourceTree = "<group>"; };
		E7FFC0361BCA064C00D651CA /* ShareChatEntity+CoreDataProperties.swift */ = {isa = PBXFileReference; fileEncoding = 4; lastKnownFileType = sourcecode.swift; path = "ShareChatEntity+CoreDataProperties.swift"; sourceTree = "<group>"; };
		E7FFC0371BCA064C00D651CA /* ShareChatEntity.swift */ = {isa = PBXFileReference; fileEncoding = 4; lastKnownFileType = sourcecode.swift; path = ShareChatEntity.swift; sourceTree = "<group>"; };
		EAA9324D62B459B4C6CC6210 /* Pods.debug.xcconfig */ = {isa = PBXFileReference; includeInIndex = 1; lastKnownFileType = text.xcconfig; name = Pods.debug.xcconfig; path = "Pods/Target Support Files/Pods/Pods.debug.xcconfig"; sourceTree = "<group>"; };
/* End PBXFileReference section */

/* Begin PBXFrameworksBuildPhase section */
		E7A62FDD1B6609A500F28D73 /* Frameworks */ = {
			isa = PBXFrameworksBuildPhase;
			buildActionMask = 2147483647;
			files = (
				E71276611BE20BC600CCCB3F /* CoreLocation.framework in Frameworks */,
				E71C67031BDFD46B00F36BE4 /* WhatsAppConnection.framework in Frameworks */,
				E7B615F31BCFCAFD00D0831C /* MessageUI.framework in Frameworks */,
				E7B616231BCFCB6E00D0831C /* SMSConnection.framework in Frameworks */,
				E72ACE6C1BE36E700010B244 /* MapKit.framework in Frameworks */,
				E7B6162B1BCFCB6E00D0831C /* TencentOpenAPI.framework in Frameworks */,
				E7B6162F1BCFCB6E00D0831C /* libWeChatSDK.a in Frameworks */,
				E7B616201BCFCB6E00D0831C /* MailConnection.framework in Frameworks */,
				E76C3CB61BE62CCE003869B5 /* SharelinkSDK.framework in Frameworks */,
				E7C4F2AD1BCFB0950050997B /* libsqlite3.tbd in Frameworks */,
				E7C4F2AB1BCFB08A0050997B /* AdSupport.framework in Frameworks */,
				E72ACE691BE36E700010B244 /* AudioToolbox.framework in Frameworks */,
				E7B616331BCFCB6E00D0831C /* ShareSDKShareActionSheet.framework in Frameworks */,
				E7B616211BCFCB6E00D0831C /* QQConnection.framework in Frameworks */,
				E7C4F2A91BCFB0850050997B /* ImageIO.framework in Frameworks */,
				E7B616261BCFCB6E00D0831C /* AGCommon.framework in Frameworks */,
				E7C4F2A71BCFB0660050997B /* libstdc++.tbd in Frameworks */,
				E7B616251BCFCB6E00D0831C /* WeChatConnection.framework in Frameworks */,
				E7B616301BCFCB6E00D0831C /* ShareSDK.framework in Frameworks */,
				E7B616281BCFCB6E00D0831C /* MOBFoundation.framework in Frameworks */,
				E7C4F2A51BCFB0570050997B /* libz.tbd in Frameworks */,
				E7C4F2A31BCFB0470050997B /* libicucore.tbd in Frameworks */,
				E7B616321BCFCB6E00D0831C /* ShareSDKFlatShareViewUI.framework in Frameworks */,
				E708CD1C1BC8C09F000ADD1B /* CoreGraphics.framework in Frameworks */,
				E73CB0921BCAA7EC001BEEAC /* ChatFramework.framework in Frameworks */,
				E7C4F2721BCFA4EF0050997B /* Pods.framework in Frameworks */,
				E7FDBAB61BC4EC560017BCEF /* JavaScriptCore.framework in Frameworks */,
				E70E5B3B1B66907900CEF3BA /* AVKit.framework in Frameworks */,
				E7B6162A1BCFCB6E00D0831C /* ShareSDKCoreService.framework in Frameworks */,
				E7B6161F1BCFCB6E00D0831C /* FacebookConnection.framework in Frameworks */,
				E70E5B391B66906F00CEF3BA /* AVFoundation.framework in Frameworks */,
			);
			runOnlyForDeploymentPostprocessing = 0;
		};
/* End PBXFrameworksBuildPhase section */

/* Begin PBXGroup section */
		7A86D96ED0EE82317F95B25D /* Pods */ = {
			isa = PBXGroup;
			children = (
				EAA9324D62B459B4C6CC6210 /* Pods.debug.xcconfig */,
				56B0F0D44FA2545D49ED69C4 /* Pods.release.xcconfig */,
			);
			name = Pods;
			sourceTree = "<group>";
		};
		D1311D6FD64F106598012550 /* Frameworks */ = {
			isa = PBXGroup;
			children = (
				E76C3CB51BE62CCE003869B5 /* SharelinkSDK.framework */,
				E72ACE6B1BE36E700010B244 /* MapKit.framework */,
				E72ACE681BE36E700010B244 /* AudioToolbox.framework */,
				E71276601BE20BC600CCCB3F /* CoreLocation.framework */,
				E7B615F21BCFCAFD00D0831C /* MessageUI.framework */,
				E7C4F2AC1BCFB0950050997B /* libsqlite3.tbd */,
				E7C4F2AA1BCFB08A0050997B /* AdSupport.framework */,
				E7C4F2A81BCFB0850050997B /* ImageIO.framework */,
				E7C4F2A61BCFB0660050997B /* libstdc++.tbd */,
				E7C4F2A41BCFB0570050997B /* libz.tbd */,
				E7C4F2A21BCFB0470050997B /* libicucore.tbd */,
				E70E5B3A1B66907900CEF3BA /* AVKit.framework */,
				E70E5B381B66906F00CEF3BA /* AVFoundation.framework */,
				E708CD1B1BC8C09F000ADD1B /* CoreGraphics.framework */,
				E79DED6A1BC7DD5C0051CE3C /* ChatFramework.framework */,
				E7FDBAB51BC4EC560017BCEF /* JavaScriptCore.framework */,
				12068C6D6B3CD72448DC90C7 /* Pods.framework */,
			);
			name = Frameworks;
			sourceTree = "<group>";
		};
		E70C48B31BA122B600F805C3 /* FileService */ = {
			isa = PBXGroup;
			children = (
				E72F00761B6C94F8007E9E29 /* FileService.swift */,
				E70C48B41BA122DC00F805C3 /* UploadFileServiceExtension.swift */,
				E70C48B61BA122F000F805C3 /* FetchFileServiceExtension.swift */,
				E70C48B81BA12D5000F805C3 /* UtilFileServiceExtension.swift */,
			);
			name = FileService;
			sourceTree = "<group>";
		};
		E71E07841BE38DE000B1F69D /* SharelinkCmd */ = {
			isa = PBXGroup;
			children = (
				E71E07801BE38DE000B1F69D /* SharelinkCmd.swift */,
				E71E07851BE38DE000B1F69D /* SharelinkCmdManager.swift */,
			);
			name = SharelinkCmd;
			sourceTree = "<group>";
		};
		E71E07871BE38DE000B1F69D /* ChicagoClient */ = {
			isa = PBXGroup;
			children = (
				E7FD584C1BCB82B700E42C95 /* ChicagoClient.swift */,
			);
			name = ChicagoClient;
			sourceTree = "<group>";
		};
		E72B26C41B71E159008E81D6 /* Models */ = {
			isa = PBXGroup;
			children = (
				E795C6DE1BC93A63003B9EDC /* Message */,
				E70C48B31BA122B600F805C3 /* FileService */,
				E79E3E371B6B56A900B27085 /* UserService.swift */,
				E790BD0D1B67F44E00D5426B /* AccountService.swift */,
				E790BD131B68069A00D5426B /* ShareService.swift */,
				E736814F1B96A816004E8B56 /* SharelinkTagService.swift */,
				E712765C1BE2099F00CCCB3F /* NotificationService.swift */,
				E712765E1BE209AD00CCCB3F /* LocationService.swift */,
			);
			name = Models;
			sourceTree = "<group>";
		};
		E72B26C51B71EB8B008E81D6 /* UICustomSegue */ = {
			isa = PBXGroup;
			children = (
				E72B26C61B71EC0B008E81D6 /* StartSegue.swift */,
			);
			name = UICustomSegue;
			sourceTree = "<group>";
		};
		E73CB09A1BCABC1C001BEEAC /* UIBarButtomItem-Badge */ = {
			isa = PBXGroup;
			children = (
				E73CB09B1BCABC1C001BEEAC /* UIBarButtonItem+Badge.h */,
				E73CB09C1BCABC1C001BEEAC /* UIBarButtonItem+Badge.m */,
				E73CB09D1BCABC1C001BEEAC /* UIButton+Badge.h */,
				E73CB09E1BCABC1C001BEEAC /* UIButton+Badge.m */,
			);
			path = "UIBarButtomItem-Badge";
			sourceTree = "<group>";
		};
		E74334301BE8DDF5009C359A /* ChatAssets */ = {
			isa = PBXGroup;
			children = (
				E74334311BE8DDF5009C359A /* chat_animation1.png */,
				E74334321BE8DDF5009C359A /* chat_animation2.png */,
				E74334331BE8DDF5009C359A /* chat_animation3.png */,
				E74334341BE8DDF5009C359A /* chat_animation_white1.png */,
				E74334351BE8DDF5009C359A /* chat_animation_white2.png */,
				E74334361BE8DDF5009C359A /* chat_animation_white3.png */,
				E74334371BE8DDF5009C359A /* chat_ipunt_message.png */,
				E74334381BE8DDF5009C359A /* chat_message_back.png */,
				E74334391BE8DDF5009C359A /* Chat_record_circle.png */,
				E743343A1BE8DDF5009C359A /* chat_send_message.png */,
				E743343B1BE8DDF5009C359A /* Chat_take_picture.png */,
				E743343C1BE8DDF5009C359A /* chat_voice_record.png */,
				E743343D1BE8DDF5009C359A /* chatfrom_bg_normal.png */,
				E743343E1BE8DDF5009C359A /* chatfrom_doctor_icon.png */,
				E743343F1BE8DDF5009C359A /* chatto_bg_normal.png */,
				E74334401BE8DDF5009C359A /* photo */,
			);
			path = ChatAssets;
			sourceTree = "<group>";
		};
		E74334401BE8DDF5009C359A /* photo */ = {
			isa = PBXGroup;
			children = (
				E74334411BE8DDF5009C359A /* headImage.png */,
			);
			path = photo;
			sourceTree = "<group>";
		};
		E75EE44F1B9A05E200783308 /* UIResource */ = {
			isa = PBXGroup;
			children = (
				E7A62FF11B6609A500F28D73 /* LaunchScreen.xib */,
				E71AF30C1BE4ECCD000BBBF8 /* UIMessage.storyboard */,
				E7A62FEC1B6609A500F28D73 /* Main.storyboard */,
				E71AF3171BE4EEF9000BBBF8 /* Component.storyboard */,
				E71AF31E1BE4EFD9000BBBF8 /* UserAccount.storyboard */,
				E7FD58501BCBDB4D00E42C95 /* UIViews.xib */,
			);
			name = UIResource;
			sourceTree = "<group>";
		};
		E7657C3D1B68C30A00FF97FD /* Util */ = {
			isa = PBXGroup;
			children = (
				E7E6ABA11BA73ED800BC597D /* DynamicColor */,
				E78608551BA1E28A00E2BECA /* QRCode.swift */,
				E7B714251B7F36880085E3B6 /* ImageUtil.swift */,
				E75EE4501B9A0DAF00783308 /* InstanceFromStoryBoard.swift */,
				E7A3AA991B9C2B050094B0D0 /* ControllerExtension.swift */,
				E7F11CAE1BA9947C00CA7DB2 /* Common.swift */,
				E7F5D6C41BD5EAB1001DEEAA /* SortSharelinkObject.swift */,
			);
			name = Util;
			sourceTree = "<group>";
		};
		E76A45A91B9E8AE20059AA3D /* Protocol */ = {
			isa = PBXGroup;
			children = (
				E76A45AA1B9E8B090059AA3D /* FileFetcher.swift */,
			);
			name = Protocol;
			sourceTree = "<group>";
		};
		E786084D1BA1DEB600E2BECA /* Sharelinker */ = {
			isa = PBXGroup;
			children = (
				E790BD021B67810200D5426B /* NewUserProfileViewController.swift */,
				E728163C1B7F1A0000A1927E /* UserProfileViewController.swift */,
				E786084F1BA1DF3D00E2BECA /* MyQRViewController.swift */,
				E78608511BA1DF5800E2BECA /* ScanQRViewController.swift */,
				E78608531BA1DF8000E2BECA /* LinkConfirmViewController.swift */,
				E71B00CE1BAB1EEC00BF913B /* MyDetailViewController.swift */,
			);
			name = Sharelinker;
			sourceTree = "<group>";
		};
		E786084E1BA1DEDE00E2BECA /* SharelinkTag */ = {
			isa = PBXGroup;
			children = (
				E7D8DCD91BA5C8CA00DB6C11 /* UITagCollectionViewController.swift */,
				E73E44B91B82058300E0B6EB /* UIUserTagExplorerController.swift */,
				E73E44BB1B823E9600E0B6EB /* UIUserTagEditController.swift */,
			);
			name = SharelinkTag;
			sourceTree = "<group>";
		};
		E790BCEE1B6748FB00D5426B /* UIAccount */ = {
			isa = PBXGroup;
			children = (
				E790BD061B67EA1B00D5426B /* SignInViewController.swift */,
			);
			name = UIAccount;
			sourceTree = "<group>";
		};
		E790BCEF1B674BEF00D5426B /* UIShare */ = {
			isa = PBXGroup;
			children = (
				E790BCE81B6740C100D5426B /* ShareThingsListController.swift */,
				E790BCEA1B67414300D5426B /* UIShareThing.swift */,
				E790BCF51B676EAB00D5426B /* UIShareContent.swift */,
				E7AF239A1B7B651700076202 /* NewShareViewController.swift */,
			);
			name = UIShare;
			sourceTree = "<group>";
		};
		E790BCFB1B677D8000D5426B /* UIReply */ = {
			isa = PBXGroup;
			children = (
				E790BCEC1B6741B800D5426B /* UIReplyMessage.swift */,
			);
			name = UIReply;
			sourceTree = "<group>";
		};
		E790BD081B67EFA000D5426B /* Service */ = {
			isa = PBXGroup;
			children = (
				E72B26C41B71E159008E81D6 /* Models */,
				E790BD091B67EFE600D5426B /* ServiceProtocol.swift */,
				E790BD0B1B67F12000D5426B /* ServiceContainer.swift */,
				E790BD0F1B67FB4600D5426B /* ServiceConfig.swift */,
			);
			name = Service;
			sourceTree = "<group>";
		};
		E7949A231B7F2D55003F7C37 /* UIFile */ = {
			isa = PBXGroup;
			children = (
				E728163A1B7EF2EB00A1927E /* UIFileCollectionController.swift */,
			);
			name = UIFile;
			sourceTree = "<group>";
		};
		E795C6DE1BC93A63003B9EDC /* Message */ = {
			isa = PBXGroup;
			children = (
				E708CD211BC90494000ADD1B /* ChatModel.swift */,
				E790BD111B67FDEF00D5426B /* MessageService.swift */,
			);
			name = Message;
			sourceTree = "<group>";
		};
		E79E3E341B6B567F00B27085 /* UIUser */ = {
			isa = PBXGroup;
			children = (
				E786084E1BA1DEDE00E2BECA /* SharelinkTag */,
				E786084D1BA1DEB600E2BECA /* Sharelinker */,
				E73AD00F1B8378A600EE9EA0 /* UIUserListCell.swift */,
				E72F47251B7637AE002674AB /* LinkedUserListController.swift */,
				E73AD00D1B83166B00EE9EA0 /* UIUserNavigationController.swift */,
			);
			name = UIUser;
			sourceTree = "<group>";
		};
		E79E3E391B6B572700B27085 /* Persistents */ = {
			isa = PBXGroup;
			children = (
				E7FFC03C1BCA067300D651CA /* ModelEntity */,
				E717CC371B725D5200B19D9D /* Bahamut.xcdatamodeld */,
				E7F14E121B6CE9F400706907 /* CoreDataHelper.swift */,
				E7EBE8661B732FEB00C02F1F /* PersistentManager.swift */,
			);
			name = Persistents;
			sourceTree = "<group>";
		};
		E79E3E3A1B6B591800B27085 /* Source */ = {
			isa = PBXGroup;
			children = (
				E7F225FE1BC646F00034B745 /* UIMessage */,
				E76A45A91B9E8AE20059AA3D /* Protocol */,
				E75EE44F1B9A05E200783308 /* UIResource */,
				E7949A231B7F2D55003F7C37 /* UIFile */,
				E72B26C51B71EB8B008E81D6 /* UICustomSegue */,
				E7B664FD1B6B78EA00032495 /* UIComponent */,
				E790BCEF1B674BEF00D5426B /* UIShare */,
				E790BCEE1B6748FB00D5426B /* UIAccount */,
				E790BCFB1B677D8000D5426B /* UIReply */,
				E79E3E341B6B567F00B27085 /* UIUser */,
				E790BD081B67EFA000D5426B /* Service */,
				E7657C3D1B68C30A00FF97FD /* Util */,
				E71E07871BE38DE000B1F69D /* ChicagoClient */,
				E71E07841BE38DE000B1F69D /* SharelinkCmd */,
				E79E3E391B6B572700B27085 /* Persistents */,
				E7A62FE51B6609A500F28D73 /* AppDelegate.swift */,
				E7657C401B6918DE00FF97FD /* MainNavigationController.swift */,
				E73AD00B1B83160900EE9EA0 /* MainViewTabBarController.swift */,
				E7FD584E1BCBB58400E42C95 /* BahamutConfig.swift */,
			);
			name = Source;
			sourceTree = "<group>";
		};
		E7A62FD71B6609A500F28D73 = {
			isa = PBXGroup;
			children = (
				E7A62FE11B6609A500F28D73 /* Products */,
				E7A62FE21B6609A500F28D73 /* Bahamut */,
				7A86D96ED0EE82317F95B25D /* Pods */,
				D1311D6FD64F106598012550 /* Frameworks */,
			);
			sourceTree = "<group>";
		};
		E7A62FE11B6609A500F28D73 /* Products */ = {
			isa = PBXGroup;
			children = (
				E7A62FE01B6609A500F28D73 /* Bahamut.app */,
			);
			name = Products;
			sourceTree = "<group>";
		};
		E7A62FE21B6609A500F28D73 /* Bahamut */ = {
			isa = PBXGroup;
			children = (
				E74334301BE8DDF5009C359A /* ChatAssets */,
				E7B615F41BCFCB6E00D0831C /* ShareSDK */,
				E7FDBAB31BC4C1A90017BCEF /* WebAssets */,
				E7B665011B6B8EA200032495 /* Assets */,
				E79E3E3A1B6B591800B27085 /* Source */,
				E7A62FEF1B6609A500F28D73 /* Images.xcassets */,
				E7A62FE31B6609A500F28D73 /* Supporting Files */,
			);
			path = Bahamut;
			sourceTree = "<group>";
		};
		E7A62FE31B6609A500F28D73 /* Supporting Files */ = {
			isa = PBXGroup;
			children = (
				E72ACE6A1BE36E700010B244 /* Bahamut.entitlements */,
				E7F227551BC662AC0034B745 /* Bahamut-Bridging-Header.h */,
				E7A62FE41B6609A500F28D73 /* Info.plist */,
				E71AF3271BE4FE11000BBBF8 /* Localizable.strings */,
			);
			name = "Supporting Files";
			sourceTree = "<group>";
		};
		E7B615F41BCFCB6E00D0831C /* ShareSDK */ = {
			isa = PBXGroup;
			children = (
				E7B615F51BCFCB6E00D0831C /* Connection */,
				E7B615FD1BCFCB6E00D0831C /* Core */,
				E7B616051BCFCB6E00D0831C /* Extend */,
				E7B6161A1BCFCB6E00D0831C /* ShareSDK.framework */,
				E7B6161B1BCFCB6E00D0831C /* UI */,
			);
			path = ShareSDK;
			sourceTree = "<group>";
		};
		E7B615F51BCFCB6E00D0831C /* Connection */ = {
			isa = PBXGroup;
			children = (
				E71C67021BDFD46B00F36BE4 /* WhatsAppConnection.framework */,
				E7B615F61BCFCB6E00D0831C /* FacebookConnection.framework */,
				E7B615F71BCFCB6E00D0831C /* MailConnection.framework */,
				E7B615F81BCFCB6E00D0831C /* QQConnection.framework */,
				E7B615F91BCFCB6E00D0831C /* SinaWeiboConnection.framework */,
				E7B615FA1BCFCB6E00D0831C /* SMSConnection.framework */,
				E7B615FB1BCFCB6E00D0831C /* TwitterConnection.framework */,
				E7B615FC1BCFCB6E00D0831C /* WeChatConnection.framework */,
			);
			path = Connection;
			sourceTree = "<group>";
		};
		E7B615FD1BCFCB6E00D0831C /* Core */ = {
			isa = PBXGroup;
			children = (
				E7B615FE1BCFCB6E00D0831C /* AGCommon.framework */,
				E7B615FF1BCFCB6E00D0831C /* ShareSDKLocalizable.strings */,
				E7B616011BCFCB6E00D0831C /* MOBFoundation.framework */,
				E7B616021BCFCB6E00D0831C /* Resource.bundle */,
				E7B616031BCFCB6E00D0831C /* ShareSDKCoreService.framework */,
			);
			path = Core;
			sourceTree = "<group>";
		};
		E7B616051BCFCB6E00D0831C /* Extend */ = {
			isa = PBXGroup;
			children = (
				E7B616061BCFCB6E00D0831C /* QQConnectSDK */,
				E7B616161BCFCB6E00D0831C /* WeChatSDK */,
			);
			path = Extend;
			sourceTree = "<group>";
		};
		E7B616061BCFCB6E00D0831C /* QQConnectSDK */ = {
			isa = PBXGroup;
			children = (
				E7B616071BCFCB6E00D0831C /* TencentOpenAPI.framework */,
				E7B616081BCFCB6E00D0831C /* TencentOpenApi_IOS_Bundle.bundle */,
			);
			path = QQConnectSDK;
			sourceTree = "<group>";
		};
		E7B616161BCFCB6E00D0831C /* WeChatSDK */ = {
			isa = PBXGroup;
			children = (
				E7B616171BCFCB6E00D0831C /* libWeChatSDK.a */,
				E7B616181BCFCB6E00D0831C /* WXApi.h */,
				E7B616191BCFCB6E00D0831C /* WXApiObject.h */,
			);
			path = WeChatSDK;
			sourceTree = "<group>";
		};
		E7B6161B1BCFCB6E00D0831C /* UI */ = {
			isa = PBXGroup;
			children = (
				E7B6161C1BCFCB6E00D0831C /* ShareSDKFlatShareViewUI.bundle */,
				E7B6161D1BCFCB6E00D0831C /* ShareSDKFlatShareViewUI.framework */,
				E7B6161E1BCFCB6E00D0831C /* ShareSDKShareActionSheet.framework */,
			);
			path = UI;
			sourceTree = "<group>";
		};
		E7B664FD1B6B78EA00032495 /* UIComponent */ = {
			isa = PBXGroup;
			children = (
				E73CB09A1BCABC1C001BEEAC /* UIBarButtomItem-Badge */,
				E754AE291B7C749B0077EECC /* UICameraViewController.swift */,
				E7FD58521BCBDDDC00E42C95 /* UIClientStateHeader.swift */,
				E7D5A2321B7CBE6E00F34CE0 /* HRToast+UIView.swift */,
				E7D5A2361B7CC1A400F34CE0 /* KDCircularProgress.swift */,
				E7D5A2341B7CC0D800F34CE0 /* Player.swift */,
				E7B5219B1B79AD08001C2AE4 /* ShareLinkFilmView.swift */,
				E73E44B71B81CC9D00E0B6EB /* UIResourceExplorerController.swift */,
				E7A3AA971B9C0A650094B0D0 /* UIEditTextPropertyViewController.swift */,
				E7A3AA9B1B9C332F0094B0D0 /* UIImagePlayerController.swift */,
				E7555E191BA2AE20004C2129 /* UIVideoExplorerController.swift */,
				E71E07821BE38DE000B1F69D /* SimpleBrowser.swift */,
			);
			name = UIComponent;
			sourceTree = "<group>";
		};
		E7B665011B6B8EA200032495 /* Assets */ = {
			isa = PBXGroup;
			children = (
				E7A645341BE9E39E00204D1A /* SharelinkFilm.mp4 */,
				E70C48BA1BA1331F00F805C3 /* AssetsConstants.swift */,
			);
			name = Assets;
			sourceTree = "<group>";
		};
		E7E6ABA11BA73ED800BC597D /* DynamicColor */ = {
			isa = PBXGroup;
			children = (
				E7E6ABA21BA73ED800BC597D /* HSL.swift */,
				E7E6ABA31BA73ED800BC597D /* UIColor.swift */,
			);
			path = DynamicColor;
			sourceTree = "<group>";
		};
		E7F225FE1BC646F00034B745 /* UIMessage */ = {
			isa = PBXGroup;
			children = (
				E798102D1BC6C38B002F35A5 /* ChatViewController.swift */,
				E708CD1F1BC8F9F0000ADD1B /* ChatRoomListViewController.swift */,
				E795C6DF1BC94DA9003B9EDC /* UUMsgItem.swift */,
			);
			name = UIMessage;
			sourceTree = "<group>";
		};
		E7FFC03C1BCA067300D651CA /* ModelEntity */ = {
			isa = PBXGroup;
			children = (
				E7FFC0341BCA064C00D651CA /* MessageEntity+CoreDataProperties.swift */,
				E7FFC0351BCA064C00D651CA /* MessageEntity.swift */,
				E7FFC0361BCA064C00D651CA /* ShareChatEntity+CoreDataProperties.swift */,
				E7FFC0371BCA064C00D651CA /* ShareChatEntity.swift */,
				E7F08F951B75F18C00B75C25 /* FileMgrEntities.swift */,
				E7F08F931B75F18B00B75C25 /* ModelEntity.swift */,
			);
			name = ModelEntity;
			sourceTree = "<group>";
		};
/* End PBXGroup section */

/* Begin PBXNativeTarget section */
		E7A62FDF1B6609A500F28D73 /* Bahamut */ = {
			isa = PBXNativeTarget;
			buildConfigurationList = E7A630021B6609A500F28D73 /* Build configuration list for PBXNativeTarget "Bahamut" */;
			buildPhases = (
				94168F7710FC70B9633834AA /* Check Pods Manifest.lock */,
				E7A62FDC1B6609A500F28D73 /* Sources */,
				E7A62FDD1B6609A500F28D73 /* Frameworks */,
				E7A62FDE1B6609A500F28D73 /* Resources */,
				D28A50F4C8BC5250128327F8 /* Embed Pods Frameworks */,
				5E5B533462BB1C9FCE028608 /* Copy Pods Resources */,
				E7C823A01BC7F9B40089F9EF /* Embed Frameworks */,
			);
			buildRules = (
			);
			dependencies = (
			);
			name = Bahamut;
			productName = Bahamut;
			productReference = E7A62FE01B6609A500F28D73 /* Bahamut.app */;
			productType = "com.apple.product-type.application";
		};
/* End PBXNativeTarget section */

/* Begin PBXProject section */
		E7A62FD81B6609A500F28D73 /* Project object */ = {
			isa = PBXProject;
			attributes = {
				LastSwiftUpdateCheck = 0700;
				LastUpgradeCheck = 0710;
				ORGANIZATIONNAME = GStudio;
				TargetAttributes = {
					E7A62FDF1B6609A500F28D73 = {
						CreatedOnToolsVersion = 6.4;
						DevelopmentTeam = 9UH472QS6S;
						SystemCapabilities = {
							com.apple.InterAppAudio = {
								enabled = 1;
							};
							com.apple.Maps.iOS = {
								enabled = 1;
							};
						};
					};
				};
			};
			buildConfigurationList = E7A62FDB1B6609A500F28D73 /* Build configuration list for PBXProject "Bahamut" */;
			compatibilityVersion = "Xcode 3.2";
			developmentRegion = English;
			hasScannedForEncodings = 0;
			knownRegions = (
				en,
				Base,
				"zh-Hans",
			);
			mainGroup = E7A62FD71B6609A500F28D73;
			productRefGroup = E7A62FE11B6609A500F28D73 /* Products */;
			projectDirPath = "";
			projectRoot = "";
			targets = (
				E7A62FDF1B6609A500F28D73 /* Bahamut */,
			);
		};
/* End PBXProject section */

/* Begin PBXResourcesBuildPhase section */
		E7A62FDE1B6609A500F28D73 /* Resources */ = {
			isa = PBXResourcesBuildPhase;
			buildActionMask = 2147483647;
			files = (
				E71AF3151BE4EEF9000BBBF8 /* Component.storyboard in Resources */,
				E71AF30A1BE4ECCD000BBBF8 /* UIMessage.storyboard in Resources */,
				E74334501BE8DDF5009C359A /* chatto_bg_normal.png in Resources */,
				E7FDBAB41BC4C1A90017BCEF /* WebAssets in Resources */,
				E74334511BE8DDF5009C359A /* headImage.png in Resources */,
				E74334491BE8DDF5009C359A /* chat_message_back.png in Resources */,
				E74334461BE8DDF5009C359A /* chat_animation_white2.png in Resources */,
				E74334451BE8DDF5009C359A /* chat_animation_white1.png in Resources */,
				E7FD58511BCBDB4D00E42C95 /* UIViews.xib in Resources */,
				E7A62FEE1B6609A500F28D73 /* Main.storyboard in Resources */,
				E743344F1BE8DDF5009C359A /* chatfrom_doctor_icon.png in Resources */,
				E7A645351BE9E39E00204D1A /* SharelinkFilm.mp4 in Resources */,
				E71AF31C1BE4EFD9000BBBF8 /* UserAccount.storyboard in Resources */,
				E74334431BE8DDF5009C359A /* chat_animation2.png in Resources */,
				E7B616271BCFCB6E00D0831C /* ShareSDKLocalizable.strings in Resources */,
				E71AF3251BE4FE11000BBBF8 /* Localizable.strings in Resources */,
				E74334441BE8DDF5009C359A /* chat_animation3.png in Resources */,
				E743344C1BE8DDF5009C359A /* Chat_take_picture.png in Resources */,
				E743344D1BE8DDF5009C359A /* chat_voice_record.png in Resources */,
				E7B6162C1BCFCB6E00D0831C /* TencentOpenApi_IOS_Bundle.bundle in Resources */,
				E7A62FF31B6609A500F28D73 /* LaunchScreen.xib in Resources */,
				E743344A1BE8DDF5009C359A /* Chat_record_circle.png in Resources */,
				E74334481BE8DDF5009C359A /* chat_ipunt_message.png in Resources */,
				E7B616291BCFCB6E00D0831C /* Resource.bundle in Resources */,
				E7A62FF01B6609A500F28D73 /* Images.xcassets in Resources */,
				E7B616311BCFCB6E00D0831C /* ShareSDKFlatShareViewUI.bundle in Resources */,
				E743344B1BE8DDF5009C359A /* chat_send_message.png in Resources */,
				E74334471BE8DDF5009C359A /* chat_animation_white3.png in Resources */,
				E74334421BE8DDF5009C359A /* chat_animation1.png in Resources */,
				E743344E1BE8DDF5009C359A /* chatfrom_bg_normal.png in Resources */,
			);
			runOnlyForDeploymentPostprocessing = 0;
		};
/* End PBXResourcesBuildPhase section */

/* Begin PBXShellScriptBuildPhase section */
		5E5B533462BB1C9FCE028608 /* Copy Pods Resources */ = {
			isa = PBXShellScriptBuildPhase;
			buildActionMask = 2147483647;
			files = (
			);
			inputPaths = (
			);
			name = "Copy Pods Resources";
			outputPaths = (
			);
			runOnlyForDeploymentPostprocessing = 0;
			shellPath = /bin/sh;
			shellScript = "\"${SRCROOT}/Pods/Target Support Files/Pods/Pods-resources.sh\"\n";
			showEnvVarsInLog = 0;
		};
		94168F7710FC70B9633834AA /* Check Pods Manifest.lock */ = {
			isa = PBXShellScriptBuildPhase;
			buildActionMask = 2147483647;
			files = (
			);
			inputPaths = (
			);
			name = "Check Pods Manifest.lock";
			outputPaths = (
			);
			runOnlyForDeploymentPostprocessing = 0;
			shellPath = /bin/sh;
			shellScript = "diff \"${PODS_ROOT}/../Podfile.lock\" \"${PODS_ROOT}/Manifest.lock\" > /dev/null\nif [[ $? != 0 ]] ; then\n    cat << EOM\nerror: The sandbox is not in sync with the Podfile.lock. Run 'pod install' or update your CocoaPods installation.\nEOM\n    exit 1\nfi\n";
			showEnvVarsInLog = 0;
		};
		D28A50F4C8BC5250128327F8 /* Embed Pods Frameworks */ = {
			isa = PBXShellScriptBuildPhase;
			buildActionMask = 2147483647;
			files = (
			);
			inputPaths = (
			);
			name = "Embed Pods Frameworks";
			outputPaths = (
			);
			runOnlyForDeploymentPostprocessing = 0;
			shellPath = /bin/sh;
			shellScript = "\"${SRCROOT}/Pods/Target Support Files/Pods/Pods-frameworks.sh\"\n";
			showEnvVarsInLog = 0;
		};
/* End PBXShellScriptBuildPhase section */

/* Begin PBXSourcesBuildPhase section */
		E7A62FDC1B6609A500F28D73 /* Sources */ = {
			isa = PBXSourcesBuildPhase;
			buildActionMask = 2147483647;
			files = (
				E73AD0101B8378A600EE9EA0 /* UIUserListCell.swift in Sources */,
				E728163D1B7F1A0000A1927E /* UserProfileViewController.swift in Sources */,
				E712765F1BE209AD00CCCB3F /* LocationService.swift in Sources */,
				E7FFC0381BCA064C00D651CA /* MessageEntity+CoreDataProperties.swift in Sources */,
				E7FD584D1BCB82B700E42C95 /* ChicagoClient.swift in Sources */,
				E71E07811BE38DE000B1F69D /* SharelinkCmd.swift in Sources */,
				E790BD0C1B67F12000D5426B /* ServiceContainer.swift in Sources */,
				E7D5A2351B7CC0D800F34CE0 /* Player.swift in Sources */,
				E73681501B96A816004E8B56 /* SharelinkTagService.swift in Sources */,
				E78608561BA1E28A00E2BECA /* QRCode.swift in Sources */,
				E7FD58531BCBDDDC00E42C95 /* UIClientStateHeader.swift in Sources */,
				E71E07831BE38DE000B1F69D /* SimpleBrowser.swift in Sources */,
				E72F47261B7637AE002674AB /* LinkedUserListController.swift in Sources */,
				E72B26C71B71EC0B008E81D6 /* StartSegue.swift in Sources */,
				E708CD201BC8F9F0000ADD1B /* ChatRoomListViewController.swift in Sources */,
				E7F11CAF1BA9947C00CA7DB2 /* Common.swift in Sources */,
				E7FFC03A1BCA064C00D651CA /* ShareChatEntity+CoreDataProperties.swift in Sources */,
				E73CB0A01BCABC1C001BEEAC /* UIButton+Badge.m in Sources */,
				E7D8DCDA1BA5C8CA00DB6C11 /* UITagCollectionViewController.swift in Sources */,
				E73E44BC1B823E9600E0B6EB /* UIUserTagEditController.swift in Sources */,
				E7B5219C1B79AD08001C2AE4 /* ShareLinkFilmView.swift in Sources */,
				E798102E1BC6C38B002F35A5 /* ChatViewController.swift in Sources */,
				E7657C411B6918DE00FF97FD /* MainNavigationController.swift in Sources */,
				E7B714261B7F36880085E3B6 /* ImageUtil.swift in Sources */,
				E75EE4511B9A0DAF00783308 /* InstanceFromStoryBoard.swift in Sources */,
				E790BD0A1B67EFE600D5426B /* ServiceProtocol.swift in Sources */,
				E78608521BA1DF5800E2BECA /* ScanQRViewController.swift in Sources */,
				E7AF239B1B7B651700076202 /* NewShareViewController.swift in Sources */,
				E7FFC03B1BCA064C00D651CA /* ShareChatEntity.swift in Sources */,
				E790BD141B68069A00D5426B /* ShareService.swift in Sources */,
				E72F00771B6C94F8007E9E29 /* FileService.swift in Sources */,
				E790BD121B67FDEF00D5426B /* MessageService.swift in Sources */,
				E7EBE8671B732FEB00C02F1F /* PersistentManager.swift in Sources */,
				E7D5A2331B7CBE6E00F34CE0 /* HRToast+UIView.swift in Sources */,
				E7F5D6C51BD5EAB1001DEEAA /* SortSharelinkObject.swift in Sources */,
				E7F08F941B75F18B00B75C25 /* ModelEntity.swift in Sources */,
				E73AD00E1B83166B00EE9EA0 /* UIUserNavigationController.swift in Sources */,
				E71B00CF1BAB1EEC00BF913B /* MyDetailViewController.swift in Sources */,
				E7FD584F1BCBB58400E42C95 /* BahamutConfig.swift in Sources */,
				E790BCEB1B67414300D5426B /* UIShareThing.swift in Sources */,
				E7A3AA9A1B9C2B050094B0D0 /* ControllerExtension.swift in Sources */,
				E717CC391B725D5200B19D9D /* Bahamut.xcdatamodeld in Sources */,
				E7D5A2371B7CC1A400F34CE0 /* KDCircularProgress.swift in Sources */,
				E73AD00C1B83160900EE9EA0 /* MainViewTabBarController.swift in Sources */,
				E78608541BA1DF8000E2BECA /* LinkConfirmViewController.swift in Sources */,
				E7E6ABA41BA73ED800BC597D /* HSL.swift in Sources */,
				E7F08F961B75F18C00B75C25 /* FileMgrEntities.swift in Sources */,
				E70C48B71BA122F000F805C3 /* FetchFileServiceExtension.swift in Sources */,
				E7FFC0391BCA064C00D651CA /* MessageEntity.swift in Sources */,
				E790BD0E1B67F44E00D5426B /* AccountService.swift in Sources */,
				E728163B1B7EF2EB00A1927E /* UIFileCollectionController.swift in Sources */,
				E790BCF61B676EAB00D5426B /* UIShareContent.swift in Sources */,
				E71E07861BE38DE000B1F69D /* SharelinkCmdManager.swift in Sources */,
				E7A3AA981B9C0A650094B0D0 /* UIEditTextPropertyViewController.swift in Sources */,
				E73E44B81B81CC9D00E0B6EB /* UIResourceExplorerController.swift in Sources */,
				E790BD101B67FB4600D5426B /* ServiceConfig.swift in Sources */,
				E70C48BB1BA1331F00F805C3 /* AssetsConstants.swift in Sources */,
				E790BD071B67EA1B00D5426B /* SignInViewController.swift in Sources */,
				E7A3AA9C1B9C332F0094B0D0 /* UIImagePlayerController.swift in Sources */,
				E79E3E381B6B56A900B27085 /* UserService.swift in Sources */,
				E7F14E131B6CE9F400706907 /* CoreDataHelper.swift in Sources */,
				E7E6ABA51BA73ED800BC597D /* UIColor.swift in Sources */,
				E790BCED1B6741B800D5426B /* UIReplyMessage.swift in Sources */,
				E795C6E01BC94DA9003B9EDC /* UUMsgItem.swift in Sources */,
				E70C48B91BA12D5000F805C3 /* UtilFileServiceExtension.swift in Sources */,
				E790BD031B67810200D5426B /* NewUserProfileViewController.swift in Sources */,
				E78608501BA1DF3D00E2BECA /* MyQRViewController.swift in Sources */,
				E754AE2A1B7C749B0077EECC /* UICameraViewController.swift in Sources */,
				E790BCE91B6740C100D5426B /* ShareThingsListController.swift in Sources */,
				E70C48B51BA122DC00F805C3 /* UploadFileServiceExtension.swift in Sources */,
				E73CB09F1BCABC1C001BEEAC /* UIBarButtonItem+Badge.m in Sources */,
				E708CD221BC90494000ADD1B /* ChatModel.swift in Sources */,
				E7555E1A1BA2AE20004C2129 /* UIVideoExplorerController.swift in Sources */,
				E712765D1BE2099F00CCCB3F /* NotificationService.swift in Sources */,
				E7A62FE61B6609A500F28D73 /* AppDelegate.swift in Sources */,
				E76A45AB1B9E8B090059AA3D /* FileFetcher.swift in Sources */,
				E73E44BA1B82058300E0B6EB /* UIUserTagExplorerController.swift in Sources */,
			);
			runOnlyForDeploymentPostprocessing = 0;
		};
/* End PBXSourcesBuildPhase section */

/* Begin PBXVariantGroup section */
		E71AF30C1BE4ECCD000BBBF8 /* UIMessage.storyboard */ = {
			isa = PBXVariantGroup;
			children = (
				E71AF32C1BE500A4000BBBF8 /* en */,
				E71AF32D1BE500A5000BBBF8 /* zh-Hans */,
			);
			name = UIMessage.storyboard;
			sourceTree = "<group>";
		};
		E71AF3171BE4EEF9000BBBF8 /* Component.storyboard */ = {
			isa = PBXVariantGroup;
			children = (
				E71AF3301BE500D0000BBBF8 /* en */,
				E71AF3311BE500D1000BBBF8 /* zh-Hans */,
			);
			name = Component.storyboard;
			sourceTree = "<group>";
		};
		E71AF31E1BE4EFD9000BBBF8 /* UserAccount.storyboard */ = {
			isa = PBXVariantGroup;
			children = (
				E71AF3321BE500E0000BBBF8 /* en */,
				E71AF3331BE500E0000BBBF8 /* zh-Hans */,
			);
			name = UserAccount.storyboard;
			sourceTree = "<group>";
		};
		E71AF3271BE4FE11000BBBF8 /* Localizable.strings */ = {
			isa = PBXVariantGroup;
			children = (
				E71AF3281BE4FE12000BBBF8 /* en */,
				E71AF3291BE4FE14000BBBF8 /* zh-Hans */,
			);
			name = Localizable.strings;
			sourceTree = "<group>";
		};
		E7A62FEC1B6609A500F28D73 /* Main.storyboard */ = {
			isa = PBXVariantGroup;
			children = (
				E71AF32E1BE500B9000BBBF8 /* en */,
				E71AF32F1BE500BA000BBBF8 /* zh-Hans */,
			);
			name = Main.storyboard;
			sourceTree = "<group>";
		};
		E7A62FF11B6609A500F28D73 /* LaunchScreen.xib */ = {
			isa = PBXVariantGroup;
			children = (
				E71AF32A1BE50082000BBBF8 /* en */,
				E71AF32B1BE50082000BBBF8 /* zh-Hans */,
			);
			name = LaunchScreen.xib;
			sourceTree = "<group>";
		};
		E7B615FF1BCFCB6E00D0831C /* ShareSDKLocalizable.strings */ = {
			isa = PBXVariantGroup;
			children = (
				E7B616001BCFCB6E00D0831C /* en */,
				E7B616041BCFCB6E00D0831C /* zh-Hans */,
			);
			name = ShareSDKLocalizable.strings;
			sourceTree = "<group>";
		};
/* End PBXVariantGroup section */

/* Begin XCBuildConfiguration section */
		E7A630001B6609A500F28D73 /* Debug */ = {
			isa = XCBuildConfiguration;
			buildSettings = {
				ALWAYS_SEARCH_USER_PATHS = NO;
				CLANG_CXX_LANGUAGE_STANDARD = "gnu++0x";
				CLANG_CXX_LIBRARY = "libc++";
				CLANG_ENABLE_MODULES = YES;
				CLANG_ENABLE_OBJC_ARC = YES;
				CLANG_WARN_BOOL_CONVERSION = YES;
				CLANG_WARN_CONSTANT_CONVERSION = YES;
				CLANG_WARN_DIRECT_OBJC_ISA_USAGE = YES_ERROR;
				CLANG_WARN_EMPTY_BODY = YES;
				CLANG_WARN_ENUM_CONVERSION = YES;
				CLANG_WARN_INT_CONVERSION = YES;
				CLANG_WARN_OBJC_ROOT_CLASS = YES_ERROR;
				CLANG_WARN_UNREACHABLE_CODE = YES;
				CLANG_WARN__DUPLICATE_METHOD_MATCH = YES;
				"CODE_SIGN_IDENTITY[sdk=iphoneos*]" = "iPhone Developer";
				COPY_PHASE_STRIP = NO;
				DEBUG_INFORMATION_FORMAT = "dwarf-with-dsym";
				DEFINES_MODULE = YES;
				ENABLE_STRICT_OBJC_MSGSEND = YES;
				ENABLE_TESTABILITY = YES;
				GCC_C_LANGUAGE_STANDARD = gnu99;
				GCC_DYNAMIC_NO_PIC = NO;
				GCC_NO_COMMON_BLOCKS = YES;
				GCC_OPTIMIZATION_LEVEL = 0;
				GCC_PREPROCESSOR_DEFINITIONS = (
					"DEBUG=1",
					"$(inherited)",
				);
				GCC_SYMBOLS_PRIVATE_EXTERN = NO;
				GCC_WARN_64_TO_32_BIT_CONVERSION = YES;
				GCC_WARN_ABOUT_RETURN_TYPE = YES_ERROR;
				GCC_WARN_UNDECLARED_SELECTOR = YES;
				GCC_WARN_UNINITIALIZED_AUTOS = YES_AGGRESSIVE;
				GCC_WARN_UNUSED_FUNCTION = YES;
				GCC_WARN_UNUSED_VARIABLE = YES;
				IPHONEOS_DEPLOYMENT_TARGET = 8.4;
				MTL_ENABLE_DEBUG_INFO = YES;
				ONLY_ACTIVE_ARCH = YES;
				PRODUCT_MODULE_NAME = Bahamut;
				SDKROOT = iphoneos;
				SWIFT_OPTIMIZATION_LEVEL = "-Onone";
				TARGETED_DEVICE_FAMILY = "1,2";
			};
			name = Debug;
		};
		E7A630011B6609A500F28D73 /* Release */ = {
			isa = XCBuildConfiguration;
			buildSettings = {
				ALWAYS_SEARCH_USER_PATHS = NO;
				CLANG_CXX_LANGUAGE_STANDARD = "gnu++0x";
				CLANG_CXX_LIBRARY = "libc++";
				CLANG_ENABLE_MODULES = YES;
				CLANG_ENABLE_OBJC_ARC = YES;
				CLANG_WARN_BOOL_CONVERSION = YES;
				CLANG_WARN_CONSTANT_CONVERSION = YES;
				CLANG_WARN_DIRECT_OBJC_ISA_USAGE = YES_ERROR;
				CLANG_WARN_EMPTY_BODY = YES;
				CLANG_WARN_ENUM_CONVERSION = YES;
				CLANG_WARN_INT_CONVERSION = YES;
				CLANG_WARN_OBJC_ROOT_CLASS = YES_ERROR;
				CLANG_WARN_UNREACHABLE_CODE = YES;
				CLANG_WARN__DUPLICATE_METHOD_MATCH = YES;
				"CODE_SIGN_IDENTITY[sdk=iphoneos*]" = "iPhone Developer";
				COPY_PHASE_STRIP = NO;
				DEBUG_INFORMATION_FORMAT = "dwarf-with-dsym";
				DEFINES_MODULE = YES;
				ENABLE_NS_ASSERTIONS = NO;
				ENABLE_STRICT_OBJC_MSGSEND = YES;
				GCC_C_LANGUAGE_STANDARD = gnu99;
				GCC_NO_COMMON_BLOCKS = YES;
				GCC_WARN_64_TO_32_BIT_CONVERSION = YES;
				GCC_WARN_ABOUT_RETURN_TYPE = YES_ERROR;
				GCC_WARN_UNDECLARED_SELECTOR = YES;
				GCC_WARN_UNINITIALIZED_AUTOS = YES_AGGRESSIVE;
				GCC_WARN_UNUSED_FUNCTION = YES;
				GCC_WARN_UNUSED_VARIABLE = YES;
				IPHONEOS_DEPLOYMENT_TARGET = 8.4;
				MTL_ENABLE_DEBUG_INFO = NO;
				PRODUCT_MODULE_NAME = Bahamut;
				SDKROOT = iphoneos;
				TARGETED_DEVICE_FAMILY = "1,2";
				VALIDATE_PRODUCT = YES;
			};
			name = Release;
		};
		E7A630031B6609A500F28D73 /* Debug */ = {
			isa = XCBuildConfiguration;
			baseConfigurationReference = EAA9324D62B459B4C6CC6210 /* Pods.debug.xcconfig */;
			buildSettings = {
				ASSETCATALOG_COMPILER_APPICON_NAME = AppIcon;
				CODE_SIGN_ENTITLEMENTS = Bahamut/Bahamut.entitlements;
				CODE_SIGN_IDENTITY = "iPhone Developer";
				"CODE_SIGN_IDENTITY[sdk=iphoneos*]" = "iPhone Developer";
				DEFINES_MODULE = NO;
				ENABLE_BITCODE = NO;
				FRAMEWORK_SEARCH_PATHS = (
					"$(PROJECT_DIR)/ShareSDK/extends/QQSDK",
					"$(PROJECT_DIR)/ShareSDK",
					"$(PROJECT_DIR)/Bahamut/ShareSDK/Connection",
					"$(PROJECT_DIR)/Bahamut/ShareSDK/Core",
					"$(PROJECT_DIR)/Bahamut/ShareSDK/Extend/QQConnectSDK",
					"$(PROJECT_DIR)/Bahamut/ShareSDK",
					"$(PROJECT_DIR)/Bahamut/ShareSDK/UI",
				);
				INFOPLIST_FILE = Bahamut/Info.plist;
				IPHONEOS_DEPLOYMENT_TARGET = 8.0;
				LD_RUNPATH_SEARCH_PATHS = "$(inherited) @executable_path/Frameworks";
				LIBRARY_SEARCH_PATHS = (
					"$(inherited)",
					"$(SDKROOT)/usr/lib/system",
					"$(PROJECT_DIR)/ShareSDK/extends/SinaWeiboSDK",
					"$(PROJECT_DIR)/ShareSDK/extends/WeChatSDK",
					"$(PROJECT_DIR)/Bahamut/ShareSDK/Extend/SinaWeiboSDK",
					"$(PROJECT_DIR)/Bahamut/ShareSDK/Extend/WeChatSDK",
				);
				OTHER_LDFLAGS = (
					"$(inherited)",
					"-framework",
					"\"Alamofire\"",
					"-framework",
					"\"EVReflection\"",
					"-framework",
					"\"MJRefresh\"",
					"-framework",
					"\"PBJVision\"",
					"-ObjC",
				);
				PRODUCT_BUNDLE_IDENTIFIER = com.bahamut.sharelink;
				PRODUCT_MODULE_NAME = Bahamut;
				PRODUCT_NAME = "$(TARGET_NAME)";
				PROVISIONING_PROFILE = "";
				SDKROOT = iphoneos;
				SWIFT_OBJC_BRIDGING_HEADER = "/Users/alexchow/GitHub/bahamut/Bahamut/Bahamut/Bahamut-Bridging-Header.h";
				SWIFT_OBJC_INTERFACE_HEADER_NAME = "";
				TARGETED_DEVICE_FAMILY = 1;
				VALID_ARCHS = "arm64 armv7 armv7s x86_64 i386";
			};
			name = Debug;
		};
		E7A630041B6609A500F28D73 /* Release */ = {
			isa = XCBuildConfiguration;
			baseConfigurationReference = 56B0F0D44FA2545D49ED69C4 /* Pods.release.xcconfig */;
			buildSettings = {
				ASSETCATALOG_COMPILER_APPICON_NAME = AppIcon;
				CODE_SIGN_ENTITLEMENTS = Bahamut/Bahamut.entitlements;
				CODE_SIGN_IDENTITY = "iPhone Developer";
				"CODE_SIGN_IDENTITY[sdk=iphoneos*]" = "iPhone Developer";
				DEFINES_MODULE = NO;
				ENABLE_BITCODE = NO;
				FRAMEWORK_SEARCH_PATHS = (
					"$(PROJECT_DIR)/ShareSDK/extends/QQSDK",
					"$(PROJECT_DIR)/ShareSDK",
					"$(PROJECT_DIR)/Bahamut/ShareSDK/Connection",
					"$(PROJECT_DIR)/Bahamut/ShareSDK/Core",
					"$(PROJECT_DIR)/Bahamut/ShareSDK/Extend/QQConnectSDK",
					"$(PROJECT_DIR)/Bahamut/ShareSDK",
					"$(PROJECT_DIR)/Bahamut/ShareSDK/UI",
				);
				INFOPLIST_FILE = Bahamut/Info.plist;
				IPHONEOS_DEPLOYMENT_TARGET = 8.0;
				LD_RUNPATH_SEARCH_PATHS = "$(inherited) @executable_path/Frameworks";
				LIBRARY_SEARCH_PATHS = (
					"$(inherited)",
					"$(SDKROOT)/usr/lib/system",
					"$(PROJECT_DIR)/ShareSDK/extends/SinaWeiboSDK",
					"$(PROJECT_DIR)/ShareSDK/extends/WeChatSDK",
					"$(PROJECT_DIR)/Bahamut/ShareSDK/Extend/SinaWeiboSDK",
					"$(PROJECT_DIR)/Bahamut/ShareSDK/Extend/WeChatSDK",
				);
				OTHER_LDFLAGS = (
					"$(inherited)",
					"-framework",
					"\"Alamofire\"",
					"-framework",
					"\"EVReflection\"",
					"-framework",
					"\"MJRefresh\"",
					"-framework",
					"\"PBJVision\"",
					"-ObjC",
				);
				PRODUCT_BUNDLE_IDENTIFIER = com.bahamut.sharelink;
				PRODUCT_MODULE_NAME = Bahamut;
				PRODUCT_NAME = "$(TARGET_NAME)";
				PROVISIONING_PROFILE = "";
				SDKROOT = iphoneos;
				SWIFT_OBJC_BRIDGING_HEADER = "/Users/alexchow/GitHub/bahamut/Bahamut/Bahamut/Bahamut-Bridging-Header.h";
				SWIFT_OBJC_INTERFACE_HEADER_NAME = "";
				TARGETED_DEVICE_FAMILY = 1;
				VALID_ARCHS = "arm64 armv7 armv7s x86_64 i386";
			};
			name = Release;
		};
/* End XCBuildConfiguration section */

/* Begin XCConfigurationList section */
		E7A62FDB1B6609A500F28D73 /* Build configuration list for PBXProject "Bahamut" */ = {
			isa = XCConfigurationList;
			buildConfigurations = (
				E7A630001B6609A500F28D73 /* Debug */,
				E7A630011B6609A500F28D73 /* Release */,
			);
			defaultConfigurationIsVisible = 0;
			defaultConfigurationName = Release;
		};
		E7A630021B6609A500F28D73 /* Build configuration list for PBXNativeTarget "Bahamut" */ = {
			isa = XCConfigurationList;
			buildConfigurations = (
				E7A630031B6609A500F28D73 /* Debug */,
				E7A630041B6609A500F28D73 /* Release */,
			);
			defaultConfigurationIsVisible = 0;
			defaultConfigurationName = Release;
		};
/* End XCConfigurationList section */

/* Begin XCVersionGroup section */
		E717CC371B725D5200B19D9D /* Bahamut.xcdatamodeld */ = {
			isa = XCVersionGroup;
			children = (
				E717CC381B725D5200B19D9D /* Bahamut.xcdatamodel */,
			);
			currentVersion = E717CC381B725D5200B19D9D /* Bahamut.xcdatamodel */;
			path = Bahamut.xcdatamodeld;
			sourceTree = "<group>";
			versionGroupType = wrapper.xcdatamodel;
		};
/* End XCVersionGroup section */
	};
	rootObject = E7A62FD81B6609A500F28D73 /* Project object */;
}
