PODS:
  - Alamofire (2.0.2)
  - BBBadgeBarButtonItem (1.1)
  - EVReflection (2.6.0)
  - MJRefresh (2.4.9)
  - PBJVision (0.4.2)

DEPENDENCIES:
  - Alamofire (~> 2.0.0)
  - BBBadgeBarButtonItem
  - EVReflection (from `https://github.com/evermeer/EVReflection.git`, branch `Swift2`)
  - MJRefresh
  - PBJVision

EXTERNAL SOURCES:
  EVReflection:
    :branch: Swift2
    :git: https://github.com/evermeer/EVReflection.git

CHECKOUT OPTIONS:
  EVReflection:
    :commit: 435644cbfd049ea20ee5e64ca3b316e42fc48a93
    :git: https://github.com/evermeer/EVReflection.git

SPEC CHECKSUMS:
  Alamofire: 8edbab00802a752bb5240cc2abe70e7e881488ad
  BBBadgeBarButtonItem: 958744e7c429e467b14af983040dbaae105b3355
  EVReflection: e8f562eaa015ae14a4a2af640d06b6e89c0a925c
  MJRefresh: be84acb912d0a66364f76a75426698a39528e2ed
  PBJVision: fe43c9a58bb1c1277d16fd802fa836d25e034a45

COCOAPODS: 0.39.0
